// !$*UTF8*$!
{
	archiveVersion = 1;
	classes = {
	};
	objectVersion = 55;
	objects = {

/* Begin PBXBuildFile section */
		588DC4FE28231162004F6F1A /* iExpenseApp.swift in Sources */ = {isa = PBXBuildFile; fileRef = 588DC4FD28231162004F6F1A /* iExpenseApp.swift */; };
		588DC50028231162004F6F1A /* ContentView.swift in Sources */ = {isa = PBXBuildFile; fileRef = 588DC4FF28231162004F6F1A /* ContentView.swift */; };
		588DC50228231168004F6F1A /* Assets.xcassets in Resources */ = {isa = PBXBuildFile; fileRef = 588DC50128231168004F6F1A /* Assets.xcassets */; };
		588DC50528231168004F6F1A /* Preview Assets.xcassets in Resources */ = {isa = PBXBuildFile; fileRef = 588DC50428231168004F6F1A /* Preview Assets.xcassets */; };
		588DC50C28232066004F6F1A /* SheetExampleView.swift in Sources */ = {isa = PBXBuildFile; fileRef = 588DC50B28232066004F6F1A /* SheetExampleView.swift */; };
		588DC50E282325D3004F6F1A /* DeleteFromListExampleView.swift in Sources */ = {isa = PBXBuildFile; fileRef = 588DC50D282325D3004F6F1A /* DeleteFromListExampleView.swift */; };
		588DC51028232B2F004F6F1A /* ObservedObjectExampleView.swift in Sources */ = {isa = PBXBuildFile; fileRef = 588DC50F28232B2F004F6F1A /* ObservedObjectExampleView.swift */; };
		588DC51328232D6E004F6F1A /* UserDefaultsExampleView.swift in Sources */ = {isa = PBXBuildFile; fileRef = 588DC51228232D6E004F6F1A /* UserDefaultsExampleView.swift */; };
		588DC515282330E0004F6F1A /* CodableExampleView.swift in Sources */ = {isa = PBXBuildFile; fileRef = 588DC514282330E0004F6F1A /* CodableExampleView.swift */; };
		588DC51728246EF9004F6F1A /* ExpenseItem.swift in Sources */ = {isa = PBXBuildFile; fileRef = 588DC51628246EF9004F6F1A /* ExpenseItem.swift */; };
		588DC51928246FB5004F6F1A /* Expenses.swift in Sources */ = {isa = PBXBuildFile; fileRef = 588DC51828246FB5004F6F1A /* Expenses.swift */; };
		588DC51B28247702004F6F1A /* AddView.swift in Sources */ = {isa = PBXBuildFile; fileRef = 588DC51A28247702004F6F1A /* AddView.swift */; };
		588DC51D2826665F004F6F1A /* PreferredCurrency.swift in Sources */ = {isa = PBXBuildFile; fileRef = 588DC51C2826665F004F6F1A /* PreferredCurrency.swift */; };
/* End PBXBuildFile section */

/* Begin PBXFileReference section */
		588DC4FA28231162004F6F1A /* iExpense.app */ = {isa = PBXFileReference; explicitFileType = wrapper.application; includeInIndex = 0; path = iExpense.app; sourceTree = BUILT_PRODUCTS_DIR; };
		588DC4FD28231162004F6F1A /* iExpenseApp.swift */ = {isa = PBXFileReference; lastKnownFileType = sourcecode.swift; path = iExpenseApp.swift; sourceTree = "<group>"; };
		588DC4FF28231162004F6F1A /* ContentView.swift */ = {isa = PBXFileReference; lastKnownFileType = sourcecode.swift; path = ContentView.swift; sourceTree = "<group>"; };
		588DC50128231168004F6F1A /* Assets.xcassets */ = {isa = PBXFileReference; lastKnownFileType = folder.assetcatalog; path = Assets.xcassets; sourceTree = "<group>"; };
		588DC50428231168004F6F1A /* Preview Assets.xcassets */ = {isa = PBXFileReference; lastKnownFileType = folder.assetcatalog; path = "Preview Assets.xcassets"; sourceTree = "<group>"; };
		588DC50B28232066004F6F1A /* SheetExampleView.swift */ = {isa = PBXFileReference; lastKnownFileType = sourcecode.swift; path = SheetExampleView.swift; sourceTree = "<group>"; };
		588DC50D282325D3004F6F1A /* DeleteFromListExampleView.swift */ = {isa = PBXFileReference; lastKnownFileType = sourcecode.swift; path = DeleteFromListExampleView.swift; sourceTree = "<group>"; };
		588DC50F28232B2F004F6F1A /* ObservedObjectExampleView.swift */ = {isa = PBXFileReference; lastKnownFileType = sourcecode.swift; path = ObservedObjectExampleView.swift; sourceTree = "<group>"; };
		588DC51228232D6E004F6F1A /* UserDefaultsExampleView.swift */ = {isa = PBXFileReference; lastKnownFileType = sourcecode.swift; path = UserDefaultsExampleView.swift; sourceTree = "<group>"; };
		588DC514282330E0004F6F1A /* CodableExampleView.swift */ = {isa = PBXFileReference; lastKnownFileType = sourcecode.swift; path = CodableExampleView.swift; sourceTree = "<group>"; };
		588DC51628246EF9004F6F1A /* ExpenseItem.swift */ = {isa = PBXFileReference; lastKnownFileType = sourcecode.swift; path = ExpenseItem.swift; sourceTree = "<group>"; };
		588DC51828246FB5004F6F1A /* Expenses.swift */ = {isa = PBXFileReference; lastKnownFileType = sourcecode.swift; path = Expenses.swift; sourceTree = "<group>"; };
		588DC51A28247702004F6F1A /* AddView.swift */ = {isa = PBXFileReference; lastKnownFileType = sourcecode.swift; path = AddView.swift; sourceTree = "<group>"; };
		588DC51C2826665F004F6F1A /* PreferredCurrency.swift */ = {isa = PBXFileReference; lastKnownFileType = sourcecode.swift; path = PreferredCurrency.swift; sourceTree = "<group>"; };
/* End PBXFileReference section */

/* Begin PBXFrameworksBuildPhase section */
		588DC4F728231162004F6F1A /* Frameworks */ = {
			isa = PBXFrameworksBuildPhase;
			buildActionMask = 2147483647;
			files = (
			);
			runOnlyForDeploymentPostprocessing = 0;
		};
/* End PBXFrameworksBuildPhase section */

/* Begin PBXGroup section */
		588DC4F128231162004F6F1A = {
			isa = PBXGroup;
			children = (
				588DC4FC28231162004F6F1A /* iExpense */,
				588DC4FB28231162004F6F1A /* Products */,
			);
			sourceTree = "<group>";
		};
		588DC4FB28231162004F6F1A /* Products */ = {
			isa = PBXGroup;
			children = (
				588DC4FA28231162004F6F1A /* iExpense.app */,
			);
			name = Products;
			sourceTree = "<group>";
		};
		588DC4FC28231162004F6F1A /* iExpense */ = {
			isa = PBXGroup;
			children = (
				588DC4FD28231162004F6F1A /* iExpenseApp.swift */,
				588DC4FF28231162004F6F1A /* ContentView.swift */,
				588DC51A28247702004F6F1A /* AddView.swift */,
				588DC50128231168004F6F1A /* Assets.xcassets */,
				588DC50328231168004F6F1A /* Preview Content */,
				588DC51128232D54004F6F1A /* Lessons */,
				588DC51628246EF9004F6F1A /* ExpenseItem.swift */,
				588DC51828246FB5004F6F1A /* Expenses.swift */,
				588DC51C2826665F004F6F1A /* PreferredCurrency.swift */,
			);
			path = iExpense;
			sourceTree = "<group>";
		};
		588DC50328231168004F6F1A /* Preview Content */ = {
			isa = PBXGroup;
			children = (
				588DC50428231168004F6F1A /* Preview Assets.xcassets */,
			);
			path = "Preview Content";
			sourceTree = "<group>";
		};
		588DC51128232D54004F6F1A /* Lessons */ = {
			isa = PBXGroup;
			children = (
				588DC50B28232066004F6F1A /* SheetExampleView.swift */,
				588DC50D282325D3004F6F1A /* DeleteFromListExampleView.swift */,
				588DC50F28232B2F004F6F1A /* ObservedObjectExampleView.swift */,
				588DC51228232D6E004F6F1A /* UserDefaultsExampleView.swift */,
				588DC514282330E0004F6F1A /* CodableExampleView.swift */,
			);
			path = Lessons;
			sourceTree = "<group>";
		};
/* End PBXGroup section */

/* Begin PBXNativeTarget section */
		588DC4F928231162004F6F1A /* iExpense */ = {
			isa = PBXNativeTarget;
			buildConfigurationList = 588DC50828231168004F6F1A /* Build configuration list for PBXNativeTarget "iExpense" */;
			buildPhases = (
				588DC4F628231162004F6F1A /* Sources */,
				588DC4F728231162004F6F1A /* Frameworks */,
				588DC4F828231162004F6F1A /* Resources */,
			);
			buildRules = (
			);
			dependencies = (
			);
			name = iExpense;
			productName = iExpense;
			productReference = 588DC4FA28231162004F6F1A /* iExpense.app */;
			productType = "com.apple.product-type.application";
		};
/* End PBXNativeTarget section */

/* Begin PBXProject section */
		588DC4F228231162004F6F1A /* Project object */ = {
			isa = PBXProject;
			attributes = {
				BuildIndependentTargetsInParallel = 1;
				LastSwiftUpdateCheck = 1330;
				LastUpgradeCheck = 1330;
				TargetAttributes = {
					588DC4F928231162004F6F1A = {
						CreatedOnToolsVersion = 13.3;
					};
				};
			};
			buildConfigurationList = 588DC4F528231162004F6F1A /* Build configuration list for PBXProject "iExpense" */;
			compatibilityVersion = "Xcode 13.0";
			developmentRegion = en;
			hasScannedForEncodings = 0;
			knownRegions = (
				en,
				Base,
			);
			mainGroup = 588DC4F128231162004F6F1A;
			productRefGroup = 588DC4FB28231162004F6F1A /* Products */;
			projectDirPath = "";
			projectRoot = "";
			targets = (
				588DC4F928231162004F6F1A /* iExpense */,
			);
		};
/* End PBXProject section */

/* Begin PBXResourcesBuildPhase section */
		588DC4F828231162004F6F1A /* Resources */ = {
			isa = PBXResourcesBuildPhase;
			buildActionMask = 2147483647;
			files = (
				588DC50528231168004F6F1A /* Preview Assets.xcassets in Resources */,
				588DC50228231168004F6F1A /* Assets.xcassets in Resources */,
			);
			runOnlyForDeploymentPostprocessing = 0;
		};
/* End PBXResourcesBuildPhase section */

/* Begin PBXSourcesBuildPhase section */
		588DC4F628231162004F6F1A /* Sources */ = {
			isa = PBXSourcesBuildPhase;
			buildActionMask = 2147483647;
			files = (
				588DC50E282325D3004F6F1A /* DeleteFromListExampleView.swift in Sources */,
				588DC515282330E0004F6F1A /* CodableExampleView.swift in Sources */,
				588DC51B28247702004F6F1A /* AddView.swift in Sources */,
				588DC50C28232066004F6F1A /* SheetExampleView.swift in Sources */,
				588DC51D2826665F004F6F1A /* PreferredCurrency.swift in Sources */,
				588DC51728246EF9004F6F1A /* ExpenseItem.swift in Sources */,
				588DC51028232B2F004F6F1A /* ObservedObjectExampleView.swift in Sources */,
				588DC50028231162004F6F1A /* ContentView.swift in Sources */,
				588DC51928246FB5004F6F1A /* Expenses.swift in Sources */,
				588DC51328232D6E004F6F1A /* UserDefaultsExampleView.swift in Sources */,
				588DC4FE28231162004F6F1A /* iExpenseApp.swift in Sources */,
			);
			runOnlyForDeploymentPostprocessing = 0;
		};
/* End PBXSourcesBuildPhase section */

/* Begin XCBuildConfiguration section */
		588DC50628231168004F6F1A /* Debug */ = {
			isa = XCBuildConfiguration;
			buildSettings = {
				ALWAYS_SEARCH_USER_PATHS = NO;
				CLANG_ANALYZER_NONNULL = YES;
				CLANG_ANALYZER_NUMBER_OBJECT_CONVERSION = YES_AGGRESSIVE;
				CLANG_CXX_LANGUAGE_STANDARD = "gnu++17";
				CLANG_ENABLE_MODULES = YES;
				CLANG_ENABLE_OBJC_ARC = YES;
				CLANG_ENABLE_OBJC_WEAK = YES;
				CLANG_WARN_BLOCK_CAPTURE_AUTORELEASING = YES;
				CLANG_WARN_BOOL_CONVERSION = YES;
				CLANG_WARN_COMMA = YES;
				CLANG_WARN_CONSTANT_CONVERSION = YES;
				CLANG_WARN_DEPRECATED_OBJC_IMPLEMENTATIONS = YES;
				CLANG_WARN_DIRECT_OBJC_ISA_USAGE = YES_ERROR;
				CLANG_WARN_DOCUMENTATION_COMMENTS = YES;
				CLANG_WARN_EMPTY_BODY = YES;
				CLANG_WARN_ENUM_CONVERSION = YES;
				CLANG_WARN_INFINITE_RECURSION = YES;
				CLANG_WARN_INT_CONVERSION = YES;
				CLANG_WARN_NON_LITERAL_NULL_CONVERSION = YES;
				CLANG_WARN_OBJC_IMPLICIT_RETAIN_SELF = YES;
				CLANG_WARN_OBJC_LITERAL_CONVERSION = YES;
				CLANG_WARN_OBJC_ROOT_CLASS = YES_ERROR;
				CLANG_WARN_QUOTED_INCLUDE_IN_FRAMEWORK_HEADER = YES;
				CLANG_WARN_RANGE_LOOP_ANALYSIS = YES;
				CLANG_WARN_STRICT_PROTOTYPES = YES;
				CLANG_WARN_SUSPICIOUS_MOVE = YES;
				CLANG_WARN_UNGUARDED_AVAILABILITY = YES_AGGRESSIVE;
				CLANG_WARN_UNREACHABLE_CODE = YES;
				CLANG_WARN__DUPLICATE_METHOD_MATCH = YES;
				COPY_PHASE_STRIP = NO;
				DEBUG_INFORMATION_FORMAT = dwarf;
				ENABLE_STRICT_OBJC_MSGSEND = YES;
				ENABLE_TESTABILITY = YES;
				GCC_C_LANGUAGE_STANDARD = gnu11;
				GCC_DYNAMIC_NO_PIC = NO;
				GCC_NO_COMMON_BLOCKS = YES;
				GCC_OPTIMIZATION_LEVEL = 0;
				GCC_PREPROCESSOR_DEFINITIONS = (
					"DEBUG=1",
					"$(inherited)",
				);
				GCC_WARN_64_TO_32_BIT_CONVERSION = YES;
				GCC_WARN_ABOUT_RETURN_TYPE = YES_ERROR;
				GCC_WARN_UNDECLARED_SELECTOR = YES;
				GCC_WARN_UNINITIALIZED_AUTOS = YES_AGGRESSIVE;
				GCC_WARN_UNUSED_FUNCTION = YES;
				GCC_WARN_UNUSED_VARIABLE = YES;
				IPHONEOS_DEPLOYMENT_TARGET = 15.4;
				MTL_ENABLE_DEBUG_INFO = INCLUDE_SOURCE;
				MTL_FAST_MATH = YES;
				ONLY_ACTIVE_ARCH = YES;
				SDKROOT = iphoneos;
				SWIFT_ACTIVE_COMPILATION_CONDITIONS = DEBUG;
				SWIFT_OPTIMIZATION_LEVEL = "-Onone";
			};
			name = Debug;
		};
		588DC50728231168004F6F1A /* Release */ = {
			isa = XCBuildConfiguration;
			buildSettings = {
				ALWAYS_SEARCH_USER_PATHS = NO;
				CLANG_ANALYZER_NONNULL = YES;
				CLANG_ANALYZER_NUMBER_OBJECT_CONVERSION = YES_AGGRESSIVE;
				CLANG_CXX_LANGUAGE_STANDARD = "gnu++17";
				CLANG_ENABLE_MODULES = YES;
				CLANG_ENABLE_OBJC_ARC = YES;
				CLANG_ENABLE_OBJC_WEAK = YES;
				CLANG_WARN_BLOCK_CAPTURE_AUTORELEASING = YES;
				CLANG_WARN_BOOL_CONVERSION = YES;
				CLANG_WARN_COMMA = YES;
				CLANG_WARN_CONSTANT_CONVERSION = YES;
				CLANG_WARN_DEPRECATED_OBJC_IMPLEMENTATIONS = YES;
				CLANG_WARN_DIRECT_OBJC_ISA_USAGE = YES_ERROR;
				CLANG_WARN_DOCUMENTATION_COMMENTS = YES;
				CLANG_WARN_EMPTY_BODY = YES;
				CLANG_WARN_ENUM_CONVERSION = YES;
				CLANG_WARN_INFINITE_RECURSION = YES;
				CLANG_WARN_INT_CONVERSION = YES;
				CLANG_WARN_NON_LITERAL_NULL_CONVERSION = YES;
				CLANG_WARN_OBJC_IMPLICIT_RETAIN_SELF = YES;
				CLANG_WARN_OBJC_LITERAL_CONVERSION = YES;
				CLANG_WARN_OBJC_ROOT_CLASS = YES_ERROR;
				CLANG_WARN_QUOTED_INCLUDE_IN_FRAMEWORK_HEADER = YES;
				CLANG_WARN_RANGE_LOOP_ANALYSIS = YES;
				CLANG_WARN_STRICT_PROTOTYPES = YES;
				CLANG_WARN_SUSPICIOUS_MOVE = YES;
				CLANG_WARN_UNGUARDED_AVAILABILITY = YES_AGGRESSIVE;
				CLANG_WARN_UNREACHABLE_CODE = YES;
				CLANG_WARN__DUPLICATE_METHOD_MATCH = YES;
				COPY_PHASE_STRIP = NO;
				DEBUG_INFORMATION_FORMAT = "dwarf-with-dsym";
				ENABLE_NS_ASSERTIONS = NO;
				ENABLE_STRICT_OBJC_MSGSEND = YES;
				GCC_C_LANGUAGE_STANDARD = gnu11;
				GCC_NO_COMMON_BLOCKS = YES;
				GCC_WARN_64_TO_32_BIT_CONVERSION = YES;
				GCC_WARN_ABOUT_RETURN_TYPE = YES_ERROR;
				GCC_WARN_UNDECLARED_SELECTOR = YES;
				GCC_WARN_UNINITIALIZED_AUTOS = YES_AGGRESSIVE;
				GCC_WARN_UNUSED_FUNCTION = YES;
				GCC_WARN_UNUSED_VARIABLE = YES;
				IPHONEOS_DEPLOYMENT_TARGET = 15.4;
				MTL_ENABLE_DEBUG_INFO = NO;
				MTL_FAST_MATH = YES;
				SDKROOT = iphoneos;
				SWIFT_COMPILATION_MODE = wholemodule;
				SWIFT_OPTIMIZATION_LEVEL = "-O";
				VALIDATE_PRODUCT = YES;
			};
			name = Release;
		};
		588DC50928231168004F6F1A /* Debug */ = {
			isa = XCBuildConfiguration;
			buildSettings = {
				ASSETCATALOG_COMPILER_APPICON_NAME = AppIcon;
				ASSETCATALOG_COMPILER_GLOBAL_ACCENT_COLOR_NAME = AccentColor;
				CODE_SIGN_STYLE = Automatic;
				CURRENT_PROJECT_VERSION = 1;
				DEVELOPMENT_ASSET_PATHS = "\"iExpense/Preview Content\"";
				DEVELOPMENT_TEAM = SR5D6FC58T;
				ENABLE_PREVIEWS = YES;
				GENERATE_INFOPLIST_FILE = YES;
				INFOPLIST_KEY_UIApplicationSceneManifest_Generation = YES;
				INFOPLIST_KEY_UIApplicationSupportsIndirectInputEvents = YES;
				INFOPLIST_KEY_UILaunchScreen_Generation = YES;
				INFOPLIST_KEY_UISupportedInterfaceOrientations_iPad = "UIInterfaceOrientationPortrait UIInterfaceOrientationPortraitUpsideDown UIInterfaceOrientationLandscapeLeft UIInterfaceOrientationLandscapeRight";
				INFOPLIST_KEY_UISupportedInterfaceOrientations_iPhone = "UIInterfaceOrientationPortrait UIInterfaceOrientationLandscapeLeft UIInterfaceOrientationLandscapeRight";
				LD_RUNPATH_SEARCH_PATHS = (
					"$(inherited)",
					"@executable_path/Frameworks",
				);
				MARKETING_VERSION = 1.0;
				PRODUCT_BUNDLE_IDENTIFIER = name.kayley.iExpense;
				PRODUCT_NAME = "$(TARGET_NAME)";
				SWIFT_EMIT_LOC_STRINGS = YES;
				SWIFT_VERSION = 5.0;
				TARGETED_DEVICE_FAMILY = "1,2";
			};
			name = Debug;
		};
		588DC50A28231168004F6F1A /* Release */ = {
			isa = XCBuildConfiguration;
			buildSettings = {
				ASSETCATALOG_COMPILER_APPICON_NAME = AppIcon;
				ASSETCATALOG_COMPILER_GLOBAL_ACCENT_COLOR_NAME = AccentColor;
				CODE_SIGN_STYLE = Automatic;
				CURRENT_PROJECT_VERSION = 1;
				DEVELOPMENT_ASSET_PATHS = "\"iExpense/Preview Content\"";
				DEVELOPMENT_TEAM = SR5D6FC58T;
				ENABLE_PREVIEWS = YES;
				GENERATE_INFOPLIST_FILE = YES;
				INFOPLIST_KEY_UIApplicationSceneManifest_Generation = YES;
				INFOPLIST_KEY_UIApplicationSupportsIndirectInputEvents = YES;
				INFOPLIST_KEY_UILaunchScreen_Generation = YES;
				INFOPLIST_KEY_UISupportedInterfaceOrientations_iPad = "UIInterfaceOrientationPortrait UIInterfaceOrientationPortraitUpsideDown UIInterfaceOrientationLandscapeLeft UIInterfaceOrientationLandscapeRight";
				INFOPLIST_KEY_UISupportedInterfaceOrientations_iPhone = "UIInterfaceOrientationPortrait UIInterfaceOrientationLandscapeLeft UIInterfaceOrientationLandscapeRight";
				LD_RUNPATH_SEARCH_PATHS = (
					"$(inherited)",
					"@executable_path/Frameworks",
				);
				MARKETING_VERSION = 1.0;
				PRODUCT_BUNDLE_IDENTIFIER = name.kayley.iExpense;
				PRODUCT_NAME = "$(TARGET_NAME)";
				SWIFT_EMIT_LOC_STRINGS = YES;
				SWIFT_VERSION = 5.0;
				TARGETED_DEVICE_FAMILY = "1,2";
			};
			name = Release;
		};
/* End XCBuildConfiguration section */

/* Begin XCConfigurationList section */
		588DC4F528231162004F6F1A /* Build configuration list for PBXProject "iExpense" */ = {
			isa = XCConfigurationList;
			buildConfigurations = (
				588DC50628231168004F6F1A /* Debug */,
				588DC50728231168004F6F1A /* Release */,
			);
			defaultConfigurationIsVisible = 0;
			defaultConfigurationName = Release;
		};
		588DC50828231168004F6F1A /* Build configuration list for PBXNativeTarget "iExpense" */ = {
			isa = XCConfigurationList;
			buildConfigurations = (
				588DC50928231168004F6F1A /* Debug */,
				588DC50A28231168004F6F1A /* Release */,
			);
			defaultConfigurationIsVisible = 0;
			defaultConfigurationName = Release;
		};
/* End XCConfigurationList section */
	};
	rootObject = 588DC4F228231162004F6F1A /* Project object */;
}
