// !$*UTF8*$!
{
	archiveVersion = 1;
	classes = {
	};
	objectVersion = 56;
	objects = {

/* Begin PBXBuildFile section */
		5880D7B7290D5D520081C6D7 /* Facility.swift in Sources */ = {isa = PBXBuildFile; fileRef = 5880D7B6290D5D520081C6D7 /* Facility.swift */; };
		5880D7B9290D64610081C6D7 /* Favorites.swift in Sources */ = {isa = PBXBuildFile; fileRef = 5880D7B8290D64610081C6D7 /* Favorites.swift */; };
		589D17CC2909C5DB00AB001C /* SnowSeekerApp.swift in Sources */ = {isa = PBXBuildFile; fileRef = 589D17CB2909C5DB00AB001C /* SnowSeekerApp.swift */; };
		589D17CE2909C5DB00AB001C /* ContentView.swift in Sources */ = {isa = PBXBuildFile; fileRef = 589D17CD2909C5DB00AB001C /* ContentView.swift */; };
		589D17D02909C5E500AB001C /* Assets.xcassets in Resources */ = {isa = PBXBuildFile; fileRef = 589D17CF2909C5E500AB001C /* Assets.xcassets */; };
		589D17D32909C5E500AB001C /* Preview Assets.xcassets in Resources */ = {isa = PBXBuildFile; fileRef = 589D17D22909C5E500AB001C /* Preview Assets.xcassets */; };
		589D17DB2909CDEC00AB001C /* GroupsAsContainers.swift in Sources */ = {isa = PBXBuildFile; fileRef = 589D17DA2909CDEC00AB001C /* GroupsAsContainers.swift */; };
		589D17DE2909CEC700AB001C /* Searchable.swift in Sources */ = {isa = PBXBuildFile; fileRef = 589D17DD2909CEC700AB001C /* Searchable.swift */; };
		589D17E0290B265A00AB001C /* MasterDetail.swift in Sources */ = {isa = PBXBuildFile; fileRef = 589D17DF290B265A00AB001C /* MasterDetail.swift */; };
		589D17E2290B278200AB001C /* resorts.json in Resources */ = {isa = PBXBuildFile; fileRef = 589D17E1290B278200AB001C /* resorts.json */; };
		589D17E4290B27F800AB001C /* Resort.swift in Sources */ = {isa = PBXBuildFile; fileRef = 589D17E3290B27F800AB001C /* Resort.swift */; };
		58E35FFF290B2A4700364E5A /* Bundle+Decodable.swift in Sources */ = {isa = PBXBuildFile; fileRef = 58E35FFE290B2A4700364E5A /* Bundle+Decodable.swift */; };
		58E36001290B2A9B00364E5A /* Resort+Preview.swift in Sources */ = {isa = PBXBuildFile; fileRef = 58E36000290B2A9B00364E5A /* Resort+Preview.swift */; };
		58E36003290B2F9400364E5A /* WelcomeView.swift in Sources */ = {isa = PBXBuildFile; fileRef = 58E36002290B2F9400364E5A /* WelcomeView.swift */; };
		58E36005290B30CD00364E5A /* View+PhoneOnlyStackView.swift in Sources */ = {isa = PBXBuildFile; fileRef = 58E36004290B30CD00364E5A /* View+PhoneOnlyStackView.swift */; };
		58E36007290B317100364E5A /* ResortView.swift in Sources */ = {isa = PBXBuildFile; fileRef = 58E36006290B317100364E5A /* ResortView.swift */; };
		58E36009290B336200364E5A /* SkiDetailsView.swift in Sources */ = {isa = PBXBuildFile; fileRef = 58E36008290B336200364E5A /* SkiDetailsView.swift */; };
		58E3600B290B33D200364E5A /* ResortDetailsView.swift in Sources */ = {isa = PBXBuildFile; fileRef = 58E3600A290B33D200364E5A /* ResortDetailsView.swift */; };
/* End PBXBuildFile section */

/* Begin PBXFileReference section */
		5880D7B6290D5D520081C6D7 /* Facility.swift */ = {isa = PBXFileReference; lastKnownFileType = sourcecode.swift; path = Facility.swift; sourceTree = "<group>"; };
		5880D7B8290D64610081C6D7 /* Favorites.swift */ = {isa = PBXFileReference; lastKnownFileType = sourcecode.swift; path = Favorites.swift; sourceTree = "<group>"; };
		589D17C82909C5DB00AB001C /* SnowSeeker.app */ = {isa = PBXFileReference; explicitFileType = wrapper.application; includeInIndex = 0; path = SnowSeeker.app; sourceTree = BUILT_PRODUCTS_DIR; };
		589D17CB2909C5DB00AB001C /* SnowSeekerApp.swift */ = {isa = PBXFileReference; lastKnownFileType = sourcecode.swift; path = SnowSeekerApp.swift; sourceTree = "<group>"; };
		589D17CD2909C5DB00AB001C /* ContentView.swift */ = {isa = PBXFileReference; lastKnownFileType = sourcecode.swift; path = ContentView.swift; sourceTree = "<group>"; };
		589D17CF2909C5E500AB001C /* Assets.xcassets */ = {isa = PBXFileReference; lastKnownFileType = folder.assetcatalog; path = Assets.xcassets; sourceTree = "<group>"; };
		589D17D22909C5E500AB001C /* Preview Assets.xcassets */ = {isa = PBXFileReference; lastKnownFileType = folder.assetcatalog; path = "Preview Assets.xcassets"; sourceTree = "<group>"; };
		589D17DA2909CDEC00AB001C /* GroupsAsContainers.swift */ = {isa = PBXFileReference; lastKnownFileType = sourcecode.swift; path = GroupsAsContainers.swift; sourceTree = "<group>"; };
		589D17DD2909CEC700AB001C /* Searchable.swift */ = {isa = PBXFileReference; lastKnownFileType = sourcecode.swift; path = Searchable.swift; sourceTree = "<group>"; };
		589D17DF290B265A00AB001C /* MasterDetail.swift */ = {isa = PBXFileReference; lastKnownFileType = sourcecode.swift; path = MasterDetail.swift; sourceTree = "<group>"; };
		589D17E1290B278200AB001C /* resorts.json */ = {isa = PBXFileReference; fileEncoding = 4; lastKnownFileType = text.json; path = resorts.json; sourceTree = "<group>"; };
		589D17E3290B27F800AB001C /* Resort.swift */ = {isa = PBXFileReference; lastKnownFileType = sourcecode.swift; path = Resort.swift; sourceTree = "<group>"; };
		58E35FFE290B2A4700364E5A /* Bundle+Decodable.swift */ = {isa = PBXFileReference; lastKnownFileType = sourcecode.swift; path = "Bundle+Decodable.swift"; sourceTree = "<group>"; };
		58E36000290B2A9B00364E5A /* Resort+Preview.swift */ = {isa = PBXFileReference; lastKnownFileType = sourcecode.swift; path = "Resort+Preview.swift"; sourceTree = "<group>"; };
		58E36002290B2F9400364E5A /* WelcomeView.swift */ = {isa = PBXFileReference; lastKnownFileType = sourcecode.swift; path = WelcomeView.swift; sourceTree = "<group>"; };
		58E36004290B30CD00364E5A /* View+PhoneOnlyStackView.swift */ = {isa = PBXFileReference; lastKnownFileType = sourcecode.swift; path = "View+PhoneOnlyStackView.swift"; sourceTree = "<group>"; };
		58E36006290B317100364E5A /* ResortView.swift */ = {isa = PBXFileReference; lastKnownFileType = sourcecode.swift; path = ResortView.swift; sourceTree = "<group>"; };
		58E36008290B336200364E5A /* SkiDetailsView.swift */ = {isa = PBXFileReference; lastKnownFileType = sourcecode.swift; path = SkiDetailsView.swift; sourceTree = "<group>"; };
		58E3600A290B33D200364E5A /* ResortDetailsView.swift */ = {isa = PBXFileReference; lastKnownFileType = sourcecode.swift; path = ResortDetailsView.swift; sourceTree = "<group>"; };
/* End PBXFileReference section */

/* Begin PBXFrameworksBuildPhase section */
		589D17C52909C5DB00AB001C /* Frameworks */ = {
			isa = PBXFrameworksBuildPhase;
			buildActionMask = 2147483647;
			files = (
			);
			runOnlyForDeploymentPostprocessing = 0;
		};
/* End PBXFrameworksBuildPhase section */

/* Begin PBXGroup section */
		589D17BF2909C5DA00AB001C = {
			isa = PBXGroup;
			children = (
				589D17C92909C5DB00AB001C /* Products */,
				589D17CA2909C5DB00AB001C /* SnowSeeker */,
			);
			sourceTree = "<group>";
		};
		589D17C92909C5DB00AB001C /* Products */ = {
			isa = PBXGroup;
			children = (
				589D17C82909C5DB00AB001C /* SnowSeeker.app */,
			);
			name = Products;
			sourceTree = "<group>";
		};
		589D17CA2909C5DB00AB001C /* SnowSeeker */ = {
			isa = PBXGroup;
			children = (
				589D17CB2909C5DB00AB001C /* SnowSeekerApp.swift */,
				589D17CF2909C5E500AB001C /* Assets.xcassets */,
				589D17E7290B283D00AB001C /* Data */,
				589D17D92909CDD000AB001C /* Learning */,
				589D17E6290B281D00AB001C /* Model */,
				589D17E5290B280900AB001C /* View */,
				58E35FFD290B2A2C00364E5A /* Utils */,
				589D17D12909C5E500AB001C /* Preview Content */,
			);
			path = SnowSeeker;
			sourceTree = "<group>";
		};
		589D17D12909C5E500AB001C /* Preview Content */ = {
			isa = PBXGroup;
			children = (
				589D17D22909C5E500AB001C /* Preview Assets.xcassets */,
				58E36000290B2A9B00364E5A /* Resort+Preview.swift */,
			);
			path = "Preview Content";
			sourceTree = "<group>";
		};
		589D17D92909CDD000AB001C /* Learning */ = {
			isa = PBXGroup;
			children = (
				589D17DA2909CDEC00AB001C /* GroupsAsContainers.swift */,
				589D17DD2909CEC700AB001C /* Searchable.swift */,
				589D17DF290B265A00AB001C /* MasterDetail.swift */,
			);
			path = Learning;
			sourceTree = "<group>";
		};
		589D17E5290B280900AB001C /* View */ = {
			isa = PBXGroup;
			children = (
				589D17CD2909C5DB00AB001C /* ContentView.swift */,
				58E36002290B2F9400364E5A /* WelcomeView.swift */,
				58E36006290B317100364E5A /* ResortView.swift */,
				58E36008290B336200364E5A /* SkiDetailsView.swift */,
				58E3600A290B33D200364E5A /* ResortDetailsView.swift */,
			);
			path = View;
			sourceTree = "<group>";
		};
		589D17E6290B281D00AB001C /* Model */ = {
			isa = PBXGroup;
			children = (
				589D17E3290B27F800AB001C /* Resort.swift */,
				5880D7B6290D5D520081C6D7 /* Facility.swift */,
				5880D7B8290D64610081C6D7 /* Favorites.swift */,
			);
			path = Model;
			sourceTree = "<group>";
		};
		589D17E7290B283D00AB001C /* Data */ = {
			isa = PBXGroup;
			children = (
				589D17E1290B278200AB001C /* resorts.json */,
			);
			path = Data;
			sourceTree = "<group>";
		};
		58E35FFD290B2A2C00364E5A /* Utils */ = {
			isa = PBXGroup;
			children = (
				58E35FFE290B2A4700364E5A /* Bundle+Decodable.swift */,
				58E36004290B30CD00364E5A /* View+PhoneOnlyStackView.swift */,
			);
			path = Utils;
			sourceTree = "<group>";
		};
/* End PBXGroup section */

/* Begin PBXNativeTarget section */
		589D17C72909C5DB00AB001C /* SnowSeeker */ = {
			isa = PBXNativeTarget;
			buildConfigurationList = 589D17D62909C5E500AB001C /* Build configuration list for PBXNativeTarget "SnowSeeker" */;
			buildPhases = (
				589D17C42909C5DB00AB001C /* Sources */,
				589D17C52909C5DB00AB001C /* Frameworks */,
				589D17C62909C5DB00AB001C /* Resources */,
			);
			buildRules = (
			);
			dependencies = (
			);
			name = SnowSeeker;
			productName = SnowSeeker;
			productReference = 589D17C82909C5DB00AB001C /* SnowSeeker.app */;
			productType = "com.apple.product-type.application";
		};
/* End PBXNativeTarget section */

/* Begin PBXProject section */
		589D17C02909C5DA00AB001C /* Project object */ = {
			isa = PBXProject;
			attributes = {
				BuildIndependentTargetsInParallel = 1;
				LastSwiftUpdateCheck = 1400;
				LastUpgradeCheck = 1400;
				TargetAttributes = {
					589D17C72909C5DB00AB001C = {
						CreatedOnToolsVersion = 14.0.1;
					};
				};
			};
			buildConfigurationList = 589D17C32909C5DA00AB001C /* Build configuration list for PBXProject "SnowSeeker" */;
			compatibilityVersion = "Xcode 14.0";
			developmentRegion = en;
			hasScannedForEncodings = 0;
			knownRegions = (
				en,
				Base,
			);
			mainGroup = 589D17BF2909C5DA00AB001C;
			productRefGroup = 589D17C92909C5DB00AB001C /* Products */;
			projectDirPath = "";
			projectRoot = "";
			targets = (
				589D17C72909C5DB00AB001C /* SnowSeeker */,
			);
		};
/* End PBXProject section */

/* Begin PBXResourcesBuildPhase section */
		589D17C62909C5DB00AB001C /* Resources */ = {
			isa = PBXResourcesBuildPhase;
			buildActionMask = 2147483647;
			files = (
				589D17E2290B278200AB001C /* resorts.json in Resources */,
				589D17D32909C5E500AB001C /* Preview Assets.xcassets in Resources */,
				589D17D02909C5E500AB001C /* Assets.xcassets in Resources */,
			);
			runOnlyForDeploymentPostprocessing = 0;
		};
/* End PBXResourcesBuildPhase section */

/* Begin PBXSourcesBuildPhase section */
		589D17C42909C5DB00AB001C /* Sources */ = {
			isa = PBXSourcesBuildPhase;
			buildActionMask = 2147483647;
			files = (
				589D17DB2909CDEC00AB001C /* GroupsAsContainers.swift in Sources */,
				58E35FFF290B2A4700364E5A /* Bundle+Decodable.swift in Sources */,
				589D17DE2909CEC700AB001C /* Searchable.swift in Sources */,
				5880D7B9290D64610081C6D7 /* Favorites.swift in Sources */,
				58E3600B290B33D200364E5A /* ResortDetailsView.swift in Sources */,
				58E36007290B317100364E5A /* ResortView.swift in Sources */,
				58E36001290B2A9B00364E5A /* Resort+Preview.swift in Sources */,
				58E36003290B2F9400364E5A /* WelcomeView.swift in Sources */,
				58E36005290B30CD00364E5A /* View+PhoneOnlyStackView.swift in Sources */,
				58E36009290B336200364E5A /* SkiDetailsView.swift in Sources */,
				589D17CE2909C5DB00AB001C /* ContentView.swift in Sources */,
				589D17E0290B265A00AB001C /* MasterDetail.swift in Sources */,
				589D17E4290B27F800AB001C /* Resort.swift in Sources */,
				5880D7B7290D5D520081C6D7 /* Facility.swift in Sources */,
				589D17CC2909C5DB00AB001C /* SnowSeekerApp.swift in Sources */,
			);
			runOnlyForDeploymentPostprocessing = 0;
		};
/* End PBXSourcesBuildPhase section */

/* Begin XCBuildConfiguration section */
		589D17D42909C5E500AB001C /* Debug */ = {
			isa = XCBuildConfiguration;
			buildSettings = {
				ALWAYS_SEARCH_USER_PATHS = NO;
				CLANG_ANALYZER_NONNULL = YES;
				CLANG_ANALYZER_NUMBER_OBJECT_CONVERSION = YES_AGGRESSIVE;
				CLANG_CXX_LANGUAGE_STANDARD = "gnu++20";
				CLANG_ENABLE_MODULES = YES;
				CLANG_ENABLE_OBJC_ARC = YES;
				CLANG_ENABLE_OBJC_WEAK = YES;
				CLANG_WARN_BLOCK_CAPTURE_AUTORELEASING = YES;
				CLANG_WARN_BOOL_CONVERSION = YES;
				CLANG_WARN_COMMA = YES;
				CLANG_WARN_CONSTANT_CONVERSION = YES;
				CLANG_WARN_DEPRECATED_OBJC_IMPLEMENTATIONS = YES;
				CLANG_WARN_DIRECT_OBJC_ISA_USAGE = YES_ERROR;
				CLANG_WARN_DOCUMENTATION_COMMENTS = YES;
				CLANG_WARN_EMPTY_BODY = YES;
				CLANG_WARN_ENUM_CONVERSION = YES;
				CLANG_WARN_INFINITE_RECURSION = YES;
				CLANG_WARN_INT_CONVERSION = YES;
				CLANG_WARN_NON_LITERAL_NULL_CONVERSION = YES;
				CLANG_WARN_OBJC_IMPLICIT_RETAIN_SELF = YES;
				CLANG_WARN_OBJC_LITERAL_CONVERSION = YES;
				CLANG_WARN_OBJC_ROOT_CLASS = YES_ERROR;
				CLANG_WARN_QUOTED_INCLUDE_IN_FRAMEWORK_HEADER = YES;
				CLANG_WARN_RANGE_LOOP_ANALYSIS = YES;
				CLANG_WARN_STRICT_PROTOTYPES = YES;
				CLANG_WARN_SUSPICIOUS_MOVE = YES;
				CLANG_WARN_UNGUARDED_AVAILABILITY = YES_AGGRESSIVE;
				CLANG_WARN_UNREACHABLE_CODE = YES;
				CLANG_WARN__DUPLICATE_METHOD_MATCH = YES;
				COPY_PHASE_STRIP = NO;
				DEBUG_INFORMATION_FORMAT = dwarf;
				ENABLE_STRICT_OBJC_MSGSEND = YES;
				ENABLE_TESTABILITY = YES;
				GCC_C_LANGUAGE_STANDARD = gnu11;
				GCC_DYNAMIC_NO_PIC = NO;
				GCC_NO_COMMON_BLOCKS = YES;
				GCC_OPTIMIZATION_LEVEL = 0;
				GCC_PREPROCESSOR_DEFINITIONS = (
					"DEBUG=1",
					"$(inherited)",
				);
				GCC_WARN_64_TO_32_BIT_CONVERSION = YES;
				GCC_WARN_ABOUT_RETURN_TYPE = YES_ERROR;
				GCC_WARN_UNDECLARED_SELECTOR = YES;
				GCC_WARN_UNINITIALIZED_AUTOS = YES_AGGRESSIVE;
				GCC_WARN_UNUSED_FUNCTION = YES;
				GCC_WARN_UNUSED_VARIABLE = YES;
				IPHONEOS_DEPLOYMENT_TARGET = 16.0;
				MTL_ENABLE_DEBUG_INFO = INCLUDE_SOURCE;
				MTL_FAST_MATH = YES;
				ONLY_ACTIVE_ARCH = YES;
				SDKROOT = iphoneos;
				SWIFT_ACTIVE_COMPILATION_CONDITIONS = DEBUG;
				SWIFT_OPTIMIZATION_LEVEL = "-Onone";
			};
			name = Debug;
		};
		589D17D52909C5E500AB001C /* Release */ = {
			isa = XCBuildConfiguration;
			buildSettings = {
				ALWAYS_SEARCH_USER_PATHS = NO;
				CLANG_ANALYZER_NONNULL = YES;
				CLANG_ANALYZER_NUMBER_OBJECT_CONVERSION = YES_AGGRESSIVE;
				CLANG_CXX_LANGUAGE_STANDARD = "gnu++20";
				CLANG_ENABLE_MODULES = YES;
				CLANG_ENABLE_OBJC_ARC = YES;
				CLANG_ENABLE_OBJC_WEAK = YES;
				CLANG_WARN_BLOCK_CAPTURE_AUTORELEASING = YES;
				CLANG_WARN_BOOL_CONVERSION = YES;
				CLANG_WARN_COMMA = YES;
				CLANG_WARN_CONSTANT_CONVERSION = YES;
				CLANG_WARN_DEPRECATED_OBJC_IMPLEMENTATIONS = YES;
				CLANG_WARN_DIRECT_OBJC_ISA_USAGE = YES_ERROR;
				CLANG_WARN_DOCUMENTATION_COMMENTS = YES;
				CLANG_WARN_EMPTY_BODY = YES;
				CLANG_WARN_ENUM_CONVERSION = YES;
				CLANG_WARN_INFINITE_RECURSION = YES;
				CLANG_WARN_INT_CONVERSION = YES;
				CLANG_WARN_NON_LITERAL_NULL_CONVERSION = YES;
				CLANG_WARN_OBJC_IMPLICIT_RETAIN_SELF = YES;
				CLANG_WARN_OBJC_LITERAL_CONVERSION = YES;
				CLANG_WARN_OBJC_ROOT_CLASS = YES_ERROR;
				CLANG_WARN_QUOTED_INCLUDE_IN_FRAMEWORK_HEADER = YES;
				CLANG_WARN_RANGE_LOOP_ANALYSIS = YES;
				CLANG_WARN_STRICT_PROTOTYPES = YES;
				CLANG_WARN_SUSPICIOUS_MOVE = YES;
				CLANG_WARN_UNGUARDED_AVAILABILITY = YES_AGGRESSIVE;
				CLANG_WARN_UNREACHABLE_CODE = YES;
				CLANG_WARN__DUPLICATE_METHOD_MATCH = YES;
				COPY_PHASE_STRIP = NO;
				DEBUG_INFORMATION_FORMAT = "dwarf-with-dsym";
				ENABLE_NS_ASSERTIONS = NO;
				ENABLE_STRICT_OBJC_MSGSEND = YES;
				GCC_C_LANGUAGE_STANDARD = gnu11;
				GCC_NO_COMMON_BLOCKS = YES;
				GCC_WARN_64_TO_32_BIT_CONVERSION = YES;
				GCC_WARN_ABOUT_RETURN_TYPE = YES_ERROR;
				GCC_WARN_UNDECLARED_SELECTOR = YES;
				GCC_WARN_UNINITIALIZED_AUTOS = YES_AGGRESSIVE;
				GCC_WARN_UNUSED_FUNCTION = YES;
				GCC_WARN_UNUSED_VARIABLE = YES;
				IPHONEOS_DEPLOYMENT_TARGET = 16.0;
				MTL_ENABLE_DEBUG_INFO = NO;
				MTL_FAST_MATH = YES;
				SDKROOT = iphoneos;
				SWIFT_COMPILATION_MODE = wholemodule;
				SWIFT_OPTIMIZATION_LEVEL = "-O";
				VALIDATE_PRODUCT = YES;
			};
			name = Release;
		};
		589D17D72909C5E500AB001C /* Debug */ = {
			isa = XCBuildConfiguration;
			buildSettings = {
				ASSETCATALOG_COMPILER_APPICON_NAME = AppIcon;
				ASSETCATALOG_COMPILER_GLOBAL_ACCENT_COLOR_NAME = AccentColor;
				CODE_SIGN_STYLE = Automatic;
				CURRENT_PROJECT_VERSION = 1;
				DEVELOPMENT_ASSET_PATHS = "\"SnowSeeker/Preview Content\"";
				DEVELOPMENT_TEAM = SR5D6FC58T;
				ENABLE_PREVIEWS = YES;
				GENERATE_INFOPLIST_FILE = YES;
				INFOPLIST_KEY_UIApplicationSceneManifest_Generation = YES;
				INFOPLIST_KEY_UIApplicationSupportsIndirectInputEvents = YES;
				INFOPLIST_KEY_UILaunchScreen_Generation = YES;
				INFOPLIST_KEY_UISupportedInterfaceOrientations_iPad = "UIInterfaceOrientationPortrait UIInterfaceOrientationPortraitUpsideDown UIInterfaceOrientationLandscapeLeft UIInterfaceOrientationLandscapeRight";
				INFOPLIST_KEY_UISupportedInterfaceOrientations_iPhone = "UIInterfaceOrientationPortrait UIInterfaceOrientationLandscapeLeft UIInterfaceOrientationLandscapeRight";
				LD_RUNPATH_SEARCH_PATHS = (
					"$(inherited)",
					"@executable_path/Frameworks",
				);
				MARKETING_VERSION = 1.0;
				PRODUCT_BUNDLE_IDENTIFIER = name.kayley.SnowSeeker;
				PRODUCT_NAME = "$(TARGET_NAME)";
				SWIFT_EMIT_LOC_STRINGS = YES;
				SWIFT_VERSION = 5.0;
				TARGETED_DEVICE_FAMILY = "1,2";
			};
			name = Debug;
		};
		589D17D82909C5E500AB001C /* Release */ = {
			isa = XCBuildConfiguration;
			buildSettings = {
				ASSETCATALOG_COMPILER_APPICON_NAME = AppIcon;
				ASSETCATALOG_COMPILER_GLOBAL_ACCENT_COLOR_NAME = AccentColor;
				CODE_SIGN_STYLE = Automatic;
				CURRENT_PROJECT_VERSION = 1;
				DEVELOPMENT_ASSET_PATHS = "\"SnowSeeker/Preview Content\"";
				DEVELOPMENT_TEAM = SR5D6FC58T;
				ENABLE_PREVIEWS = YES;
				GENERATE_INFOPLIST_FILE = YES;
				INFOPLIST_KEY_UIApplicationSceneManifest_Generation = YES;
				INFOPLIST_KEY_UIApplicationSupportsIndirectInputEvents = YES;
				INFOPLIST_KEY_UILaunchScreen_Generation = YES;
				INFOPLIST_KEY_UISupportedInterfaceOrientations_iPad = "UIInterfaceOrientationPortrait UIInterfaceOrientationPortraitUpsideDown UIInterfaceOrientationLandscapeLeft UIInterfaceOrientationLandscapeRight";
				INFOPLIST_KEY_UISupportedInterfaceOrientations_iPhone = "UIInterfaceOrientationPortrait UIInterfaceOrientationLandscapeLeft UIInterfaceOrientationLandscapeRight";
				LD_RUNPATH_SEARCH_PATHS = (
					"$(inherited)",
					"@executable_path/Frameworks",
				);
				MARKETING_VERSION = 1.0;
				PRODUCT_BUNDLE_IDENTIFIER = name.kayley.SnowSeeker;
				PRODUCT_NAME = "$(TARGET_NAME)";
				SWIFT_EMIT_LOC_STRINGS = YES;
				SWIFT_VERSION = 5.0;
				TARGETED_DEVICE_FAMILY = "1,2";
			};
			name = Release;
		};
/* End XCBuildConfiguration section */

/* Begin XCConfigurationList section */
		589D17C32909C5DA00AB001C /* Build configuration list for PBXProject "SnowSeeker" */ = {
			isa = XCConfigurationList;
			buildConfigurations = (
				589D17D42909C5E500AB001C /* Debug */,
				589D17D52909C5E500AB001C /* Release */,
			);
			defaultConfigurationIsVisible = 0;
			defaultConfigurationName = Release;
		};
		589D17D62909C5E500AB001C /* Build configuration list for PBXNativeTarget "SnowSeeker" */ = {
			isa = XCConfigurationList;
			buildConfigurations = (
				589D17D72909C5E500AB001C /* Debug */,
				589D17D82909C5E500AB001C /* Release */,
			);
			defaultConfigurationIsVisible = 0;
			defaultConfigurationName = Release;
		};
/* End XCConfigurationList section */
	};
	rootObject = 589D17C02909C5DA00AB001C /* Project object */;
}
