// !$*UTF8*$!
{
	archiveVersion = 1;
	classes = {
	};
	objectVersion = 55;
	objects = {

/* Begin PBXBuildFile section */
		58BCA8C0282C3FB20035048D /* MoonshotApp.swift in Sources */ = {isa = PBXBuildFile; fileRef = 58BCA8BF282C3FB20035048D /* MoonshotApp.swift */; };
		58BCA8C2282C3FB20035048D /* ContentView.swift in Sources */ = {isa = PBXBuildFile; fileRef = 58BCA8C1282C3FB20035048D /* ContentView.swift */; };
		58BCA8C4282C3FBD0035048D /* Assets.xcassets in Resources */ = {isa = PBXBuildFile; fileRef = 58BCA8C3282C3FBD0035048D /* Assets.xcassets */; };
		58BCA8C7282C3FBD0035048D /* Preview Assets.xcassets in Resources */ = {isa = PBXBuildFile; fileRef = 58BCA8C6282C3FBD0035048D /* Preview Assets.xcassets */; };
		58BCA8CF282C46820035048D /* GeometryReaderExampleView.swift in Sources */ = {isa = PBXBuildFile; fileRef = 58BCA8CE282C46820035048D /* GeometryReaderExampleView.swift */; };
		58BCA8D1282C4ADF0035048D /* ScrollViewAndLazyStacksView.swift in Sources */ = {isa = PBXBuildFile; fileRef = 58BCA8D0282C4ADF0035048D /* ScrollViewAndLazyStacksView.swift */; };
		58BCA8D3282C50840035048D /* NavigationLinkView.swift in Sources */ = {isa = PBXBuildFile; fileRef = 58BCA8D2282C50840035048D /* NavigationLinkView.swift */; };
		58BCA8D5282C528B0035048D /* JSONView.swift in Sources */ = {isa = PBXBuildFile; fileRef = 58BCA8D4282C528B0035048D /* JSONView.swift */; };
		58BCA8D7282C54AC0035048D /* GridViews.swift in Sources */ = {isa = PBXBuildFile; fileRef = 58BCA8D6282C54AC0035048D /* GridViews.swift */; };
		58BCA8DA282DA11D0035048D /* astronauts.json in Resources */ = {isa = PBXBuildFile; fileRef = 58BCA8D8282DA11C0035048D /* astronauts.json */; };
		58BCA8DB282DA11D0035048D /* missions.json in Resources */ = {isa = PBXBuildFile; fileRef = 58BCA8D9282DA11D0035048D /* missions.json */; };
		58BCA8DD282DA31D0035048D /* Astronaut.swift in Sources */ = {isa = PBXBuildFile; fileRef = 58BCA8DC282DA31D0035048D /* Astronaut.swift */; };
		58BCA8DF282DA3A20035048D /* Bundle+Decodable.swift in Sources */ = {isa = PBXBuildFile; fileRef = 58BCA8DE282DA3A20035048D /* Bundle+Decodable.swift */; };
		58BCA8E1282DA70B0035048D /* Mission.swift in Sources */ = {isa = PBXBuildFile; fileRef = 58BCA8E0282DA70B0035048D /* Mission.swift */; };
		58CD64A8282ED5C9002BB0FC /* Color+Theme.swift in Sources */ = {isa = PBXBuildFile; fileRef = 58CD64A7282ED5C9002BB0FC /* Color+Theme.swift */; };
		58CD64AA282F999A002BB0FC /* MissionView.swift in Sources */ = {isa = PBXBuildFile; fileRef = 58CD64A9282F999A002BB0FC /* MissionView.swift */; };
		58CD64AC2832E8DA002BB0FC /* AstronautView.swift in Sources */ = {isa = PBXBuildFile; fileRef = 58CD64AB2832E8D9002BB0FC /* AstronautView.swift */; };
		58D6C16A2832F3D6002FA3DE /* Divider.swift in Sources */ = {isa = PBXBuildFile; fileRef = 58D6C1692832F3D6002FA3DE /* Divider.swift */; };
		58D6C16C2832F453002FA3DE /* CrewView.swift in Sources */ = {isa = PBXBuildFile; fileRef = 58D6C16B2832F453002FA3DE /* CrewView.swift */; };
		58D6C16E2832F4AC002FA3DE /* CrewMember.swift in Sources */ = {isa = PBXBuildFile; fileRef = 58D6C16D2832F4AC002FA3DE /* CrewMember.swift */; };
		58D6C1702832F8A0002FA3DE /* MissionsView.swift in Sources */ = {isa = PBXBuildFile; fileRef = 58D6C16F2832F8A0002FA3DE /* MissionsView.swift */; };
/* End PBXBuildFile section */

/* Begin PBXFileReference section */
		58BCA8BC282C3FB20035048D /* Moonshot.app */ = {isa = PBXFileReference; explicitFileType = wrapper.application; includeInIndex = 0; path = Moonshot.app; sourceTree = BUILT_PRODUCTS_DIR; };
		58BCA8BF282C3FB20035048D /* MoonshotApp.swift */ = {isa = PBXFileReference; lastKnownFileType = sourcecode.swift; path = MoonshotApp.swift; sourceTree = "<group>"; };
		58BCA8C1282C3FB20035048D /* ContentView.swift */ = {isa = PBXFileReference; lastKnownFileType = sourcecode.swift; path = ContentView.swift; sourceTree = "<group>"; };
		58BCA8C3282C3FBD0035048D /* Assets.xcassets */ = {isa = PBXFileReference; lastKnownFileType = folder.assetcatalog; path = Assets.xcassets; sourceTree = "<group>"; };
		58BCA8C6282C3FBD0035048D /* Preview Assets.xcassets */ = {isa = PBXFileReference; lastKnownFileType = folder.assetcatalog; path = "Preview Assets.xcassets"; sourceTree = "<group>"; };
		58BCA8CE282C46820035048D /* GeometryReaderExampleView.swift */ = {isa = PBXFileReference; lastKnownFileType = sourcecode.swift; path = GeometryReaderExampleView.swift; sourceTree = "<group>"; };
		58BCA8D0282C4ADF0035048D /* ScrollViewAndLazyStacksView.swift */ = {isa = PBXFileReference; lastKnownFileType = sourcecode.swift; path = ScrollViewAndLazyStacksView.swift; sourceTree = "<group>"; };
		58BCA8D2282C50840035048D /* NavigationLinkView.swift */ = {isa = PBXFileReference; lastKnownFileType = sourcecode.swift; path = NavigationLinkView.swift; sourceTree = "<group>"; };
		58BCA8D4282C528B0035048D /* JSONView.swift */ = {isa = PBXFileReference; lastKnownFileType = sourcecode.swift; path = JSONView.swift; sourceTree = "<group>"; };
		58BCA8D6282C54AC0035048D /* GridViews.swift */ = {isa = PBXFileReference; lastKnownFileType = sourcecode.swift; path = GridViews.swift; sourceTree = "<group>"; };
		58BCA8D8282DA11C0035048D /* astronauts.json */ = {isa = PBXFileReference; fileEncoding = 4; lastKnownFileType = text.json; path = astronauts.json; sourceTree = "<group>"; };
		58BCA8D9282DA11D0035048D /* missions.json */ = {isa = PBXFileReference; fileEncoding = 4; lastKnownFileType = text.json; path = missions.json; sourceTree = "<group>"; };
		58BCA8DC282DA31D0035048D /* Astronaut.swift */ = {isa = PBXFileReference; lastKnownFileType = sourcecode.swift; path = Astronaut.swift; sourceTree = "<group>"; };
		58BCA8DE282DA3A20035048D /* Bundle+Decodable.swift */ = {isa = PBXFileReference; lastKnownFileType = sourcecode.swift; path = "Bundle+Decodable.swift"; sourceTree = "<group>"; };
		58BCA8E0282DA70B0035048D /* Mission.swift */ = {isa = PBXFileReference; lastKnownFileType = sourcecode.swift; path = Mission.swift; sourceTree = "<group>"; };
		58CD64A7282ED5C9002BB0FC /* Color+Theme.swift */ = {isa = PBXFileReference; lastKnownFileType = sourcecode.swift; path = "Color+Theme.swift"; sourceTree = "<group>"; };
		58CD64A9282F999A002BB0FC /* MissionView.swift */ = {isa = PBXFileReference; lastKnownFileType = sourcecode.swift; path = MissionView.swift; sourceTree = "<group>"; };
		58CD64AB2832E8D9002BB0FC /* AstronautView.swift */ = {isa = PBXFileReference; lastKnownFileType = sourcecode.swift; path = AstronautView.swift; sourceTree = "<group>"; };
		58D6C1692832F3D6002FA3DE /* Divider.swift */ = {isa = PBXFileReference; lastKnownFileType = sourcecode.swift; path = Divider.swift; sourceTree = "<group>"; };
		58D6C16B2832F453002FA3DE /* CrewView.swift */ = {isa = PBXFileReference; lastKnownFileType = sourcecode.swift; path = CrewView.swift; sourceTree = "<group>"; };
		58D6C16D2832F4AC002FA3DE /* CrewMember.swift */ = {isa = PBXFileReference; lastKnownFileType = sourcecode.swift; path = CrewMember.swift; sourceTree = "<group>"; };
		58D6C16F2832F8A0002FA3DE /* MissionsView.swift */ = {isa = PBXFileReference; lastKnownFileType = sourcecode.swift; path = MissionsView.swift; sourceTree = "<group>"; };
/* End PBXFileReference section */

/* Begin PBXFrameworksBuildPhase section */
		58BCA8B9282C3FB20035048D /* Frameworks */ = {
			isa = PBXFrameworksBuildPhase;
			buildActionMask = 2147483647;
			files = (
			);
			runOnlyForDeploymentPostprocessing = 0;
		};
/* End PBXFrameworksBuildPhase section */

/* Begin PBXGroup section */
		58BCA8B3282C3FB20035048D = {
			isa = PBXGroup;
			children = (
				58BCA8BE282C3FB20035048D /* Moonshot */,
				58BCA8BD282C3FB20035048D /* Products */,
			);
			sourceTree = "<group>";
		};
		58BCA8BD282C3FB20035048D /* Products */ = {
			isa = PBXGroup;
			children = (
				58BCA8BC282C3FB20035048D /* Moonshot.app */,
			);
			name = Products;
			sourceTree = "<group>";
		};
		58BCA8BE282C3FB20035048D /* Moonshot */ = {
			isa = PBXGroup;
			children = (
				58BCA8CD282C465E0035048D /* Learning */,
				58BCA8BF282C3FB20035048D /* MoonshotApp.swift */,
				58D6C16F2832F8A0002FA3DE /* MissionsView.swift */,
				58BCA8C1282C3FB20035048D /* ContentView.swift */,
				58CD64A9282F999A002BB0FC /* MissionView.swift */,
				58D6C16B2832F453002FA3DE /* CrewView.swift */,
				58CD64AB2832E8D9002BB0FC /* AstronautView.swift */,
				58D6C1692832F3D6002FA3DE /* Divider.swift */,
				58CD64A7282ED5C9002BB0FC /* Color+Theme.swift */,
				58BCA8DE282DA3A20035048D /* Bundle+Decodable.swift */,
				58D6C16D2832F4AC002FA3DE /* CrewMember.swift */,
				58BCA8DC282DA31D0035048D /* Astronaut.swift */,
				58BCA8E0282DA70B0035048D /* Mission.swift */,
				58BCA8D8282DA11C0035048D /* astronauts.json */,
				58BCA8D9282DA11D0035048D /* missions.json */,
				58BCA8C3282C3FBD0035048D /* Assets.xcassets */,
				58BCA8C5282C3FBD0035048D /* Preview Content */,
			);
			path = Moonshot;
			sourceTree = "<group>";
		};
		58BCA8C5282C3FBD0035048D /* Preview Content */ = {
			isa = PBXGroup;
			children = (
				58BCA8C6282C3FBD0035048D /* Preview Assets.xcassets */,
			);
			path = "Preview Content";
			sourceTree = "<group>";
		};
		58BCA8CD282C465E0035048D /* Learning */ = {
			isa = PBXGroup;
			children = (
				58BCA8CE282C46820035048D /* GeometryReaderExampleView.swift */,
				58BCA8D0282C4ADF0035048D /* ScrollViewAndLazyStacksView.swift */,
				58BCA8D2282C50840035048D /* NavigationLinkView.swift */,
				58BCA8D4282C528B0035048D /* JSONView.swift */,
				58BCA8D6282C54AC0035048D /* GridViews.swift */,
			);
			path = Learning;
			sourceTree = "<group>";
		};
/* End PBXGroup section */

/* Begin PBXNativeTarget section */
		58BCA8BB282C3FB20035048D /* Moonshot */ = {
			isa = PBXNativeTarget;
			buildConfigurationList = 58BCA8CA282C3FBD0035048D /* Build configuration list for PBXNativeTarget "Moonshot" */;
			buildPhases = (
				58BCA8B8282C3FB20035048D /* Sources */,
				58BCA8B9282C3FB20035048D /* Frameworks */,
				58BCA8BA282C3FB20035048D /* Resources */,
			);
			buildRules = (
			);
			dependencies = (
			);
			name = Moonshot;
			productName = Moonshot;
			productReference = 58BCA8BC282C3FB20035048D /* Moonshot.app */;
			productType = "com.apple.product-type.application";
		};
/* End PBXNativeTarget section */

/* Begin PBXProject section */
		58BCA8B4282C3FB20035048D /* Project object */ = {
			isa = PBXProject;
			attributes = {
				BuildIndependentTargetsInParallel = 1;
				LastSwiftUpdateCheck = 1330;
				LastUpgradeCheck = 1330;
				TargetAttributes = {
					58BCA8BB282C3FB20035048D = {
						CreatedOnToolsVersion = 13.3;
					};
				};
			};
			buildConfigurationList = 58BCA8B7282C3FB20035048D /* Build configuration list for PBXProject "Moonshot" */;
			compatibilityVersion = "Xcode 13.0";
			developmentRegion = en;
			hasScannedForEncodings = 0;
			knownRegions = (
				en,
				Base,
			);
			mainGroup = 58BCA8B3282C3FB20035048D;
			productRefGroup = 58BCA8BD282C3FB20035048D /* Products */;
			projectDirPath = "";
			projectRoot = "";
			targets = (
				58BCA8BB282C3FB20035048D /* Moonshot */,
			);
		};
/* End PBXProject section */

/* Begin PBXResourcesBuildPhase section */
		58BCA8BA282C3FB20035048D /* Resources */ = {
			isa = PBXResourcesBuildPhase;
			buildActionMask = 2147483647;
			files = (
				58BCA8DA282DA11D0035048D /* astronauts.json in Resources */,
				58BCA8C7282C3FBD0035048D /* Preview Assets.xcassets in Resources */,
				58BCA8DB282DA11D0035048D /* missions.json in Resources */,
				58BCA8C4282C3FBD0035048D /* Assets.xcassets in Resources */,
			);
			runOnlyForDeploymentPostprocessing = 0;
		};
/* End PBXResourcesBuildPhase section */

/* Begin PBXSourcesBuildPhase section */
		58BCA8B8282C3FB20035048D /* Sources */ = {
			isa = PBXSourcesBuildPhase;
			buildActionMask = 2147483647;
			files = (
				58BCA8D5282C528B0035048D /* JSONView.swift in Sources */,
				58BCA8CF282C46820035048D /* GeometryReaderExampleView.swift in Sources */,
				58BCA8D3282C50840035048D /* NavigationLinkView.swift in Sources */,
				58D6C16A2832F3D6002FA3DE /* Divider.swift in Sources */,
				58D6C1702832F8A0002FA3DE /* MissionsView.swift in Sources */,
				58D6C16E2832F4AC002FA3DE /* CrewMember.swift in Sources */,
				58CD64A8282ED5C9002BB0FC /* Color+Theme.swift in Sources */,
				58BCA8C2282C3FB20035048D /* ContentView.swift in Sources */,
				58CD64AA282F999A002BB0FC /* MissionView.swift in Sources */,
				58BCA8DD282DA31D0035048D /* Astronaut.swift in Sources */,
				58BCA8C0282C3FB20035048D /* MoonshotApp.swift in Sources */,
				58BCA8D7282C54AC0035048D /* GridViews.swift in Sources */,
				58D6C16C2832F453002FA3DE /* CrewView.swift in Sources */,
				58CD64AC2832E8DA002BB0FC /* AstronautView.swift in Sources */,
				58BCA8DF282DA3A20035048D /* Bundle+Decodable.swift in Sources */,
				58BCA8E1282DA70B0035048D /* Mission.swift in Sources */,
				58BCA8D1282C4ADF0035048D /* ScrollViewAndLazyStacksView.swift in Sources */,
			);
			runOnlyForDeploymentPostprocessing = 0;
		};
/* End PBXSourcesBuildPhase section */

/* Begin XCBuildConfiguration section */
		58BCA8C8282C3FBD0035048D /* Debug */ = {
			isa = XCBuildConfiguration;
			buildSettings = {
				ALWAYS_SEARCH_USER_PATHS = NO;
				CLANG_ANALYZER_NONNULL = YES;
				CLANG_ANALYZER_NUMBER_OBJECT_CONVERSION = YES_AGGRESSIVE;
				CLANG_CXX_LANGUAGE_STANDARD = "gnu++17";
				CLANG_ENABLE_MODULES = YES;
				CLANG_ENABLE_OBJC_ARC = YES;
				CLANG_ENABLE_OBJC_WEAK = YES;
				CLANG_WARN_BLOCK_CAPTURE_AUTORELEASING = YES;
				CLANG_WARN_BOOL_CONVERSION = YES;
				CLANG_WARN_COMMA = YES;
				CLANG_WARN_CONSTANT_CONVERSION = YES;
				CLANG_WARN_DEPRECATED_OBJC_IMPLEMENTATIONS = YES;
				CLANG_WARN_DIRECT_OBJC_ISA_USAGE = YES_ERROR;
				CLANG_WARN_DOCUMENTATION_COMMENTS = YES;
				CLANG_WARN_EMPTY_BODY = YES;
				CLANG_WARN_ENUM_CONVERSION = YES;
				CLANG_WARN_INFINITE_RECURSION = YES;
				CLANG_WARN_INT_CONVERSION = YES;
				CLANG_WARN_NON_LITERAL_NULL_CONVERSION = YES;
				CLANG_WARN_OBJC_IMPLICIT_RETAIN_SELF = YES;
				CLANG_WARN_OBJC_LITERAL_CONVERSION = YES;
				CLANG_WARN_OBJC_ROOT_CLASS = YES_ERROR;
				CLANG_WARN_QUOTED_INCLUDE_IN_FRAMEWORK_HEADER = YES;
				CLANG_WARN_RANGE_LOOP_ANALYSIS = YES;
				CLANG_WARN_STRICT_PROTOTYPES = YES;
				CLANG_WARN_SUSPICIOUS_MOVE = YES;
				CLANG_WARN_UNGUARDED_AVAILABILITY = YES_AGGRESSIVE;
				CLANG_WARN_UNREACHABLE_CODE = YES;
				CLANG_WARN__DUPLICATE_METHOD_MATCH = YES;
				COPY_PHASE_STRIP = NO;
				DEBUG_INFORMATION_FORMAT = dwarf;
				ENABLE_STRICT_OBJC_MSGSEND = YES;
				ENABLE_TESTABILITY = YES;
				GCC_C_LANGUAGE_STANDARD = gnu11;
				GCC_DYNAMIC_NO_PIC = NO;
				GCC_NO_COMMON_BLOCKS = YES;
				GCC_OPTIMIZATION_LEVEL = 0;
				GCC_PREPROCESSOR_DEFINITIONS = (
					"DEBUG=1",
					"$(inherited)",
				);
				GCC_WARN_64_TO_32_BIT_CONVERSION = YES;
				GCC_WARN_ABOUT_RETURN_TYPE = YES_ERROR;
				GCC_WARN_UNDECLARED_SELECTOR = YES;
				GCC_WARN_UNINITIALIZED_AUTOS = YES_AGGRESSIVE;
				GCC_WARN_UNUSED_FUNCTION = YES;
				GCC_WARN_UNUSED_VARIABLE = YES;
				IPHONEOS_DEPLOYMENT_TARGET = 15.4;
				MTL_ENABLE_DEBUG_INFO = INCLUDE_SOURCE;
				MTL_FAST_MATH = YES;
				ONLY_ACTIVE_ARCH = YES;
				SDKROOT = iphoneos;
				SWIFT_ACTIVE_COMPILATION_CONDITIONS = DEBUG;
				SWIFT_OPTIMIZATION_LEVEL = "-Onone";
			};
			name = Debug;
		};
		58BCA8C9282C3FBD0035048D /* Release */ = {
			isa = XCBuildConfiguration;
			buildSettings = {
				ALWAYS_SEARCH_USER_PATHS = NO;
				CLANG_ANALYZER_NONNULL = YES;
				CLANG_ANALYZER_NUMBER_OBJECT_CONVERSION = YES_AGGRESSIVE;
				CLANG_CXX_LANGUAGE_STANDARD = "gnu++17";
				CLANG_ENABLE_MODULES = YES;
				CLANG_ENABLE_OBJC_ARC = YES;
				CLANG_ENABLE_OBJC_WEAK = YES;
				CLANG_WARN_BLOCK_CAPTURE_AUTORELEASING = YES;
				CLANG_WARN_BOOL_CONVERSION = YES;
				CLANG_WARN_COMMA = YES;
				CLANG_WARN_CONSTANT_CONVERSION = YES;
				CLANG_WARN_DEPRECATED_OBJC_IMPLEMENTATIONS = YES;
				CLANG_WARN_DIRECT_OBJC_ISA_USAGE = YES_ERROR;
				CLANG_WARN_DOCUMENTATION_COMMENTS = YES;
				CLANG_WARN_EMPTY_BODY = YES;
				CLANG_WARN_ENUM_CONVERSION = YES;
				CLANG_WARN_INFINITE_RECURSION = YES;
				CLANG_WARN_INT_CONVERSION = YES;
				CLANG_WARN_NON_LITERAL_NULL_CONVERSION = YES;
				CLANG_WARN_OBJC_IMPLICIT_RETAIN_SELF = YES;
				CLANG_WARN_OBJC_LITERAL_CONVERSION = YES;
				CLANG_WARN_OBJC_ROOT_CLASS = YES_ERROR;
				CLANG_WARN_QUOTED_INCLUDE_IN_FRAMEWORK_HEADER = YES;
				CLANG_WARN_RANGE_LOOP_ANALYSIS = YES;
				CLANG_WARN_STRICT_PROTOTYPES = YES;
				CLANG_WARN_SUSPICIOUS_MOVE = YES;
				CLANG_WARN_UNGUARDED_AVAILABILITY = YES_AGGRESSIVE;
				CLANG_WARN_UNREACHABLE_CODE = YES;
				CLANG_WARN__DUPLICATE_METHOD_MATCH = YES;
				COPY_PHASE_STRIP = NO;
				DEBUG_INFORMATION_FORMAT = "dwarf-with-dsym";
				ENABLE_NS_ASSERTIONS = NO;
				ENABLE_STRICT_OBJC_MSGSEND = YES;
				GCC_C_LANGUAGE_STANDARD = gnu11;
				GCC_NO_COMMON_BLOCKS = YES;
				GCC_WARN_64_TO_32_BIT_CONVERSION = YES;
				GCC_WARN_ABOUT_RETURN_TYPE = YES_ERROR;
				GCC_WARN_UNDECLARED_SELECTOR = YES;
				GCC_WARN_UNINITIALIZED_AUTOS = YES_AGGRESSIVE;
				GCC_WARN_UNUSED_FUNCTION = YES;
				GCC_WARN_UNUSED_VARIABLE = YES;
				IPHONEOS_DEPLOYMENT_TARGET = 15.4;
				MTL_ENABLE_DEBUG_INFO = NO;
				MTL_FAST_MATH = YES;
				SDKROOT = iphoneos;
				SWIFT_COMPILATION_MODE = wholemodule;
				SWIFT_OPTIMIZATION_LEVEL = "-O";
				VALIDATE_PRODUCT = YES;
			};
			name = Release;
		};
		58BCA8CB282C3FBD0035048D /* Debug */ = {
			isa = XCBuildConfiguration;
			buildSettings = {
				ASSETCATALOG_COMPILER_APPICON_NAME = AppIcon;
				ASSETCATALOG_COMPILER_GLOBAL_ACCENT_COLOR_NAME = AccentColor;
				CODE_SIGN_STYLE = Automatic;
				CURRENT_PROJECT_VERSION = 1;
				DEVELOPMENT_ASSET_PATHS = "\"Moonshot/Preview Content\"";
				DEVELOPMENT_TEAM = SR5D6FC58T;
				ENABLE_PREVIEWS = YES;
				GENERATE_INFOPLIST_FILE = YES;
				INFOPLIST_KEY_UIApplicationSceneManifest_Generation = YES;
				INFOPLIST_KEY_UIApplicationSupportsIndirectInputEvents = YES;
				INFOPLIST_KEY_UILaunchScreen_Generation = YES;
				INFOPLIST_KEY_UISupportedInterfaceOrientations_iPad = "UIInterfaceOrientationPortrait UIInterfaceOrientationPortraitUpsideDown UIInterfaceOrientationLandscapeLeft UIInterfaceOrientationLandscapeRight";
				INFOPLIST_KEY_UISupportedInterfaceOrientations_iPhone = "UIInterfaceOrientationPortrait UIInterfaceOrientationLandscapeLeft UIInterfaceOrientationLandscapeRight";
				LD_RUNPATH_SEARCH_PATHS = (
					"$(inherited)",
					"@executable_path/Frameworks",
				);
				MARKETING_VERSION = 1.0;
				PRODUCT_BUNDLE_IDENTIFIER = name.kayley.Moonshot;
				PRODUCT_NAME = "$(TARGET_NAME)";
				SWIFT_EMIT_LOC_STRINGS = YES;
				SWIFT_VERSION = 5.0;
				TARGETED_DEVICE_FAMILY = "1,2";
			};
			name = Debug;
		};
		58BCA8CC282C3FBD0035048D /* Release */ = {
			isa = XCBuildConfiguration;
			buildSettings = {
				ASSETCATALOG_COMPILER_APPICON_NAME = AppIcon;
				ASSETCATALOG_COMPILER_GLOBAL_ACCENT_COLOR_NAME = AccentColor;
				CODE_SIGN_STYLE = Automatic;
				CURRENT_PROJECT_VERSION = 1;
				DEVELOPMENT_ASSET_PATHS = "\"Moonshot/Preview Content\"";
				DEVELOPMENT_TEAM = SR5D6FC58T;
				ENABLE_PREVIEWS = YES;
				GENERATE_INFOPLIST_FILE = YES;
				INFOPLIST_KEY_UIApplicationSceneManifest_Generation = YES;
				INFOPLIST_KEY_UIApplicationSupportsIndirectInputEvents = YES;
				INFOPLIST_KEY_UILaunchScreen_Generation = YES;
				INFOPLIST_KEY_UISupportedInterfaceOrientations_iPad = "UIInterfaceOrientationPortrait UIInterfaceOrientationPortraitUpsideDown UIInterfaceOrientationLandscapeLeft UIInterfaceOrientationLandscapeRight";
				INFOPLIST_KEY_UISupportedInterfaceOrientations_iPhone = "UIInterfaceOrientationPortrait UIInterfaceOrientationLandscapeLeft UIInterfaceOrientationLandscapeRight";
				LD_RUNPATH_SEARCH_PATHS = (
					"$(inherited)",
					"@executable_path/Frameworks",
				);
				MARKETING_VERSION = 1.0;
				PRODUCT_BUNDLE_IDENTIFIER = name.kayley.Moonshot;
				PRODUCT_NAME = "$(TARGET_NAME)";
				SWIFT_EMIT_LOC_STRINGS = YES;
				SWIFT_VERSION = 5.0;
				TARGETED_DEVICE_FAMILY = "1,2";
			};
			name = Release;
		};
/* End XCBuildConfiguration section */

/* Begin XCConfigurationList section */
		58BCA8B7282C3FB20035048D /* Build configuration list for PBXProject "Moonshot" */ = {
			isa = XCConfigurationList;
			buildConfigurations = (
				58BCA8C8282C3FBD0035048D /* Debug */,
				58BCA8C9282C3FBD0035048D /* Release */,
			);
			defaultConfigurationIsVisible = 0;
			defaultConfigurationName = Release;
		};
		58BCA8CA282C3FBD0035048D /* Build configuration list for PBXNativeTarget "Moonshot" */ = {
			isa = XCConfigurationList;
			buildConfigurations = (
				58BCA8CB282C3FBD0035048D /* Debug */,
				58BCA8CC282C3FBD0035048D /* Release */,
			);
			defaultConfigurationIsVisible = 0;
			defaultConfigurationName = Release;
		};
/* End XCConfigurationList section */
	};
	rootObject = 58BCA8B4282C3FB20035048D /* Project object */;
}
