// !$*UTF8*$!
{
	archiveVersion = 1;
	classes = {
	};
	objectVersion = 55;
	objects = {

/* Begin PBXBuildFile section */
		585080DF287617BB00A7429F /* FriendFaceApp.swift in Sources */ = {isa = PBXBuildFile; fileRef = 585080DE287617BB00A7429F /* FriendFaceApp.swift */; };
		585080E1287617BB00A7429F /* ContentView.swift in Sources */ = {isa = PBXBuildFile; fileRef = 585080E0287617BB00A7429F /* ContentView.swift */; };
		585080E3287617C200A7429F /* Assets.xcassets in Resources */ = {isa = PBXBuildFile; fileRef = 585080E2287617C200A7429F /* Assets.xcassets */; };
		585080E6287617C200A7429F /* Preview Assets.xcassets in Resources */ = {isa = PBXBuildFile; fileRef = 585080E5287617C200A7429F /* Preview Assets.xcassets */; };
		585080EF28761C1900A7429F /* UserRepository.swift in Sources */ = {isa = PBXBuildFile; fileRef = 585080EE28761C1900A7429F /* UserRepository.swift */; };
		585080F128761C6800A7429F /* User.swift in Sources */ = {isa = PBXBuildFile; fileRef = 585080F028761C6800A7429F /* User.swift */; };
		585080F328761C7700A7429F /* Friend.swift in Sources */ = {isa = PBXBuildFile; fileRef = 585080F228761C7700A7429F /* Friend.swift */; };
		585080F62876240000A7429F /* UserViewModel.swift in Sources */ = {isa = PBXBuildFile; fileRef = 585080F52876240000A7429F /* UserViewModel.swift */; };
		585080F92878530D00A7429F /* PreviewUserRepository.swift in Sources */ = {isa = PBXBuildFile; fileRef = 585080F82878530D00A7429F /* PreviewUserRepository.swift */; };
		585080FC28785A1F00A7429F /* UserListView.swift in Sources */ = {isa = PBXBuildFile; fileRef = 585080FB28785A1F00A7429F /* UserListView.swift */; };
		585080FE28785A2D00A7429F /* UserDetailView.swift in Sources */ = {isa = PBXBuildFile; fileRef = 585080FD28785A2D00A7429F /* UserDetailView.swift */; };
		585CF326287CBA66006A0DDF /* IMG_5985.PNG in Resources */ = {isa = PBXBuildFile; fileRef = 585CF324287CBA65006A0DDF /* IMG_5985.PNG */; };
		585CF327287CBA66006A0DDF /* IMG_5986.PNG in Resources */ = {isa = PBXBuildFile; fileRef = 585CF325287CBA66006A0DDF /* IMG_5986.PNG */; };
		585CF329287E0A97006A0DDF /* Color+System.swift in Sources */ = {isa = PBXBuildFile; fileRef = 585CF328287E0A96006A0DDF /* Color+System.swift */; };
		585CF32D287E0FCD006A0DDF /* SectionView.swift in Sources */ = {isa = PBXBuildFile; fileRef = 585CF32C287E0FCD006A0DDF /* SectionView.swift */; };
		585CF32F287E1504006A0DDF /* SectionCell.swift in Sources */ = {isa = PBXBuildFile; fileRef = 585CF32E287E1504006A0DDF /* SectionCell.swift */; };
		585CF331287E1A14006A0DDF /* ConditionalDividerList.swift in Sources */ = {isa = PBXBuildFile; fileRef = 585CF330287E1A14006A0DDF /* ConditionalDividerList.swift */; };
		585CF335287F32D8006A0DDF /* ScrollViewOffset.swift in Sources */ = {isa = PBXBuildFile; fileRef = 585CF334287F32D8006A0DDF /* ScrollViewOffset.swift */; };
/* End PBXBuildFile section */

/* Begin PBXFileReference section */
		585080DB287617BB00A7429F /* FriendFace.app */ = {isa = PBXFileReference; explicitFileType = wrapper.application; includeInIndex = 0; path = FriendFace.app; sourceTree = BUILT_PRODUCTS_DIR; };
		585080DE287617BB00A7429F /* FriendFaceApp.swift */ = {isa = PBXFileReference; lastKnownFileType = sourcecode.swift; path = FriendFaceApp.swift; sourceTree = "<group>"; };
		585080E0287617BB00A7429F /* ContentView.swift */ = {isa = PBXFileReference; lastKnownFileType = sourcecode.swift; path = ContentView.swift; sourceTree = "<group>"; };
		585080E2287617C200A7429F /* Assets.xcassets */ = {isa = PBXFileReference; lastKnownFileType = folder.assetcatalog; path = Assets.xcassets; sourceTree = "<group>"; };
		585080E5287617C200A7429F /* Preview Assets.xcassets */ = {isa = PBXFileReference; lastKnownFileType = folder.assetcatalog; path = "Preview Assets.xcassets"; sourceTree = "<group>"; };
		585080EE28761C1900A7429F /* UserRepository.swift */ = {isa = PBXFileReference; lastKnownFileType = sourcecode.swift; path = UserRepository.swift; sourceTree = "<group>"; };
		585080F028761C6800A7429F /* User.swift */ = {isa = PBXFileReference; lastKnownFileType = sourcecode.swift; path = User.swift; sourceTree = "<group>"; };
		585080F228761C7700A7429F /* Friend.swift */ = {isa = PBXFileReference; lastKnownFileType = sourcecode.swift; path = Friend.swift; sourceTree = "<group>"; };
		585080F52876240000A7429F /* UserViewModel.swift */ = {isa = PBXFileReference; lastKnownFileType = sourcecode.swift; path = UserViewModel.swift; sourceTree = "<group>"; };
		585080F82878530D00A7429F /* PreviewUserRepository.swift */ = {isa = PBXFileReference; lastKnownFileType = sourcecode.swift; path = PreviewUserRepository.swift; sourceTree = "<group>"; };
		585080FB28785A1F00A7429F /* UserListView.swift */ = {isa = PBXFileReference; lastKnownFileType = sourcecode.swift; path = UserListView.swift; sourceTree = "<group>"; };
		585080FD28785A2D00A7429F /* UserDetailView.swift */ = {isa = PBXFileReference; lastKnownFileType = sourcecode.swift; path = UserDetailView.swift; sourceTree = "<group>"; };
		585CF324287CBA65006A0DDF /* IMG_5985.PNG */ = {isa = PBXFileReference; lastKnownFileType = image.png; path = IMG_5985.PNG; sourceTree = "<group>"; };
		585CF325287CBA66006A0DDF /* IMG_5986.PNG */ = {isa = PBXFileReference; lastKnownFileType = image.png; path = IMG_5986.PNG; sourceTree = "<group>"; };
		585CF328287E0A96006A0DDF /* Color+System.swift */ = {isa = PBXFileReference; lastKnownFileType = sourcecode.swift; path = "Color+System.swift"; sourceTree = "<group>"; };
		585CF32C287E0FCD006A0DDF /* SectionView.swift */ = {isa = PBXFileReference; lastKnownFileType = sourcecode.swift; path = SectionView.swift; sourceTree = "<group>"; };
		585CF32E287E1504006A0DDF /* SectionCell.swift */ = {isa = PBXFileReference; lastKnownFileType = sourcecode.swift; path = SectionCell.swift; sourceTree = "<group>"; };
		585CF330287E1A14006A0DDF /* ConditionalDividerList.swift */ = {isa = PBXFileReference; lastKnownFileType = sourcecode.swift; path = ConditionalDividerList.swift; sourceTree = "<group>"; };
		585CF334287F32D8006A0DDF /* ScrollViewOffset.swift */ = {isa = PBXFileReference; lastKnownFileType = sourcecode.swift; path = ScrollViewOffset.swift; sourceTree = "<group>"; };
/* End PBXFileReference section */

/* Begin PBXFrameworksBuildPhase section */
		585080D8287617BB00A7429F /* Frameworks */ = {
			isa = PBXFrameworksBuildPhase;
			buildActionMask = 2147483647;
			files = (
			);
			runOnlyForDeploymentPostprocessing = 0;
		};
/* End PBXFrameworksBuildPhase section */

/* Begin PBXGroup section */
		585080D2287617BB00A7429F = {
			isa = PBXGroup;
			children = (
				585080DD287617BB00A7429F /* FriendFace */,
				585080DC287617BB00A7429F /* Products */,
			);
			sourceTree = "<group>";
		};
		585080DC287617BB00A7429F /* Products */ = {
			isa = PBXGroup;
			children = (
				585080DB287617BB00A7429F /* FriendFace.app */,
			);
			name = Products;
			sourceTree = "<group>";
		};
		585080DD287617BB00A7429F /* FriendFace */ = {
			isa = PBXGroup;
			children = (
				585CF32B287E0AB7006A0DDF /* Colors */,
				585CF324287CBA65006A0DDF /* IMG_5985.PNG */,
				585CF325287CBA66006A0DDF /* IMG_5986.PNG */,
				585080FA28785A0B00A7429F /* Views */,
				585080F7287852F200A7429F /* PreviewHelpers */,
				585080F4287623EA00A7429F /* ViewModel */,
				585080ED28761BE700A7429F /* Repository */,
				585080EC28761BD300A7429F /* Models */,
				585080DE287617BB00A7429F /* FriendFaceApp.swift */,
				585080E0287617BB00A7429F /* ContentView.swift */,
				585080E2287617C200A7429F /* Assets.xcassets */,
				585080E4287617C200A7429F /* Preview Content */,
			);
			path = FriendFace;
			sourceTree = "<group>";
		};
		585080E4287617C200A7429F /* Preview Content */ = {
			isa = PBXGroup;
			children = (
				585080E5287617C200A7429F /* Preview Assets.xcassets */,
			);
			path = "Preview Content";
			sourceTree = "<group>";
		};
		585080EC28761BD300A7429F /* Models */ = {
			isa = PBXGroup;
			children = (
				585080F028761C6800A7429F /* User.swift */,
				585080F228761C7700A7429F /* Friend.swift */,
			);
			path = Models;
			sourceTree = "<group>";
		};
		585080ED28761BE700A7429F /* Repository */ = {
			isa = PBXGroup;
			children = (
				585080EE28761C1900A7429F /* UserRepository.swift */,
			);
			path = Repository;
			sourceTree = "<group>";
		};
		585080F4287623EA00A7429F /* ViewModel */ = {
			isa = PBXGroup;
			children = (
				585080F52876240000A7429F /* UserViewModel.swift */,
			);
			path = ViewModel;
			sourceTree = "<group>";
		};
		585080F7287852F200A7429F /* PreviewHelpers */ = {
			isa = PBXGroup;
			children = (
				585080F82878530D00A7429F /* PreviewUserRepository.swift */,
			);
			path = PreviewHelpers;
			sourceTree = "<group>";
		};
		585080FA28785A0B00A7429F /* Views */ = {
			isa = PBXGroup;
			children = (
				585080FB28785A1F00A7429F /* UserListView.swift */,
				585080FD28785A2D00A7429F /* UserDetailView.swift */,
				585CF32C287E0FCD006A0DDF /* SectionView.swift */,
				585CF32E287E1504006A0DDF /* SectionCell.swift */,
				585CF330287E1A14006A0DDF /* ConditionalDividerList.swift */,
				585CF334287F32D8006A0DDF /* ScrollViewOffset.swift */,
			);
			path = Views;
			sourceTree = "<group>";
		};
		585CF32B287E0AB7006A0DDF /* Colors */ = {
			isa = PBXGroup;
			children = (
				585CF328287E0A96006A0DDF /* Color+System.swift */,
			);
			path = Colors;
			sourceTree = "<group>";
		};
/* End PBXGroup section */

/* Begin PBXNativeTarget section */
		585080DA287617BB00A7429F /* FriendFace */ = {
			isa = PBXNativeTarget;
			buildConfigurationList = 585080E9287617C200A7429F /* Build configuration list for PBXNativeTarget "FriendFace" */;
			buildPhases = (
				585080D7287617BB00A7429F /* Sources */,
				585080D8287617BB00A7429F /* Frameworks */,
				585080D9287617BB00A7429F /* Resources */,
			);
			buildRules = (
			);
			dependencies = (
			);
			name = FriendFace;
			productName = FriendFace;
			productReference = 585080DB287617BB00A7429F /* FriendFace.app */;
			productType = "com.apple.product-type.application";
		};
/* End PBXNativeTarget section */

/* Begin PBXProject section */
		585080D3287617BB00A7429F /* Project object */ = {
			isa = PBXProject;
			attributes = {
				BuildIndependentTargetsInParallel = 1;
				LastSwiftUpdateCheck = 1340;
				LastUpgradeCheck = 1340;
				TargetAttributes = {
					585080DA287617BB00A7429F = {
						CreatedOnToolsVersion = 13.4.1;
					};
				};
			};
			buildConfigurationList = 585080D6287617BB00A7429F /* Build configuration list for PBXProject "FriendFace" */;
			compatibilityVersion = "Xcode 13.0";
			developmentRegion = en;
			hasScannedForEncodings = 0;
			knownRegions = (
				en,
				Base,
			);
			mainGroup = 585080D2287617BB00A7429F;
			productRefGroup = 585080DC287617BB00A7429F /* Products */;
			projectDirPath = "";
			projectRoot = "";
			targets = (
				585080DA287617BB00A7429F /* FriendFace */,
			);
		};
/* End PBXProject section */

/* Begin PBXResourcesBuildPhase section */
		585080D9287617BB00A7429F /* Resources */ = {
			isa = PBXResourcesBuildPhase;
			buildActionMask = 2147483647;
			files = (
				585CF326287CBA66006A0DDF /* IMG_5985.PNG in Resources */,
				585080E6287617C200A7429F /* Preview Assets.xcassets in Resources */,
				585080E3287617C200A7429F /* Assets.xcassets in Resources */,
				585CF327287CBA66006A0DDF /* IMG_5986.PNG in Resources */,
			);
			runOnlyForDeploymentPostprocessing = 0;
		};
/* End PBXResourcesBuildPhase section */

/* Begin PBXSourcesBuildPhase section */
		585080D7287617BB00A7429F /* Sources */ = {
			isa = PBXSourcesBuildPhase;
			buildActionMask = 2147483647;
			files = (
				585080F128761C6800A7429F /* User.swift in Sources */,
				585080F62876240000A7429F /* UserViewModel.swift in Sources */,
				585CF32D287E0FCD006A0DDF /* SectionView.swift in Sources */,
				585080E1287617BB00A7429F /* ContentView.swift in Sources */,
				585080FC28785A1F00A7429F /* UserListView.swift in Sources */,
				585CF329287E0A97006A0DDF /* Color+System.swift in Sources */,
				585080FE28785A2D00A7429F /* UserDetailView.swift in Sources */,
				585080F92878530D00A7429F /* PreviewUserRepository.swift in Sources */,
				585080F328761C7700A7429F /* Friend.swift in Sources */,
				585CF32F287E1504006A0DDF /* SectionCell.swift in Sources */,
				585CF335287F32D8006A0DDF /* ScrollViewOffset.swift in Sources */,
				585080DF287617BB00A7429F /* FriendFaceApp.swift in Sources */,
				585CF331287E1A14006A0DDF /* ConditionalDividerList.swift in Sources */,
				585080EF28761C1900A7429F /* UserRepository.swift in Sources */,
			);
			runOnlyForDeploymentPostprocessing = 0;
		};
/* End PBXSourcesBuildPhase section */

/* Begin XCBuildConfiguration section */
		585080E7287617C200A7429F /* Debug */ = {
			isa = XCBuildConfiguration;
			buildSettings = {
				ALWAYS_SEARCH_USER_PATHS = NO;
				CLANG_ANALYZER_NONNULL = YES;
				CLANG_ANALYZER_NUMBER_OBJECT_CONVERSION = YES_AGGRESSIVE;
				CLANG_CXX_LANGUAGE_STANDARD = "gnu++17";
				CLANG_ENABLE_MODULES = YES;
				CLANG_ENABLE_OBJC_ARC = YES;
				CLANG_ENABLE_OBJC_WEAK = YES;
				CLANG_WARN_BLOCK_CAPTURE_AUTORELEASING = YES;
				CLANG_WARN_BOOL_CONVERSION = YES;
				CLANG_WARN_COMMA = YES;
				CLANG_WARN_CONSTANT_CONVERSION = YES;
				CLANG_WARN_DEPRECATED_OBJC_IMPLEMENTATIONS = YES;
				CLANG_WARN_DIRECT_OBJC_ISA_USAGE = YES_ERROR;
				CLANG_WARN_DOCUMENTATION_COMMENTS = YES;
				CLANG_WARN_EMPTY_BODY = YES;
				CLANG_WARN_ENUM_CONVERSION = YES;
				CLANG_WARN_INFINITE_RECURSION = YES;
				CLANG_WARN_INT_CONVERSION = YES;
				CLANG_WARN_NON_LITERAL_NULL_CONVERSION = YES;
				CLANG_WARN_OBJC_IMPLICIT_RETAIN_SELF = YES;
				CLANG_WARN_OBJC_LITERAL_CONVERSION = YES;
				CLANG_WARN_OBJC_ROOT_CLASS = YES_ERROR;
				CLANG_WARN_QUOTED_INCLUDE_IN_FRAMEWORK_HEADER = YES;
				CLANG_WARN_RANGE_LOOP_ANALYSIS = YES;
				CLANG_WARN_STRICT_PROTOTYPES = YES;
				CLANG_WARN_SUSPICIOUS_MOVE = YES;
				CLANG_WARN_UNGUARDED_AVAILABILITY = YES_AGGRESSIVE;
				CLANG_WARN_UNREACHABLE_CODE = YES;
				CLANG_WARN__DUPLICATE_METHOD_MATCH = YES;
				COPY_PHASE_STRIP = NO;
				DEBUG_INFORMATION_FORMAT = dwarf;
				ENABLE_STRICT_OBJC_MSGSEND = YES;
				ENABLE_TESTABILITY = YES;
				GCC_C_LANGUAGE_STANDARD = gnu11;
				GCC_DYNAMIC_NO_PIC = NO;
				GCC_NO_COMMON_BLOCKS = YES;
				GCC_OPTIMIZATION_LEVEL = 0;
				GCC_PREPROCESSOR_DEFINITIONS = (
					"DEBUG=1",
					"$(inherited)",
				);
				GCC_WARN_64_TO_32_BIT_CONVERSION = YES;
				GCC_WARN_ABOUT_RETURN_TYPE = YES_ERROR;
				GCC_WARN_UNDECLARED_SELECTOR = YES;
				GCC_WARN_UNINITIALIZED_AUTOS = YES_AGGRESSIVE;
				GCC_WARN_UNUSED_FUNCTION = YES;
				GCC_WARN_UNUSED_VARIABLE = YES;
				IPHONEOS_DEPLOYMENT_TARGET = 15.5;
				MTL_ENABLE_DEBUG_INFO = INCLUDE_SOURCE;
				MTL_FAST_MATH = YES;
				ONLY_ACTIVE_ARCH = YES;
				SDKROOT = iphoneos;
				SWIFT_ACTIVE_COMPILATION_CONDITIONS = DEBUG;
				SWIFT_OPTIMIZATION_LEVEL = "-Onone";
			};
			name = Debug;
		};
		585080E8287617C200A7429F /* Release */ = {
			isa = XCBuildConfiguration;
			buildSettings = {
				ALWAYS_SEARCH_USER_PATHS = NO;
				CLANG_ANALYZER_NONNULL = YES;
				CLANG_ANALYZER_NUMBER_OBJECT_CONVERSION = YES_AGGRESSIVE;
				CLANG_CXX_LANGUAGE_STANDARD = "gnu++17";
				CLANG_ENABLE_MODULES = YES;
				CLANG_ENABLE_OBJC_ARC = YES;
				CLANG_ENABLE_OBJC_WEAK = YES;
				CLANG_WARN_BLOCK_CAPTURE_AUTORELEASING = YES;
				CLANG_WARN_BOOL_CONVERSION = YES;
				CLANG_WARN_COMMA = YES;
				CLANG_WARN_CONSTANT_CONVERSION = YES;
				CLANG_WARN_DEPRECATED_OBJC_IMPLEMENTATIONS = YES;
				CLANG_WARN_DIRECT_OBJC_ISA_USAGE = YES_ERROR;
				CLANG_WARN_DOCUMENTATION_COMMENTS = YES;
				CLANG_WARN_EMPTY_BODY = YES;
				CLANG_WARN_ENUM_CONVERSION = YES;
				CLANG_WARN_INFINITE_RECURSION = YES;
				CLANG_WARN_INT_CONVERSION = YES;
				CLANG_WARN_NON_LITERAL_NULL_CONVERSION = YES;
				CLANG_WARN_OBJC_IMPLICIT_RETAIN_SELF = YES;
				CLANG_WARN_OBJC_LITERAL_CONVERSION = YES;
				CLANG_WARN_OBJC_ROOT_CLASS = YES_ERROR;
				CLANG_WARN_QUOTED_INCLUDE_IN_FRAMEWORK_HEADER = YES;
				CLANG_WARN_RANGE_LOOP_ANALYSIS = YES;
				CLANG_WARN_STRICT_PROTOTYPES = YES;
				CLANG_WARN_SUSPICIOUS_MOVE = YES;
				CLANG_WARN_UNGUARDED_AVAILABILITY = YES_AGGRESSIVE;
				CLANG_WARN_UNREACHABLE_CODE = YES;
				CLANG_WARN__DUPLICATE_METHOD_MATCH = YES;
				COPY_PHASE_STRIP = NO;
				DEBUG_INFORMATION_FORMAT = "dwarf-with-dsym";
				ENABLE_NS_ASSERTIONS = NO;
				ENABLE_STRICT_OBJC_MSGSEND = YES;
				GCC_C_LANGUAGE_STANDARD = gnu11;
				GCC_NO_COMMON_BLOCKS = YES;
				GCC_WARN_64_TO_32_BIT_CONVERSION = YES;
				GCC_WARN_ABOUT_RETURN_TYPE = YES_ERROR;
				GCC_WARN_UNDECLARED_SELECTOR = YES;
				GCC_WARN_UNINITIALIZED_AUTOS = YES_AGGRESSIVE;
				GCC_WARN_UNUSED_FUNCTION = YES;
				GCC_WARN_UNUSED_VARIABLE = YES;
				IPHONEOS_DEPLOYMENT_TARGET = 15.5;
				MTL_ENABLE_DEBUG_INFO = NO;
				MTL_FAST_MATH = YES;
				SDKROOT = iphoneos;
				SWIFT_COMPILATION_MODE = wholemodule;
				SWIFT_OPTIMIZATION_LEVEL = "-O";
				VALIDATE_PRODUCT = YES;
			};
			name = Release;
		};
		585080EA287617C200A7429F /* Debug */ = {
			isa = XCBuildConfiguration;
			buildSettings = {
				ASSETCATALOG_COMPILER_APPICON_NAME = AppIcon;
				ASSETCATALOG_COMPILER_GLOBAL_ACCENT_COLOR_NAME = AccentColor;
				CODE_SIGN_STYLE = Automatic;
				CURRENT_PROJECT_VERSION = 1;
				DEVELOPMENT_ASSET_PATHS = "\"FriendFace/Preview Content\"";
				DEVELOPMENT_TEAM = SR5D6FC58T;
				ENABLE_PREVIEWS = YES;
				GENERATE_INFOPLIST_FILE = YES;
				INFOPLIST_KEY_UIApplicationSceneManifest_Generation = YES;
				INFOPLIST_KEY_UIApplicationSupportsIndirectInputEvents = YES;
				INFOPLIST_KEY_UILaunchScreen_Generation = YES;
				INFOPLIST_KEY_UISupportedInterfaceOrientations_iPad = "UIInterfaceOrientationPortrait UIInterfaceOrientationPortraitUpsideDown UIInterfaceOrientationLandscapeLeft UIInterfaceOrientationLandscapeRight";
				INFOPLIST_KEY_UISupportedInterfaceOrientations_iPhone = "UIInterfaceOrientationPortrait UIInterfaceOrientationLandscapeLeft UIInterfaceOrientationLandscapeRight";
				LD_RUNPATH_SEARCH_PATHS = (
					"$(inherited)",
					"@executable_path/Frameworks",
				);
				MARKETING_VERSION = 1.0;
				PRODUCT_BUNDLE_IDENTIFIER = name.kayley.FriendFace;
				PRODUCT_NAME = "$(TARGET_NAME)";
				SWIFT_EMIT_LOC_STRINGS = YES;
				SWIFT_VERSION = 5.0;
				TARGETED_DEVICE_FAMILY = "1,2";
			};
			name = Debug;
		};
		585080EB287617C200A7429F /* Release */ = {
			isa = XCBuildConfiguration;
			buildSettings = {
				ASSETCATALOG_COMPILER_APPICON_NAME = AppIcon;
				ASSETCATALOG_COMPILER_GLOBAL_ACCENT_COLOR_NAME = AccentColor;
				CODE_SIGN_STYLE = Automatic;
				CURRENT_PROJECT_VERSION = 1;
				DEVELOPMENT_ASSET_PATHS = "\"FriendFace/Preview Content\"";
				DEVELOPMENT_TEAM = SR5D6FC58T;
				ENABLE_PREVIEWS = YES;
				GENERATE_INFOPLIST_FILE = YES;
				INFOPLIST_KEY_UIApplicationSceneManifest_Generation = YES;
				INFOPLIST_KEY_UIApplicationSupportsIndirectInputEvents = YES;
				INFOPLIST_KEY_UILaunchScreen_Generation = YES;
				INFOPLIST_KEY_UISupportedInterfaceOrientations_iPad = "UIInterfaceOrientationPortrait UIInterfaceOrientationPortraitUpsideDown UIInterfaceOrientationLandscapeLeft UIInterfaceOrientationLandscapeRight";
				INFOPLIST_KEY_UISupportedInterfaceOrientations_iPhone = "UIInterfaceOrientationPortrait UIInterfaceOrientationLandscapeLeft UIInterfaceOrientationLandscapeRight";
				LD_RUNPATH_SEARCH_PATHS = (
					"$(inherited)",
					"@executable_path/Frameworks",
				);
				MARKETING_VERSION = 1.0;
				PRODUCT_BUNDLE_IDENTIFIER = name.kayley.FriendFace;
				PRODUCT_NAME = "$(TARGET_NAME)";
				SWIFT_EMIT_LOC_STRINGS = YES;
				SWIFT_VERSION = 5.0;
				TARGETED_DEVICE_FAMILY = "1,2";
			};
			name = Release;
		};
/* End XCBuildConfiguration section */

/* Begin XCConfigurationList section */
		585080D6287617BB00A7429F /* Build configuration list for PBXProject "FriendFace" */ = {
			isa = XCConfigurationList;
			buildConfigurations = (
				585080E7287617C200A7429F /* Debug */,
				585080E8287617C200A7429F /* Release */,
			);
			defaultConfigurationIsVisible = 0;
			defaultConfigurationName = Release;
		};
		585080E9287617C200A7429F /* Build configuration list for PBXNativeTarget "FriendFace" */ = {
			isa = XCConfigurationList;
			buildConfigurations = (
				585080EA287617C200A7429F /* Debug */,
				585080EB287617C200A7429F /* Release */,
			);
			defaultConfigurationIsVisible = 0;
			defaultConfigurationName = Release;
		};
/* End XCConfigurationList section */
	};
	rootObject = 585080D3287617BB00A7429F /* Project object */;
}
