// !$*UTF8*$!
{
	archiveVersion = 1;
	classes = {
	};
	objectVersion = 55;
	objects = {

/* Begin PBXBuildFile section */
		58979BD628A45DA400B43010 /* PreviewNamedPhotos.swift in Sources */ = {isa = PBXBuildFile; fileRef = 58979BD528A45DA400B43010 /* PreviewNamedPhotos.swift */; };
		58B1847028A44D7E000DE6BB /* PhotoNamesApp.swift in Sources */ = {isa = PBXBuildFile; fileRef = 58B1846F28A44D7E000DE6BB /* PhotoNamesApp.swift */; };
		58B1847228A44D7E000DE6BB /* ContentView.swift in Sources */ = {isa = PBXBuildFile; fileRef = 58B1847128A44D7E000DE6BB /* ContentView.swift */; };
		58B1847428A44D89000DE6BB /* Assets.xcassets in Resources */ = {isa = PBXBuildFile; fileRef = 58B1847328A44D89000DE6BB /* Assets.xcassets */; };
		58B1847728A44D89000DE6BB /* Preview Assets.xcassets in Resources */ = {isa = PBXBuildFile; fileRef = 58B1847628A44D89000DE6BB /* Preview Assets.xcassets */; };
		58B1848328A44E83000DE6BB /* ImagePicker.swift in Sources */ = {isa = PBXBuildFile; fileRef = 58B1848128A44E83000DE6BB /* ImagePicker.swift */; };
		58B1848728A44EDC000DE6BB /* NamedPhoto.swift in Sources */ = {isa = PBXBuildFile; fileRef = 58B1848628A44EDC000DE6BB /* NamedPhoto.swift */; };
		58B1848B28A45312000DE6BB /* PhotoListView.swift in Sources */ = {isa = PBXBuildFile; fileRef = 58B1848A28A45312000DE6BB /* PhotoListView.swift */; };
		58D0845128BEB4CF00286646 /* PhotoNameView.swift in Sources */ = {isa = PBXBuildFile; fileRef = 58D0845028BEB4CF00286646 /* PhotoNameView.swift */; };
		58D0845428BEBBA400286646 /* PhotoListView-ViewModel.swift in Sources */ = {isa = PBXBuildFile; fileRef = 58D0845328BEBBA400286646 /* PhotoListView-ViewModel.swift */; };
		58D0845728BEC07000286646 /* FileManager+DocumentsDirectory.swift in Sources */ = {isa = PBXBuildFile; fileRef = 58D0845628BEC07000286646 /* FileManager+DocumentsDirectory.swift */; };
		58D0845B28C14AA700286646 /* FileManager+Codable.swift in Sources */ = {isa = PBXBuildFile; fileRef = 58D0845A28C14AA700286646 /* FileManager+Codable.swift */; };
		58D0845E28C1501D00286646 /* PhotoStorageService.swift in Sources */ = {isa = PBXBuildFile; fileRef = 58D0845D28C1501D00286646 /* PhotoStorageService.swift */; };
		58D0846028C15EB900286646 /* PreviewPhotoStorageService.swift in Sources */ = {isa = PBXBuildFile; fileRef = 58D0845F28C15EB900286646 /* PreviewPhotoStorageService.swift */; };
		58D0846528C3FBA700286646 /* CacheableAsyncImage.swift in Sources */ = {isa = PBXBuildFile; fileRef = 58D0846428C3FBA700286646 /* CacheableAsyncImage.swift */; };
		58D0846728C3FBDF00286646 /* EnvironmentValues+ImageCache.swift in Sources */ = {isa = PBXBuildFile; fileRef = 58D0846628C3FBDF00286646 /* EnvironmentValues+ImageCache.swift */; };
		58D0846928C3FC0A00286646 /* ImageCache.swift in Sources */ = {isa = PBXBuildFile; fileRef = 58D0846828C3FC0A00286646 /* ImageCache.swift */; };
		58D0846B28C3FCD600286646 /* ImageLoader.swift in Sources */ = {isa = PBXBuildFile; fileRef = 58D0846A28C3FCD600286646 /* ImageLoader.swift */; };
		58D0846D28C4001500286646 /* PhotoDetailView.swift in Sources */ = {isa = PBXBuildFile; fileRef = 58D0846C28C4001500286646 /* PhotoDetailView.swift */; };
		58D0846F28C7E7E100286646 /* LocationFetcher.swift in Sources */ = {isa = PBXBuildFile; fileRef = 58D0846E28C7E7E100286646 /* LocationFetcher.swift */; };
		58D0847128C7EE4B00286646 /* PhotoLocation.swift in Sources */ = {isa = PBXBuildFile; fileRef = 58D0847028C7EE4B00286646 /* PhotoLocation.swift */; };
		58D0847328C7EEC900286646 /* PhotoLocation+CoreLocation.swift in Sources */ = {isa = PBXBuildFile; fileRef = 58D0847228C7EEC900286646 /* PhotoLocation+CoreLocation.swift */; };
		58D0847528C940E600286646 /* PhotoLocationView.swift in Sources */ = {isa = PBXBuildFile; fileRef = 58D0847428C940E600286646 /* PhotoLocationView.swift */; };
/* End PBXBuildFile section */

/* Begin PBXFileReference section */
		58979BD528A45DA400B43010 /* PreviewNamedPhotos.swift */ = {isa = PBXFileReference; lastKnownFileType = sourcecode.swift; path = PreviewNamedPhotos.swift; sourceTree = "<group>"; };
		58B1846C28A44D7E000DE6BB /* PhotoNames.app */ = {isa = PBXFileReference; explicitFileType = wrapper.application; includeInIndex = 0; path = PhotoNames.app; sourceTree = BUILT_PRODUCTS_DIR; };
		58B1846F28A44D7E000DE6BB /* PhotoNamesApp.swift */ = {isa = PBXFileReference; lastKnownFileType = sourcecode.swift; path = PhotoNamesApp.swift; sourceTree = "<group>"; };
		58B1847128A44D7E000DE6BB /* ContentView.swift */ = {isa = PBXFileReference; lastKnownFileType = sourcecode.swift; path = ContentView.swift; sourceTree = "<group>"; };
		58B1847328A44D89000DE6BB /* Assets.xcassets */ = {isa = PBXFileReference; lastKnownFileType = folder.assetcatalog; path = Assets.xcassets; sourceTree = "<group>"; };
		58B1847628A44D89000DE6BB /* Preview Assets.xcassets */ = {isa = PBXFileReference; lastKnownFileType = folder.assetcatalog; path = "Preview Assets.xcassets"; sourceTree = "<group>"; };
		58B1848128A44E83000DE6BB /* ImagePicker.swift */ = {isa = PBXFileReference; fileEncoding = 4; lastKnownFileType = sourcecode.swift; path = ImagePicker.swift; sourceTree = "<group>"; };
		58B1848628A44EDC000DE6BB /* NamedPhoto.swift */ = {isa = PBXFileReference; lastKnownFileType = sourcecode.swift; path = NamedPhoto.swift; sourceTree = "<group>"; };
		58B1848A28A45312000DE6BB /* PhotoListView.swift */ = {isa = PBXFileReference; lastKnownFileType = sourcecode.swift; path = PhotoListView.swift; sourceTree = "<group>"; };
		58D0845028BEB4CF00286646 /* PhotoNameView.swift */ = {isa = PBXFileReference; lastKnownFileType = sourcecode.swift; path = PhotoNameView.swift; sourceTree = "<group>"; };
		58D0845328BEBBA400286646 /* PhotoListView-ViewModel.swift */ = {isa = PBXFileReference; lastKnownFileType = sourcecode.swift; path = "PhotoListView-ViewModel.swift"; sourceTree = "<group>"; };
		58D0845628BEC07000286646 /* FileManager+DocumentsDirectory.swift */ = {isa = PBXFileReference; lastKnownFileType = sourcecode.swift; path = "FileManager+DocumentsDirectory.swift"; sourceTree = "<group>"; };
		58D0845A28C14AA700286646 /* FileManager+Codable.swift */ = {isa = PBXFileReference; lastKnownFileType = sourcecode.swift; path = "FileManager+Codable.swift"; sourceTree = "<group>"; };
		58D0845D28C1501D00286646 /* PhotoStorageService.swift */ = {isa = PBXFileReference; lastKnownFileType = sourcecode.swift; path = PhotoStorageService.swift; sourceTree = "<group>"; };
		58D0845F28C15EB900286646 /* PreviewPhotoStorageService.swift */ = {isa = PBXFileReference; lastKnownFileType = sourcecode.swift; path = PreviewPhotoStorageService.swift; sourceTree = "<group>"; };
		58D0846428C3FBA700286646 /* CacheableAsyncImage.swift */ = {isa = PBXFileReference; lastKnownFileType = sourcecode.swift; path = CacheableAsyncImage.swift; sourceTree = "<group>"; };
		58D0846628C3FBDF00286646 /* EnvironmentValues+ImageCache.swift */ = {isa = PBXFileReference; lastKnownFileType = sourcecode.swift; path = "EnvironmentValues+ImageCache.swift"; sourceTree = "<group>"; };
		58D0846828C3FC0A00286646 /* ImageCache.swift */ = {isa = PBXFileReference; lastKnownFileType = sourcecode.swift; path = ImageCache.swift; sourceTree = "<group>"; };
		58D0846A28C3FCD600286646 /* ImageLoader.swift */ = {isa = PBXFileReference; lastKnownFileType = sourcecode.swift; path = ImageLoader.swift; sourceTree = "<group>"; };
		58D0846C28C4001500286646 /* PhotoDetailView.swift */ = {isa = PBXFileReference; lastKnownFileType = sourcecode.swift; path = PhotoDetailView.swift; sourceTree = "<group>"; };
		58D0846E28C7E7E100286646 /* LocationFetcher.swift */ = {isa = PBXFileReference; lastKnownFileType = sourcecode.swift; path = LocationFetcher.swift; sourceTree = "<group>"; };
		58D0847028C7EE4B00286646 /* PhotoLocation.swift */ = {isa = PBXFileReference; lastKnownFileType = sourcecode.swift; path = PhotoLocation.swift; sourceTree = "<group>"; };
		58D0847228C7EEC900286646 /* PhotoLocation+CoreLocation.swift */ = {isa = PBXFileReference; lastKnownFileType = sourcecode.swift; path = "PhotoLocation+CoreLocation.swift"; sourceTree = "<group>"; };
		58D0847428C940E600286646 /* PhotoLocationView.swift */ = {isa = PBXFileReference; lastKnownFileType = sourcecode.swift; path = PhotoLocationView.swift; sourceTree = "<group>"; };
/* End PBXFileReference section */

/* Begin PBXFrameworksBuildPhase section */
		58B1846928A44D7E000DE6BB /* Frameworks */ = {
			isa = PBXFrameworksBuildPhase;
			buildActionMask = 2147483647;
			files = (
			);
			runOnlyForDeploymentPostprocessing = 0;
		};
/* End PBXFrameworksBuildPhase section */

/* Begin PBXGroup section */
		58B1846328A44D7D000DE6BB = {
			isa = PBXGroup;
			children = (
				58B1846E28A44D7E000DE6BB /* PhotoNames */,
				58B1846D28A44D7E000DE6BB /* Products */,
			);
			sourceTree = "<group>";
		};
		58B1846D28A44D7E000DE6BB /* Products */ = {
			isa = PBXGroup;
			children = (
				58B1846C28A44D7E000DE6BB /* PhotoNames.app */,
			);
			name = Products;
			sourceTree = "<group>";
		};
		58B1846E28A44D7E000DE6BB /* PhotoNames */ = {
			isa = PBXGroup;
			children = (
				58D0845C28C14FFF00286646 /* Service */,
				58D0845528BEC05C00286646 /* Utils */,
				58D0845228BEBB8400286646 /* ViewModel */,
				58B1848928A452F7000DE6BB /* View */,
				58B1848828A452D5000DE6BB /* Model */,
				58B1846F28A44D7E000DE6BB /* PhotoNamesApp.swift */,
				58B1847128A44D7E000DE6BB /* ContentView.swift */,
				58B1847328A44D89000DE6BB /* Assets.xcassets */,
				58B1847528A44D89000DE6BB /* Preview Content */,
			);
			path = PhotoNames;
			sourceTree = "<group>";
		};
		58B1847528A44D89000DE6BB /* Preview Content */ = {
			isa = PBXGroup;
			children = (
				58B1847628A44D89000DE6BB /* Preview Assets.xcassets */,
				58979BD528A45DA400B43010 /* PreviewNamedPhotos.swift */,
				58D0845F28C15EB900286646 /* PreviewPhotoStorageService.swift */,
			);
			path = "Preview Content";
			sourceTree = "<group>";
		};
		58B1848828A452D5000DE6BB /* Model */ = {
			isa = PBXGroup;
			children = (
				58B1848628A44EDC000DE6BB /* NamedPhoto.swift */,
				58D0847028C7EE4B00286646 /* PhotoLocation.swift */,
				58D0847228C7EEC900286646 /* PhotoLocation+CoreLocation.swift */,
			);
			path = Model;
			sourceTree = "<group>";
		};
		58B1848928A452F7000DE6BB /* View */ = {
			isa = PBXGroup;
			children = (
				58D0846328C3FB7900286646 /* Image */,
				58B1848128A44E83000DE6BB /* ImagePicker.swift */,
				58B1848A28A45312000DE6BB /* PhotoListView.swift */,
				58D0845028BEB4CF00286646 /* PhotoNameView.swift */,
				58D0846C28C4001500286646 /* PhotoDetailView.swift */,
				58D0847428C940E600286646 /* PhotoLocationView.swift */,
			);
			path = View;
			sourceTree = "<group>";
		};
		58D0845228BEBB8400286646 /* ViewModel */ = {
			isa = PBXGroup;
			children = (
				58D0845328BEBBA400286646 /* PhotoListView-ViewModel.swift */,
			);
			path = ViewModel;
			sourceTree = "<group>";
		};
		58D0845528BEC05C00286646 /* Utils */ = {
			isa = PBXGroup;
			children = (
				58D0845628BEC07000286646 /* FileManager+DocumentsDirectory.swift */,
				58D0845A28C14AA700286646 /* FileManager+Codable.swift */,
				58D0846E28C7E7E100286646 /* LocationFetcher.swift */,
			);
			path = Utils;
			sourceTree = "<group>";
		};
		58D0845C28C14FFF00286646 /* Service */ = {
			isa = PBXGroup;
			children = (
				58D0845D28C1501D00286646 /* PhotoStorageService.swift */,
			);
			path = Service;
			sourceTree = "<group>";
		};
		58D0846328C3FB7900286646 /* Image */ = {
			isa = PBXGroup;
			children = (
				58D0846428C3FBA700286646 /* CacheableAsyncImage.swift */,
				58D0846628C3FBDF00286646 /* EnvironmentValues+ImageCache.swift */,
				58D0846828C3FC0A00286646 /* ImageCache.swift */,
				58D0846A28C3FCD600286646 /* ImageLoader.swift */,
			);
			path = Image;
			sourceTree = "<group>";
		};
/* End PBXGroup section */

/* Begin PBXNativeTarget section */
		58B1846B28A44D7E000DE6BB /* PhotoNames */ = {
			isa = PBXNativeTarget;
			buildConfigurationList = 58B1847A28A44D89000DE6BB /* Build configuration list for PBXNativeTarget "PhotoNames" */;
			buildPhases = (
				58B1846828A44D7E000DE6BB /* Sources */,
				58B1846928A44D7E000DE6BB /* Frameworks */,
				58B1846A28A44D7E000DE6BB /* Resources */,
			);
			buildRules = (
			);
			dependencies = (
			);
			name = PhotoNames;
			productName = PhotoNames;
			productReference = 58B1846C28A44D7E000DE6BB /* PhotoNames.app */;
			productType = "com.apple.product-type.application";
		};
/* End PBXNativeTarget section */

/* Begin PBXProject section */
		58B1846428A44D7E000DE6BB /* Project object */ = {
			isa = PBXProject;
			attributes = {
				BuildIndependentTargetsInParallel = 1;
				LastSwiftUpdateCheck = 1340;
				LastUpgradeCheck = 1340;
				TargetAttributes = {
					58B1846B28A44D7E000DE6BB = {
						CreatedOnToolsVersion = 13.4.1;
					};
				};
			};
			buildConfigurationList = 58B1846728A44D7E000DE6BB /* Build configuration list for PBXProject "PhotoNames" */;
			compatibilityVersion = "Xcode 13.0";
			developmentRegion = en;
			hasScannedForEncodings = 0;
			knownRegions = (
				en,
				Base,
			);
			mainGroup = 58B1846328A44D7D000DE6BB;
			productRefGroup = 58B1846D28A44D7E000DE6BB /* Products */;
			projectDirPath = "";
			projectRoot = "";
			targets = (
				58B1846B28A44D7E000DE6BB /* PhotoNames */,
			);
		};
/* End PBXProject section */

/* Begin PBXResourcesBuildPhase section */
		58B1846A28A44D7E000DE6BB /* Resources */ = {
			isa = PBXResourcesBuildPhase;
			buildActionMask = 2147483647;
			files = (
				58B1847728A44D89000DE6BB /* Preview Assets.xcassets in Resources */,
				58B1847428A44D89000DE6BB /* Assets.xcassets in Resources */,
			);
			runOnlyForDeploymentPostprocessing = 0;
		};
/* End PBXResourcesBuildPhase section */

/* Begin PBXSourcesBuildPhase section */
		58B1846828A44D7E000DE6BB /* Sources */ = {
			isa = PBXSourcesBuildPhase;
			buildActionMask = 2147483647;
			files = (
				58D0846928C3FC0A00286646 /* ImageCache.swift in Sources */,
				58D0845E28C1501D00286646 /* PhotoStorageService.swift in Sources */,
				58D0846D28C4001500286646 /* PhotoDetailView.swift in Sources */,
				58B1848728A44EDC000DE6BB /* NamedPhoto.swift in Sources */,
				58D0846728C3FBDF00286646 /* EnvironmentValues+ImageCache.swift in Sources */,
				58B1848328A44E83000DE6BB /* ImagePicker.swift in Sources */,
				58B1848B28A45312000DE6BB /* PhotoListView.swift in Sources */,
				58D0846B28C3FCD600286646 /* ImageLoader.swift in Sources */,
				58D0846F28C7E7E100286646 /* LocationFetcher.swift in Sources */,
				58B1847228A44D7E000DE6BB /* ContentView.swift in Sources */,
				58D0847328C7EEC900286646 /* PhotoLocation+CoreLocation.swift in Sources */,
				58D0847128C7EE4B00286646 /* PhotoLocation.swift in Sources */,
				58D0846028C15EB900286646 /* PreviewPhotoStorageService.swift in Sources */,
				58D0847528C940E600286646 /* PhotoLocationView.swift in Sources */,
				58D0845128BEB4CF00286646 /* PhotoNameView.swift in Sources */,
				58D0845428BEBBA400286646 /* PhotoListView-ViewModel.swift in Sources */,
				58B1847028A44D7E000DE6BB /* PhotoNamesApp.swift in Sources */,
				58D0845B28C14AA700286646 /* FileManager+Codable.swift in Sources */,
				58D0845728BEC07000286646 /* FileManager+DocumentsDirectory.swift in Sources */,
				58D0846528C3FBA700286646 /* CacheableAsyncImage.swift in Sources */,
				58979BD628A45DA400B43010 /* PreviewNamedPhotos.swift in Sources */,
			);
			runOnlyForDeploymentPostprocessing = 0;
		};
/* End PBXSourcesBuildPhase section */

/* Begin XCBuildConfiguration section */
		58B1847828A44D89000DE6BB /* Debug */ = {
			isa = XCBuildConfiguration;
			buildSettings = {
				ALWAYS_SEARCH_USER_PATHS = NO;
				CLANG_ANALYZER_NONNULL = YES;
				CLANG_ANALYZER_NUMBER_OBJECT_CONVERSION = YES_AGGRESSIVE;
				CLANG_CXX_LANGUAGE_STANDARD = "gnu++17";
				CLANG_ENABLE_MODULES = YES;
				CLANG_ENABLE_OBJC_ARC = YES;
				CLANG_ENABLE_OBJC_WEAK = YES;
				CLANG_WARN_BLOCK_CAPTURE_AUTORELEASING = YES;
				CLANG_WARN_BOOL_CONVERSION = YES;
				CLANG_WARN_COMMA = YES;
				CLANG_WARN_CONSTANT_CONVERSION = YES;
				CLANG_WARN_DEPRECATED_OBJC_IMPLEMENTATIONS = YES;
				CLANG_WARN_DIRECT_OBJC_ISA_USAGE = YES_ERROR;
				CLANG_WARN_DOCUMENTATION_COMMENTS = YES;
				CLANG_WARN_EMPTY_BODY = YES;
				CLANG_WARN_ENUM_CONVERSION = YES;
				CLANG_WARN_INFINITE_RECURSION = YES;
				CLANG_WARN_INT_CONVERSION = YES;
				CLANG_WARN_NON_LITERAL_NULL_CONVERSION = YES;
				CLANG_WARN_OBJC_IMPLICIT_RETAIN_SELF = YES;
				CLANG_WARN_OBJC_LITERAL_CONVERSION = YES;
				CLANG_WARN_OBJC_ROOT_CLASS = YES_ERROR;
				CLANG_WARN_QUOTED_INCLUDE_IN_FRAMEWORK_HEADER = YES;
				CLANG_WARN_RANGE_LOOP_ANALYSIS = YES;
				CLANG_WARN_STRICT_PROTOTYPES = YES;
				CLANG_WARN_SUSPICIOUS_MOVE = YES;
				CLANG_WARN_UNGUARDED_AVAILABILITY = YES_AGGRESSIVE;
				CLANG_WARN_UNREACHABLE_CODE = YES;
				CLANG_WARN__DUPLICATE_METHOD_MATCH = YES;
				COPY_PHASE_STRIP = NO;
				DEBUG_INFORMATION_FORMAT = dwarf;
				ENABLE_STRICT_OBJC_MSGSEND = YES;
				ENABLE_TESTABILITY = YES;
				GCC_C_LANGUAGE_STANDARD = gnu11;
				GCC_DYNAMIC_NO_PIC = NO;
				GCC_NO_COMMON_BLOCKS = YES;
				GCC_OPTIMIZATION_LEVEL = 0;
				GCC_PREPROCESSOR_DEFINITIONS = (
					"DEBUG=1",
					"$(inherited)",
				);
				GCC_WARN_64_TO_32_BIT_CONVERSION = YES;
				GCC_WARN_ABOUT_RETURN_TYPE = YES_ERROR;
				GCC_WARN_UNDECLARED_SELECTOR = YES;
				GCC_WARN_UNINITIALIZED_AUTOS = YES_AGGRESSIVE;
				GCC_WARN_UNUSED_FUNCTION = YES;
				GCC_WARN_UNUSED_VARIABLE = YES;
				IPHONEOS_DEPLOYMENT_TARGET = 15.5;
				MTL_ENABLE_DEBUG_INFO = INCLUDE_SOURCE;
				MTL_FAST_MATH = YES;
				ONLY_ACTIVE_ARCH = YES;
				SDKROOT = iphoneos;
				SWIFT_ACTIVE_COMPILATION_CONDITIONS = DEBUG;
				SWIFT_OPTIMIZATION_LEVEL = "-Onone";
			};
			name = Debug;
		};
		58B1847928A44D89000DE6BB /* Release */ = {
			isa = XCBuildConfiguration;
			buildSettings = {
				ALWAYS_SEARCH_USER_PATHS = NO;
				CLANG_ANALYZER_NONNULL = YES;
				CLANG_ANALYZER_NUMBER_OBJECT_CONVERSION = YES_AGGRESSIVE;
				CLANG_CXX_LANGUAGE_STANDARD = "gnu++17";
				CLANG_ENABLE_MODULES = YES;
				CLANG_ENABLE_OBJC_ARC = YES;
				CLANG_ENABLE_OBJC_WEAK = YES;
				CLANG_WARN_BLOCK_CAPTURE_AUTORELEASING = YES;
				CLANG_WARN_BOOL_CONVERSION = YES;
				CLANG_WARN_COMMA = YES;
				CLANG_WARN_CONSTANT_CONVERSION = YES;
				CLANG_WARN_DEPRECATED_OBJC_IMPLEMENTATIONS = YES;
				CLANG_WARN_DIRECT_OBJC_ISA_USAGE = YES_ERROR;
				CLANG_WARN_DOCUMENTATION_COMMENTS = YES;
				CLANG_WARN_EMPTY_BODY = YES;
				CLANG_WARN_ENUM_CONVERSION = YES;
				CLANG_WARN_INFINITE_RECURSION = YES;
				CLANG_WARN_INT_CONVERSION = YES;
				CLANG_WARN_NON_LITERAL_NULL_CONVERSION = YES;
				CLANG_WARN_OBJC_IMPLICIT_RETAIN_SELF = YES;
				CLANG_WARN_OBJC_LITERAL_CONVERSION = YES;
				CLANG_WARN_OBJC_ROOT_CLASS = YES_ERROR;
				CLANG_WARN_QUOTED_INCLUDE_IN_FRAMEWORK_HEADER = YES;
				CLANG_WARN_RANGE_LOOP_ANALYSIS = YES;
				CLANG_WARN_STRICT_PROTOTYPES = YES;
				CLANG_WARN_SUSPICIOUS_MOVE = YES;
				CLANG_WARN_UNGUARDED_AVAILABILITY = YES_AGGRESSIVE;
				CLANG_WARN_UNREACHABLE_CODE = YES;
				CLANG_WARN__DUPLICATE_METHOD_MATCH = YES;
				COPY_PHASE_STRIP = NO;
				DEBUG_INFORMATION_FORMAT = "dwarf-with-dsym";
				ENABLE_NS_ASSERTIONS = NO;
				ENABLE_STRICT_OBJC_MSGSEND = YES;
				GCC_C_LANGUAGE_STANDARD = gnu11;
				GCC_NO_COMMON_BLOCKS = YES;
				GCC_WARN_64_TO_32_BIT_CONVERSION = YES;
				GCC_WARN_ABOUT_RETURN_TYPE = YES_ERROR;
				GCC_WARN_UNDECLARED_SELECTOR = YES;
				GCC_WARN_UNINITIALIZED_AUTOS = YES_AGGRESSIVE;
				GCC_WARN_UNUSED_FUNCTION = YES;
				GCC_WARN_UNUSED_VARIABLE = YES;
				IPHONEOS_DEPLOYMENT_TARGET = 15.5;
				MTL_ENABLE_DEBUG_INFO = NO;
				MTL_FAST_MATH = YES;
				SDKROOT = iphoneos;
				SWIFT_COMPILATION_MODE = wholemodule;
				SWIFT_OPTIMIZATION_LEVEL = "-O";
				VALIDATE_PRODUCT = YES;
			};
			name = Release;
		};
		58B1847B28A44D89000DE6BB /* Debug */ = {
			isa = XCBuildConfiguration;
			buildSettings = {
				ASSETCATALOG_COMPILER_APPICON_NAME = AppIcon;
				ASSETCATALOG_COMPILER_GLOBAL_ACCENT_COLOR_NAME = AccentColor;
				CODE_SIGN_STYLE = Automatic;
				CURRENT_PROJECT_VERSION = 1;
				DEVELOPMENT_ASSET_PATHS = "\"PhotoNames/Preview Content\"";
				DEVELOPMENT_TEAM = SR5D6FC58T;
				ENABLE_PREVIEWS = YES;
				GENERATE_INFOPLIST_FILE = YES;
				INFOPLIST_KEY_NSLocationWhenInUseUsageDescription = "We need your location to mark where the photos were taken";
				INFOPLIST_KEY_UIApplicationSceneManifest_Generation = YES;
				INFOPLIST_KEY_UIApplicationSupportsIndirectInputEvents = YES;
				INFOPLIST_KEY_UILaunchScreen_Generation = YES;
				INFOPLIST_KEY_UISupportedInterfaceOrientations_iPad = "UIInterfaceOrientationPortrait UIInterfaceOrientationPortraitUpsideDown UIInterfaceOrientationLandscapeLeft UIInterfaceOrientationLandscapeRight";
				INFOPLIST_KEY_UISupportedInterfaceOrientations_iPhone = "UIInterfaceOrientationPortrait UIInterfaceOrientationLandscapeLeft UIInterfaceOrientationLandscapeRight";
				LD_RUNPATH_SEARCH_PATHS = (
					"$(inherited)",
					"@executable_path/Frameworks",
				);
				MARKETING_VERSION = 1.0;
				PRODUCT_BUNDLE_IDENTIFIER = name.kayley.PhotoNames;
				PRODUCT_NAME = "$(TARGET_NAME)";
				SWIFT_EMIT_LOC_STRINGS = YES;
				SWIFT_VERSION = 5.0;
				TARGETED_DEVICE_FAMILY = "1,2";
			};
			name = Debug;
		};
		58B1847C28A44D89000DE6BB /* Release */ = {
			isa = XCBuildConfiguration;
			buildSettings = {
				ASSETCATALOG_COMPILER_APPICON_NAME = AppIcon;
				ASSETCATALOG_COMPILER_GLOBAL_ACCENT_COLOR_NAME = AccentColor;
				CODE_SIGN_STYLE = Automatic;
				CURRENT_PROJECT_VERSION = 1;
				DEVELOPMENT_ASSET_PATHS = "\"PhotoNames/Preview Content\"";
				DEVELOPMENT_TEAM = SR5D6FC58T;
				ENABLE_PREVIEWS = YES;
				GENERATE_INFOPLIST_FILE = YES;
				INFOPLIST_KEY_NSLocationWhenInUseUsageDescription = "We need your location to mark where the photos were taken";
				INFOPLIST_KEY_UIApplicationSceneManifest_Generation = YES;
				INFOPLIST_KEY_UIApplicationSupportsIndirectInputEvents = YES;
				INFOPLIST_KEY_UILaunchScreen_Generation = YES;
				INFOPLIST_KEY_UISupportedInterfaceOrientations_iPad = "UIInterfaceOrientationPortrait UIInterfaceOrientationPortraitUpsideDown UIInterfaceOrientationLandscapeLeft UIInterfaceOrientationLandscapeRight";
				INFOPLIST_KEY_UISupportedInterfaceOrientations_iPhone = "UIInterfaceOrientationPortrait UIInterfaceOrientationLandscapeLeft UIInterfaceOrientationLandscapeRight";
				LD_RUNPATH_SEARCH_PATHS = (
					"$(inherited)",
					"@executable_path/Frameworks",
				);
				MARKETING_VERSION = 1.0;
				PRODUCT_BUNDLE_IDENTIFIER = name.kayley.PhotoNames;
				PRODUCT_NAME = "$(TARGET_NAME)";
				SWIFT_EMIT_LOC_STRINGS = YES;
				SWIFT_VERSION = 5.0;
				TARGETED_DEVICE_FAMILY = "1,2";
			};
			name = Release;
		};
/* End XCBuildConfiguration section */

/* Begin XCConfigurationList section */
		58B1846728A44D7E000DE6BB /* Build configuration list for PBXProject "PhotoNames" */ = {
			isa = XCConfigurationList;
			buildConfigurations = (
				58B1847828A44D89000DE6BB /* Debug */,
				58B1847928A44D89000DE6BB /* Release */,
			);
			defaultConfigurationIsVisible = 0;
			defaultConfigurationName = Release;
		};
		58B1847A28A44D89000DE6BB /* Build configuration list for PBXNativeTarget "PhotoNames" */ = {
			isa = XCConfigurationList;
			buildConfigurations = (
				58B1847B28A44D89000DE6BB /* Debug */,
				58B1847C28A44D89000DE6BB /* Release */,
			);
			defaultConfigurationIsVisible = 0;
			defaultConfigurationName = Release;
		};
/* End XCConfigurationList section */
	};
	rootObject = 58B1846428A44D7E000DE6BB /* Project object */;
}
