// !$*UTF8*$!
{
	archiveVersion = 1;
	classes = {
	};
	objectVersion = 55;
	objects = {

/* Begin PBXBuildFile section */
		5802AA5C28D2701500F5DDD9 /* ProspectsView.swift in Sources */ = {isa = PBXBuildFile; fileRef = 5802AA5B28D2701500F5DDD9 /* ProspectsView.swift */; };
		5802AA5E28D2703000F5DDD9 /* MeView.swift in Sources */ = {isa = PBXBuildFile; fileRef = 5802AA5D28D2703000F5DDD9 /* MeView.swift */; };
		5802AA6028D2708B00F5DDD9 /* MainView.swift in Sources */ = {isa = PBXBuildFile; fileRef = 5802AA5F28D2708B00F5DDD9 /* MainView.swift */; };
		5802AA6328D276CF00F5DDD9 /* Prospect.swift in Sources */ = {isa = PBXBuildFile; fileRef = 5802AA6228D276CF00F5DDD9 /* Prospect.swift */; };
		583D885B28D3CCF600C31AB7 /* CodeScanner in Frameworks */ = {isa = PBXBuildFile; productRef = 583D885A28D3CCF600C31AB7 /* CodeScanner */; };
		58D0848328CC7ED600286646 /* Hot_ProspectsApp.swift in Sources */ = {isa = PBXBuildFile; fileRef = 58D0848228CC7ED600286646 /* Hot_ProspectsApp.swift */; };
		58D0848528CC7ED600286646 /* ContentView.swift in Sources */ = {isa = PBXBuildFile; fileRef = 58D0848428CC7ED600286646 /* ContentView.swift */; };
		58D0848728CC7EE400286646 /* Assets.xcassets in Resources */ = {isa = PBXBuildFile; fileRef = 58D0848628CC7EE400286646 /* Assets.xcassets */; };
		58D0848A28CC7EE400286646 /* Preview Assets.xcassets in Resources */ = {isa = PBXBuildFile; fileRef = 58D0848928CC7EE400286646 /* Preview Assets.xcassets */; };
		58D0849328CCB29200286646 /* LearningEnvironmentObjects.swift in Sources */ = {isa = PBXBuildFile; fileRef = 58D0849228CCB29200286646 /* LearningEnvironmentObjects.swift */; };
		58D0849628CDFA4300286646 /* LearningTabViews.swift in Sources */ = {isa = PBXBuildFile; fileRef = 58D0849528CDFA4300286646 /* LearningTabViews.swift */; };
		58D0849B28CE069D00286646 /* ObservableObjects.swift in Sources */ = {isa = PBXBuildFile; fileRef = 58D0849A28CE069D00286646 /* ObservableObjects.swift */; };
		58D0849E28CE080500286646 /* UnderstandingSwiftsResultType.swift in Sources */ = {isa = PBXBuildFile; fileRef = 58D0849D28CE080500286646 /* UnderstandingSwiftsResultType.swift */; };
		58D084A128CE0CE300286646 /* ImageInterpolationExample.swift in Sources */ = {isa = PBXBuildFile; fileRef = 58D084A028CE0CE300286646 /* ImageInterpolationExample.swift */; };
		58D084A428D1277D00286646 /* CreatingContextMenus.swift in Sources */ = {isa = PBXBuildFile; fileRef = 58D084A328D1277D00286646 /* CreatingContextMenus.swift */; };
		58D084A728D12D0800286646 /* CustomRowSwipeActions.swift in Sources */ = {isa = PBXBuildFile; fileRef = 58D084A628D12D0800286646 /* CustomRowSwipeActions.swift */; };
		58D084AA28D12F4100286646 /* LocalNotifications.swift in Sources */ = {isa = PBXBuildFile; fileRef = 58D084A928D12F4100286646 /* LocalNotifications.swift */; };
		58D084AD28D1324800286646 /* SamplePackage in Frameworks */ = {isa = PBXBuildFile; productRef = 58D084AC28D1324800286646 /* SamplePackage */; };
		58D084B028D1326A00286646 /* SPM.swift in Sources */ = {isa = PBXBuildFile; fileRef = 58D084AF28D1326A00286646 /* SPM.swift */; };
/* End PBXBuildFile section */

/* Begin PBXFileReference section */
		5802AA5B28D2701500F5DDD9 /* ProspectsView.swift */ = {isa = PBXFileReference; lastKnownFileType = sourcecode.swift; path = ProspectsView.swift; sourceTree = "<group>"; };
		5802AA5D28D2703000F5DDD9 /* MeView.swift */ = {isa = PBXFileReference; lastKnownFileType = sourcecode.swift; path = MeView.swift; sourceTree = "<group>"; };
		5802AA5F28D2708B00F5DDD9 /* MainView.swift */ = {isa = PBXFileReference; lastKnownFileType = sourcecode.swift; path = MainView.swift; sourceTree = "<group>"; };
		5802AA6228D276CF00F5DDD9 /* Prospect.swift */ = {isa = PBXFileReference; lastKnownFileType = sourcecode.swift; path = Prospect.swift; sourceTree = "<group>"; };
		58D0847F28CC7ED600286646 /* Hot Prospects.app */ = {isa = PBXFileReference; explicitFileType = wrapper.application; includeInIndex = 0; path = "Hot Prospects.app"; sourceTree = BUILT_PRODUCTS_DIR; };
		58D0848228CC7ED600286646 /* Hot_ProspectsApp.swift */ = {isa = PBXFileReference; lastKnownFileType = sourcecode.swift; path = Hot_ProspectsApp.swift; sourceTree = "<group>"; };
		58D0848428CC7ED600286646 /* ContentView.swift */ = {isa = PBXFileReference; lastKnownFileType = sourcecode.swift; path = ContentView.swift; sourceTree = "<group>"; };
		58D0848628CC7EE400286646 /* Assets.xcassets */ = {isa = PBXFileReference; lastKnownFileType = folder.assetcatalog; path = Assets.xcassets; sourceTree = "<group>"; };
		58D0848928CC7EE400286646 /* Preview Assets.xcassets */ = {isa = PBXFileReference; lastKnownFileType = folder.assetcatalog; path = "Preview Assets.xcassets"; sourceTree = "<group>"; };
		58D0849228CCB29200286646 /* LearningEnvironmentObjects.swift */ = {isa = PBXFileReference; lastKnownFileType = sourcecode.swift; path = LearningEnvironmentObjects.swift; sourceTree = "<group>"; };
		58D0849528CDFA4300286646 /* LearningTabViews.swift */ = {isa = PBXFileReference; lastKnownFileType = sourcecode.swift; path = LearningTabViews.swift; sourceTree = "<group>"; };
		58D0849A28CE069D00286646 /* ObservableObjects.swift */ = {isa = PBXFileReference; lastKnownFileType = sourcecode.swift; path = ObservableObjects.swift; sourceTree = "<group>"; };
		58D0849D28CE080500286646 /* UnderstandingSwiftsResultType.swift */ = {isa = PBXFileReference; lastKnownFileType = sourcecode.swift; path = UnderstandingSwiftsResultType.swift; sourceTree = "<group>"; };
		58D084A028CE0CE300286646 /* ImageInterpolationExample.swift */ = {isa = PBXFileReference; lastKnownFileType = sourcecode.swift; path = ImageInterpolationExample.swift; sourceTree = "<group>"; };
		58D084A328D1277D00286646 /* CreatingContextMenus.swift */ = {isa = PBXFileReference; lastKnownFileType = sourcecode.swift; path = CreatingContextMenus.swift; sourceTree = "<group>"; };
		58D084A628D12D0800286646 /* CustomRowSwipeActions.swift */ = {isa = PBXFileReference; lastKnownFileType = sourcecode.swift; path = CustomRowSwipeActions.swift; sourceTree = "<group>"; };
		58D084A928D12F4100286646 /* LocalNotifications.swift */ = {isa = PBXFileReference; lastKnownFileType = sourcecode.swift; path = LocalNotifications.swift; sourceTree = "<group>"; };
		58D084AF28D1326A00286646 /* SPM.swift */ = {isa = PBXFileReference; lastKnownFileType = sourcecode.swift; path = SPM.swift; sourceTree = "<group>"; };
/* End PBXFileReference section */

/* Begin PBXFrameworksBuildPhase section */
		58D0847C28CC7ED600286646 /* Frameworks */ = {
			isa = PBXFrameworksBuildPhase;
			buildActionMask = 2147483647;
			files = (
				583D885B28D3CCF600C31AB7 /* CodeScanner in Frameworks */,
				58D084AD28D1324800286646 /* SamplePackage in Frameworks */,
			);
			runOnlyForDeploymentPostprocessing = 0;
		};
/* End PBXFrameworksBuildPhase section */

/* Begin PBXGroup section */
		5802AA5A28D26FEB00F5DDD9 /* Views */ = {
			isa = PBXGroup;
			children = (
				5802AA5B28D2701500F5DDD9 /* ProspectsView.swift */,
				5802AA5D28D2703000F5DDD9 /* MeView.swift */,
				5802AA5F28D2708B00F5DDD9 /* MainView.swift */,
			);
			path = Views;
			sourceTree = "<group>";
		};
		5802AA6128D276B800F5DDD9 /* Models */ = {
			isa = PBXGroup;
			children = (
				5802AA6228D276CF00F5DDD9 /* Prospect.swift */,
			);
			path = Models;
			sourceTree = "<group>";
		};
		58D0847628CC7ED600286646 = {
			isa = PBXGroup;
			children = (
				58D0848128CC7ED600286646 /* Hot Prospects */,
				58D0848028CC7ED600286646 /* Products */,
			);
			sourceTree = "<group>";
		};
		58D0848028CC7ED600286646 /* Products */ = {
			isa = PBXGroup;
			children = (
				58D0847F28CC7ED600286646 /* Hot Prospects.app */,
			);
			name = Products;
			sourceTree = "<group>";
		};
		58D0848128CC7ED600286646 /* Hot Prospects */ = {
			isa = PBXGroup;
			children = (
				5802AA6128D276B800F5DDD9 /* Models */,
				5802AA5A28D26FEB00F5DDD9 /* Views */,
				58D0849028CCB26800286646 /* Learning */,
				58D0848228CC7ED600286646 /* Hot_ProspectsApp.swift */,
				58D0848428CC7ED600286646 /* ContentView.swift */,
				58D0848628CC7EE400286646 /* Assets.xcassets */,
				58D0848828CC7EE400286646 /* Preview Content */,
			);
			path = "Hot Prospects";
			sourceTree = "<group>";
		};
		58D0848828CC7EE400286646 /* Preview Content */ = {
			isa = PBXGroup;
			children = (
				58D0848928CC7EE400286646 /* Preview Assets.xcassets */,
			);
			path = "Preview Content";
			sourceTree = "<group>";
		};
		58D0849028CCB26800286646 /* Learning */ = {
			isa = PBXGroup;
			children = (
				58D084AE28D1325600286646 /* SPM */,
				58D084A828D12F2800286646 /* LocalNotifications */,
				58D084A528D12CF400286646 /* CustomRowSwipeActions */,
				58D084A228D1276700286646 /* ContextMenus */,
				58D0849F28CE0CCC00286646 /* ImageInterpolation */,
				58D0849C28CE07EF00286646 /* UnderstandingResultType */,
				58D0849928CE068800286646 /* ObservableObjects */,
				58D0849428CDFA1300286646 /* TabViews */,
				58D0849128CCB27C00286646 /* EnvironmentObjects */,
			);
			path = Learning;
			sourceTree = "<group>";
		};
		58D0849128CCB27C00286646 /* EnvironmentObjects */ = {
			isa = PBXGroup;
			children = (
				58D0849228CCB29200286646 /* LearningEnvironmentObjects.swift */,
			);
			path = EnvironmentObjects;
			sourceTree = "<group>";
		};
		58D0849428CDFA1300286646 /* TabViews */ = {
			isa = PBXGroup;
			children = (
				58D0849528CDFA4300286646 /* LearningTabViews.swift */,
			);
			path = TabViews;
			sourceTree = "<group>";
		};
		58D0849928CE068800286646 /* ObservableObjects */ = {
			isa = PBXGroup;
			children = (
				58D0849A28CE069D00286646 /* ObservableObjects.swift */,
			);
			path = ObservableObjects;
			sourceTree = "<group>";
		};
		58D0849C28CE07EF00286646 /* UnderstandingResultType */ = {
			isa = PBXGroup;
			children = (
				58D0849D28CE080500286646 /* UnderstandingSwiftsResultType.swift */,
			);
			path = UnderstandingResultType;
			sourceTree = "<group>";
		};
		58D0849F28CE0CCC00286646 /* ImageInterpolation */ = {
			isa = PBXGroup;
			children = (
				58D084A028CE0CE300286646 /* ImageInterpolationExample.swift */,
			);
			path = ImageInterpolation;
			sourceTree = "<group>";
		};
		58D084A228D1276700286646 /* ContextMenus */ = {
			isa = PBXGroup;
			children = (
				58D084A328D1277D00286646 /* CreatingContextMenus.swift */,
			);
			path = ContextMenus;
			sourceTree = "<group>";
		};
		58D084A528D12CF400286646 /* CustomRowSwipeActions */ = {
			isa = PBXGroup;
			children = (
				58D084A628D12D0800286646 /* CustomRowSwipeActions.swift */,
			);
			path = CustomRowSwipeActions;
			sourceTree = "<group>";
		};
		58D084A828D12F2800286646 /* LocalNotifications */ = {
			isa = PBXGroup;
			children = (
				58D084A928D12F4100286646 /* LocalNotifications.swift */,
			);
			path = LocalNotifications;
			sourceTree = "<group>";
		};
		58D084AE28D1325600286646 /* SPM */ = {
			isa = PBXGroup;
			children = (
				58D084AF28D1326A00286646 /* SPM.swift */,
			);
			path = SPM;
			sourceTree = "<group>";
		};
/* End PBXGroup section */

/* Begin PBXNativeTarget section */
		58D0847E28CC7ED600286646 /* Hot Prospects */ = {
			isa = PBXNativeTarget;
			buildConfigurationList = 58D0848D28CC7EE400286646 /* Build configuration list for PBXNativeTarget "Hot Prospects" */;
			buildPhases = (
				58D0847B28CC7ED600286646 /* Sources */,
				58D0847C28CC7ED600286646 /* Frameworks */,
				58D0847D28CC7ED600286646 /* Resources */,
			);
			buildRules = (
			);
			dependencies = (
			);
			name = "Hot Prospects";
			packageProductDependencies = (
				58D084AC28D1324800286646 /* SamplePackage */,
				583D885A28D3CCF600C31AB7 /* CodeScanner */,
			);
			productName = "Hot Prospects";
			productReference = 58D0847F28CC7ED600286646 /* Hot Prospects.app */;
			productType = "com.apple.product-type.application";
		};
/* End PBXNativeTarget section */

/* Begin PBXProject section */
		58D0847728CC7ED600286646 /* Project object */ = {
			isa = PBXProject;
			attributes = {
				BuildIndependentTargetsInParallel = 1;
				LastSwiftUpdateCheck = 1340;
				LastUpgradeCheck = 1340;
				TargetAttributes = {
					58D0847E28CC7ED600286646 = {
						CreatedOnToolsVersion = 13.4.1;
					};
				};
			};
			buildConfigurationList = 58D0847A28CC7ED600286646 /* Build configuration list for PBXProject "Hot Prospects" */;
			compatibilityVersion = "Xcode 13.0";
			developmentRegion = en;
			hasScannedForEncodings = 0;
			knownRegions = (
				en,
				Base,
			);
			mainGroup = 58D0847628CC7ED600286646;
			packageReferences = (
				58D084AB28D1324800286646 /* XCRemoteSwiftPackageReference "SamplePackage" */,
				583D885928D3CCF500C31AB7 /* XCRemoteSwiftPackageReference "CodeScanner" */,
			);
			productRefGroup = 58D0848028CC7ED600286646 /* Products */;
			projectDirPath = "";
			projectRoot = "";
			targets = (
				58D0847E28CC7ED600286646 /* Hot Prospects */,
			);
		};
/* End PBXProject section */

/* Begin PBXResourcesBuildPhase section */
		58D0847D28CC7ED600286646 /* Resources */ = {
			isa = PBXResourcesBuildPhase;
			buildActionMask = 2147483647;
			files = (
				58D0848A28CC7EE400286646 /* Preview Assets.xcassets in Resources */,
				58D0848728CC7EE400286646 /* Assets.xcassets in Resources */,
			);
			runOnlyForDeploymentPostprocessing = 0;
		};
/* End PBXResourcesBuildPhase section */

/* Begin PBXSourcesBuildPhase section */
		58D0847B28CC7ED600286646 /* Sources */ = {
			isa = PBXSourcesBuildPhase;
			buildActionMask = 2147483647;
			files = (
				5802AA5C28D2701500F5DDD9 /* ProspectsView.swift in Sources */,
				5802AA6328D276CF00F5DDD9 /* Prospect.swift in Sources */,
				5802AA6028D2708B00F5DDD9 /* MainView.swift in Sources */,
				58D0848528CC7ED600286646 /* ContentView.swift in Sources */,
				58D0849B28CE069D00286646 /* ObservableObjects.swift in Sources */,
				58D084A728D12D0800286646 /* CustomRowSwipeActions.swift in Sources */,
				58D0848328CC7ED600286646 /* Hot_ProspectsApp.swift in Sources */,
				58D0849628CDFA4300286646 /* LearningTabViews.swift in Sources */,
				58D084A128CE0CE300286646 /* ImageInterpolationExample.swift in Sources */,
				58D0849328CCB29200286646 /* LearningEnvironmentObjects.swift in Sources */,
				58D084B028D1326A00286646 /* SPM.swift in Sources */,
				58D0849E28CE080500286646 /* UnderstandingSwiftsResultType.swift in Sources */,
				58D084AA28D12F4100286646 /* LocalNotifications.swift in Sources */,
				58D084A428D1277D00286646 /* CreatingContextMenus.swift in Sources */,
				5802AA5E28D2703000F5DDD9 /* MeView.swift in Sources */,
			);
			runOnlyForDeploymentPostprocessing = 0;
		};
/* End PBXSourcesBuildPhase section */

/* Begin XCBuildConfiguration section */
		58D0848B28CC7EE400286646 /* Debug */ = {
			isa = XCBuildConfiguration;
			buildSettings = {
				ALWAYS_SEARCH_USER_PATHS = NO;
				CLANG_ANALYZER_NONNULL = YES;
				CLANG_ANALYZER_NUMBER_OBJECT_CONVERSION = YES_AGGRESSIVE;
				CLANG_CXX_LANGUAGE_STANDARD = "gnu++17";
				CLANG_ENABLE_MODULES = YES;
				CLANG_ENABLE_OBJC_ARC = YES;
				CLANG_ENABLE_OBJC_WEAK = YES;
				CLANG_WARN_BLOCK_CAPTURE_AUTORELEASING = YES;
				CLANG_WARN_BOOL_CONVERSION = YES;
				CLANG_WARN_COMMA = YES;
				CLANG_WARN_CONSTANT_CONVERSION = YES;
				CLANG_WARN_DEPRECATED_OBJC_IMPLEMENTATIONS = YES;
				CLANG_WARN_DIRECT_OBJC_ISA_USAGE = YES_ERROR;
				CLANG_WARN_DOCUMENTATION_COMMENTS = YES;
				CLANG_WARN_EMPTY_BODY = YES;
				CLANG_WARN_ENUM_CONVERSION = YES;
				CLANG_WARN_INFINITE_RECURSION = YES;
				CLANG_WARN_INT_CONVERSION = YES;
				CLANG_WARN_NON_LITERAL_NULL_CONVERSION = YES;
				CLANG_WARN_OBJC_IMPLICIT_RETAIN_SELF = YES;
				CLANG_WARN_OBJC_LITERAL_CONVERSION = YES;
				CLANG_WARN_OBJC_ROOT_CLASS = YES_ERROR;
				CLANG_WARN_QUOTED_INCLUDE_IN_FRAMEWORK_HEADER = YES;
				CLANG_WARN_RANGE_LOOP_ANALYSIS = YES;
				CLANG_WARN_STRICT_PROTOTYPES = YES;
				CLANG_WARN_SUSPICIOUS_MOVE = YES;
				CLANG_WARN_UNGUARDED_AVAILABILITY = YES_AGGRESSIVE;
				CLANG_WARN_UNREACHABLE_CODE = YES;
				CLANG_WARN__DUPLICATE_METHOD_MATCH = YES;
				COPY_PHASE_STRIP = NO;
				DEBUG_INFORMATION_FORMAT = dwarf;
				ENABLE_STRICT_OBJC_MSGSEND = YES;
				ENABLE_TESTABILITY = YES;
				GCC_C_LANGUAGE_STANDARD = gnu11;
				GCC_DYNAMIC_NO_PIC = NO;
				GCC_NO_COMMON_BLOCKS = YES;
				GCC_OPTIMIZATION_LEVEL = 0;
				GCC_PREPROCESSOR_DEFINITIONS = (
					"DEBUG=1",
					"$(inherited)",
				);
				GCC_WARN_64_TO_32_BIT_CONVERSION = YES;
				GCC_WARN_ABOUT_RETURN_TYPE = YES_ERROR;
				GCC_WARN_UNDECLARED_SELECTOR = YES;
				GCC_WARN_UNINITIALIZED_AUTOS = YES_AGGRESSIVE;
				GCC_WARN_UNUSED_FUNCTION = YES;
				GCC_WARN_UNUSED_VARIABLE = YES;
				IPHONEOS_DEPLOYMENT_TARGET = 15.5;
				MTL_ENABLE_DEBUG_INFO = INCLUDE_SOURCE;
				MTL_FAST_MATH = YES;
				ONLY_ACTIVE_ARCH = YES;
				SDKROOT = iphoneos;
				SWIFT_ACTIVE_COMPILATION_CONDITIONS = DEBUG;
				SWIFT_OPTIMIZATION_LEVEL = "-Onone";
			};
			name = Debug;
		};
		58D0848C28CC7EE400286646 /* Release */ = {
			isa = XCBuildConfiguration;
			buildSettings = {
				ALWAYS_SEARCH_USER_PATHS = NO;
				CLANG_ANALYZER_NONNULL = YES;
				CLANG_ANALYZER_NUMBER_OBJECT_CONVERSION = YES_AGGRESSIVE;
				CLANG_CXX_LANGUAGE_STANDARD = "gnu++17";
				CLANG_ENABLE_MODULES = YES;
				CLANG_ENABLE_OBJC_ARC = YES;
				CLANG_ENABLE_OBJC_WEAK = YES;
				CLANG_WARN_BLOCK_CAPTURE_AUTORELEASING = YES;
				CLANG_WARN_BOOL_CONVERSION = YES;
				CLANG_WARN_COMMA = YES;
				CLANG_WARN_CONSTANT_CONVERSION = YES;
				CLANG_WARN_DEPRECATED_OBJC_IMPLEMENTATIONS = YES;
				CLANG_WARN_DIRECT_OBJC_ISA_USAGE = YES_ERROR;
				CLANG_WARN_DOCUMENTATION_COMMENTS = YES;
				CLANG_WARN_EMPTY_BODY = YES;
				CLANG_WARN_ENUM_CONVERSION = YES;
				CLANG_WARN_INFINITE_RECURSION = YES;
				CLANG_WARN_INT_CONVERSION = YES;
				CLANG_WARN_NON_LITERAL_NULL_CONVERSION = YES;
				CLANG_WARN_OBJC_IMPLICIT_RETAIN_SELF = YES;
				CLANG_WARN_OBJC_LITERAL_CONVERSION = YES;
				CLANG_WARN_OBJC_ROOT_CLASS = YES_ERROR;
				CLANG_WARN_QUOTED_INCLUDE_IN_FRAMEWORK_HEADER = YES;
				CLANG_WARN_RANGE_LOOP_ANALYSIS = YES;
				CLANG_WARN_STRICT_PROTOTYPES = YES;
				CLANG_WARN_SUSPICIOUS_MOVE = YES;
				CLANG_WARN_UNGUARDED_AVAILABILITY = YES_AGGRESSIVE;
				CLANG_WARN_UNREACHABLE_CODE = YES;
				CLANG_WARN__DUPLICATE_METHOD_MATCH = YES;
				COPY_PHASE_STRIP = NO;
				DEBUG_INFORMATION_FORMAT = "dwarf-with-dsym";
				ENABLE_NS_ASSERTIONS = NO;
				ENABLE_STRICT_OBJC_MSGSEND = YES;
				GCC_C_LANGUAGE_STANDARD = gnu11;
				GCC_NO_COMMON_BLOCKS = YES;
				GCC_WARN_64_TO_32_BIT_CONVERSION = YES;
				GCC_WARN_ABOUT_RETURN_TYPE = YES_ERROR;
				GCC_WARN_UNDECLARED_SELECTOR = YES;
				GCC_WARN_UNINITIALIZED_AUTOS = YES_AGGRESSIVE;
				GCC_WARN_UNUSED_FUNCTION = YES;
				GCC_WARN_UNUSED_VARIABLE = YES;
				IPHONEOS_DEPLOYMENT_TARGET = 15.5;
				MTL_ENABLE_DEBUG_INFO = NO;
				MTL_FAST_MATH = YES;
				SDKROOT = iphoneos;
				SWIFT_COMPILATION_MODE = wholemodule;
				SWIFT_OPTIMIZATION_LEVEL = "-O";
				VALIDATE_PRODUCT = YES;
			};
			name = Release;
		};
		58D0848E28CC7EE400286646 /* Debug */ = {
			isa = XCBuildConfiguration;
			buildSettings = {
				ASSETCATALOG_COMPILER_APPICON_NAME = AppIcon;
				ASSETCATALOG_COMPILER_GLOBAL_ACCENT_COLOR_NAME = AccentColor;
				CODE_SIGN_STYLE = Automatic;
				CURRENT_PROJECT_VERSION = 1;
				DEVELOPMENT_ASSET_PATHS = "\"Hot Prospects/Preview Content\"";
				DEVELOPMENT_TEAM = SR5D6FC58T;
				ENABLE_PREVIEWS = YES;
				GENERATE_INFOPLIST_FILE = YES;
				INFOPLIST_KEY_NSCameraUsageDescription = "We need to scan QR codes.";
				INFOPLIST_KEY_UIApplicationSceneManifest_Generation = YES;
				INFOPLIST_KEY_UIApplicationSupportsIndirectInputEvents = YES;
				INFOPLIST_KEY_UILaunchScreen_Generation = YES;
				INFOPLIST_KEY_UISupportedInterfaceOrientations_iPad = "UIInterfaceOrientationPortrait UIInterfaceOrientationPortraitUpsideDown UIInterfaceOrientationLandscapeLeft UIInterfaceOrientationLandscapeRight";
				INFOPLIST_KEY_UISupportedInterfaceOrientations_iPhone = "UIInterfaceOrientationPortrait UIInterfaceOrientationLandscapeLeft UIInterfaceOrientationLandscapeRight";
				LD_RUNPATH_SEARCH_PATHS = (
					"$(inherited)",
					"@executable_path/Frameworks",
				);
				MARKETING_VERSION = 1.0;
				PRODUCT_BUNDLE_IDENTIFIER = "name.kayley.Hot-Prospects";
				PRODUCT_NAME = "$(TARGET_NAME)";
				SWIFT_EMIT_LOC_STRINGS = YES;
				SWIFT_VERSION = 5.0;
				TARGETED_DEVICE_FAMILY = "1,2";
			};
			name = Debug;
		};
		58D0848F28CC7EE400286646 /* Release */ = {
			isa = XCBuildConfiguration;
			buildSettings = {
				ASSETCATALOG_COMPILER_APPICON_NAME = AppIcon;
				ASSETCATALOG_COMPILER_GLOBAL_ACCENT_COLOR_NAME = AccentColor;
				CODE_SIGN_STYLE = Automatic;
				CURRENT_PROJECT_VERSION = 1;
				DEVELOPMENT_ASSET_PATHS = "\"Hot Prospects/Preview Content\"";
				DEVELOPMENT_TEAM = SR5D6FC58T;
				ENABLE_PREVIEWS = YES;
				GENERATE_INFOPLIST_FILE = YES;
				INFOPLIST_KEY_NSCameraUsageDescription = "We need to scan QR codes.";
				INFOPLIST_KEY_UIApplicationSceneManifest_Generation = YES;
				INFOPLIST_KEY_UIApplicationSupportsIndirectInputEvents = YES;
				INFOPLIST_KEY_UILaunchScreen_Generation = YES;
				INFOPLIST_KEY_UISupportedInterfaceOrientations_iPad = "UIInterfaceOrientationPortrait UIInterfaceOrientationPortraitUpsideDown UIInterfaceOrientationLandscapeLeft UIInterfaceOrientationLandscapeRight";
				INFOPLIST_KEY_UISupportedInterfaceOrientations_iPhone = "UIInterfaceOrientationPortrait UIInterfaceOrientationLandscapeLeft UIInterfaceOrientationLandscapeRight";
				LD_RUNPATH_SEARCH_PATHS = (
					"$(inherited)",
					"@executable_path/Frameworks",
				);
				MARKETING_VERSION = 1.0;
				PRODUCT_BUNDLE_IDENTIFIER = "name.kayley.Hot-Prospects";
				PRODUCT_NAME = "$(TARGET_NAME)";
				SWIFT_EMIT_LOC_STRINGS = YES;
				SWIFT_VERSION = 5.0;
				TARGETED_DEVICE_FAMILY = "1,2";
			};
			name = Release;
		};
/* End XCBuildConfiguration section */

/* Begin XCConfigurationList section */
		58D0847A28CC7ED600286646 /* Build configuration list for PBXProject "Hot Prospects" */ = {
			isa = XCConfigurationList;
			buildConfigurations = (
				58D0848B28CC7EE400286646 /* Debug */,
				58D0848C28CC7EE400286646 /* Release */,
			);
			defaultConfigurationIsVisible = 0;
			defaultConfigurationName = Release;
		};
		58D0848D28CC7EE400286646 /* Build configuration list for PBXNativeTarget "Hot Prospects" */ = {
			isa = XCConfigurationList;
			buildConfigurations = (
				58D0848E28CC7EE400286646 /* Debug */,
				58D0848F28CC7EE400286646 /* Release */,
			);
			defaultConfigurationIsVisible = 0;
			defaultConfigurationName = Release;
		};
/* End XCConfigurationList section */

/* Begin XCRemoteSwiftPackageReference section */
		583D885928D3CCF500C31AB7 /* XCRemoteSwiftPackageReference "CodeScanner" */ = {
			isa = XCRemoteSwiftPackageReference;
			repositoryURL = "https://github.com/twostraws/CodeScanner";
			requirement = {
				kind = upToNextMajorVersion;
				minimumVersion = 2.0.0;
			};
		};
		58D084AB28D1324800286646 /* XCRemoteSwiftPackageReference "SamplePackage" */ = {
			isa = XCRemoteSwiftPackageReference;
			repositoryURL = "https://github.com/twostraws/SamplePackage";
			requirement = {
				kind = upToNextMajorVersion;
				minimumVersion = 1.0.0;
			};
		};
/* End XCRemoteSwiftPackageReference section */

/* Begin XCSwiftPackageProductDependency section */
		583D885A28D3CCF600C31AB7 /* CodeScanner */ = {
			isa = XCSwiftPackageProductDependency;
			package = 583D885928D3CCF500C31AB7 /* XCRemoteSwiftPackageReference "CodeScanner" */;
			productName = CodeScanner;
		};
		58D084AC28D1324800286646 /* SamplePackage */ = {
			isa = XCSwiftPackageProductDependency;
			package = 58D084AB28D1324800286646 /* XCRemoteSwiftPackageReference "SamplePackage" */;
			productName = SamplePackage;
		};
/* End XCSwiftPackageProductDependency section */
	};
	rootObject = 58D0847728CC7ED600286646 /* Project object */;
}
