// !$*UTF8*$!
{
	archiveVersion = 1;
	classes = {
	};
	objectVersion = 56;
	objects = {

/* Begin PBXBuildFile section */
		5821C60928ECC63600C0BE85 /* AbsolutePositioning.swift in Sources */ = {isa = PBXBuildFile; fileRef = 5821C60828ECC63600C0BE85 /* AbsolutePositioning.swift */; };
		5821C60B28ECCBE500C0BE85 /* GeometryReaderView.swift in Sources */ = {isa = PBXBuildFile; fileRef = 5821C60A28ECCBE500C0BE85 /* GeometryReaderView.swift */; };
		5821C60D28ECD0D300C0BE85 /* ScrollViewWithGeometryReader.swift in Sources */ = {isa = PBXBuildFile; fileRef = 5821C60C28ECD0D300C0BE85 /* ScrollViewWithGeometryReader.swift */; };
		583D88B728E6264C00C31AB7 /* LayoutAndGeometryApp.swift in Sources */ = {isa = PBXBuildFile; fileRef = 583D88B628E6264C00C31AB7 /* LayoutAndGeometryApp.swift */; };
		583D88B928E6264C00C31AB7 /* ContentView.swift in Sources */ = {isa = PBXBuildFile; fileRef = 583D88B828E6264C00C31AB7 /* ContentView.swift */; };
		583D88BB28E6265500C31AB7 /* Assets.xcassets in Resources */ = {isa = PBXBuildFile; fileRef = 583D88BA28E6265500C31AB7 /* Assets.xcassets */; };
		583D88BE28E6265500C31AB7 /* Preview Assets.xcassets in Resources */ = {isa = PBXBuildFile; fileRef = 583D88BD28E6265500C31AB7 /* Preview Assets.xcassets */; };
		583D88C628E6389100C31AB7 /* Alignments.swift in Sources */ = {isa = PBXBuildFile; fileRef = 583D88C528E6389100C31AB7 /* Alignments.swift */; };
		583D88C828E6403000C31AB7 /* AlignmentGuides.swift in Sources */ = {isa = PBXBuildFile; fileRef = 583D88C728E6403000C31AB7 /* AlignmentGuides.swift */; };
		583D88CA28E6406800C31AB7 /* CustomAlignmentGuides.swift in Sources */ = {isa = PBXBuildFile; fileRef = 583D88C928E6406800C31AB7 /* CustomAlignmentGuides.swift */; };
/* End PBXBuildFile section */

/* Begin PBXFileReference section */
		5821C60828ECC63600C0BE85 /* AbsolutePositioning.swift */ = {isa = PBXFileReference; lastKnownFileType = sourcecode.swift; path = AbsolutePositioning.swift; sourceTree = "<group>"; };
		5821C60A28ECCBE500C0BE85 /* GeometryReaderView.swift */ = {isa = PBXFileReference; lastKnownFileType = sourcecode.swift; path = GeometryReaderView.swift; sourceTree = "<group>"; };
		5821C60C28ECD0D300C0BE85 /* ScrollViewWithGeometryReader.swift */ = {isa = PBXFileReference; lastKnownFileType = sourcecode.swift; path = ScrollViewWithGeometryReader.swift; sourceTree = "<group>"; };
		583D88B328E6264C00C31AB7 /* LayoutAndGeometry.app */ = {isa = PBXFileReference; explicitFileType = wrapper.application; includeInIndex = 0; path = LayoutAndGeometry.app; sourceTree = BUILT_PRODUCTS_DIR; };
		583D88B628E6264C00C31AB7 /* LayoutAndGeometryApp.swift */ = {isa = PBXFileReference; lastKnownFileType = sourcecode.swift; path = LayoutAndGeometryApp.swift; sourceTree = "<group>"; };
		583D88B828E6264C00C31AB7 /* ContentView.swift */ = {isa = PBXFileReference; lastKnownFileType = sourcecode.swift; path = ContentView.swift; sourceTree = "<group>"; };
		583D88BA28E6265500C31AB7 /* Assets.xcassets */ = {isa = PBXFileReference; lastKnownFileType = folder.assetcatalog; path = Assets.xcassets; sourceTree = "<group>"; };
		583D88BD28E6265500C31AB7 /* Preview Assets.xcassets */ = {isa = PBXFileReference; lastKnownFileType = folder.assetcatalog; path = "Preview Assets.xcassets"; sourceTree = "<group>"; };
		583D88C528E6389100C31AB7 /* Alignments.swift */ = {isa = PBXFileReference; lastKnownFileType = sourcecode.swift; path = Alignments.swift; sourceTree = "<group>"; };
		583D88C728E6403000C31AB7 /* AlignmentGuides.swift */ = {isa = PBXFileReference; lastKnownFileType = sourcecode.swift; path = AlignmentGuides.swift; sourceTree = "<group>"; };
		583D88C928E6406800C31AB7 /* CustomAlignmentGuides.swift */ = {isa = PBXFileReference; lastKnownFileType = sourcecode.swift; path = CustomAlignmentGuides.swift; sourceTree = "<group>"; };
/* End PBXFileReference section */

/* Begin PBXFrameworksBuildPhase section */
		583D88B028E6264C00C31AB7 /* Frameworks */ = {
			isa = PBXFrameworksBuildPhase;
			buildActionMask = 2147483647;
			files = (
			);
			runOnlyForDeploymentPostprocessing = 0;
		};
/* End PBXFrameworksBuildPhase section */

/* Begin PBXGroup section */
		583D88AA28E6264C00C31AB7 = {
			isa = PBXGroup;
			children = (
				583D88B528E6264C00C31AB7 /* LayoutAndGeometry */,
				583D88B428E6264C00C31AB7 /* Products */,
			);
			sourceTree = "<group>";
		};
		583D88B428E6264C00C31AB7 /* Products */ = {
			isa = PBXGroup;
			children = (
				583D88B328E6264C00C31AB7 /* LayoutAndGeometry.app */,
			);
			name = Products;
			sourceTree = "<group>";
		};
		583D88B528E6264C00C31AB7 /* LayoutAndGeometry */ = {
			isa = PBXGroup;
			children = (
				583D88C428E6386B00C31AB7 /* Learning */,
				583D88B628E6264C00C31AB7 /* LayoutAndGeometryApp.swift */,
				583D88B828E6264C00C31AB7 /* ContentView.swift */,
				583D88BA28E6265500C31AB7 /* Assets.xcassets */,
				583D88BC28E6265500C31AB7 /* Preview Content */,
			);
			path = LayoutAndGeometry;
			sourceTree = "<group>";
		};
		583D88BC28E6265500C31AB7 /* Preview Content */ = {
			isa = PBXGroup;
			children = (
				583D88BD28E6265500C31AB7 /* Preview Assets.xcassets */,
			);
			path = "Preview Content";
			sourceTree = "<group>";
		};
		583D88C428E6386B00C31AB7 /* Learning */ = {
			isa = PBXGroup;
			children = (
				583D88C528E6389100C31AB7 /* Alignments.swift */,
				583D88C728E6403000C31AB7 /* AlignmentGuides.swift */,
				583D88C928E6406800C31AB7 /* CustomAlignmentGuides.swift */,
				5821C60828ECC63600C0BE85 /* AbsolutePositioning.swift */,
				5821C60A28ECCBE500C0BE85 /* GeometryReaderView.swift */,
				5821C60C28ECD0D300C0BE85 /* ScrollViewWithGeometryReader.swift */,
			);
			path = Learning;
			sourceTree = "<group>";
		};
/* End PBXGroup section */

/* Begin PBXNativeTarget section */
		583D88B228E6264C00C31AB7 /* LayoutAndGeometry */ = {
			isa = PBXNativeTarget;
			buildConfigurationList = 583D88C128E6265500C31AB7 /* Build configuration list for PBXNativeTarget "LayoutAndGeometry" */;
			buildPhases = (
				583D88AF28E6264C00C31AB7 /* Sources */,
				583D88B028E6264C00C31AB7 /* Frameworks */,
				583D88B128E6264C00C31AB7 /* Resources */,
			);
			buildRules = (
			);
			dependencies = (
			);
			name = LayoutAndGeometry;
			productName = LayoutAndGeometry;
			productReference = 583D88B328E6264C00C31AB7 /* LayoutAndGeometry.app */;
			productType = "com.apple.product-type.application";
		};
/* End PBXNativeTarget section */

/* Begin PBXProject section */
		583D88AB28E6264C00C31AB7 /* Project object */ = {
			isa = PBXProject;
			attributes = {
				BuildIndependentTargetsInParallel = 1;
				LastSwiftUpdateCheck = 1400;
				LastUpgradeCheck = 1400;
				TargetAttributes = {
					583D88B228E6264C00C31AB7 = {
						CreatedOnToolsVersion = 14.0;
					};
				};
			};
			buildConfigurationList = 583D88AE28E6264C00C31AB7 /* Build configuration list for PBXProject "LayoutAndGeometry" */;
			compatibilityVersion = "Xcode 14.0";
			developmentRegion = en;
			hasScannedForEncodings = 0;
			knownRegions = (
				en,
				Base,
			);
			mainGroup = 583D88AA28E6264C00C31AB7;
			productRefGroup = 583D88B428E6264C00C31AB7 /* Products */;
			projectDirPath = "";
			projectRoot = "";
			targets = (
				583D88B228E6264C00C31AB7 /* LayoutAndGeometry */,
			);
		};
/* End PBXProject section */

/* Begin PBXResourcesBuildPhase section */
		583D88B128E6264C00C31AB7 /* Resources */ = {
			isa = PBXResourcesBuildPhase;
			buildActionMask = 2147483647;
			files = (
				583D88BE28E6265500C31AB7 /* Preview Assets.xcassets in Resources */,
				583D88BB28E6265500C31AB7 /* Assets.xcassets in Resources */,
			);
			runOnlyForDeploymentPostprocessing = 0;
		};
/* End PBXResourcesBuildPhase section */

/* Begin PBXSourcesBuildPhase section */
		583D88AF28E6264C00C31AB7 /* Sources */ = {
			isa = PBXSourcesBuildPhase;
			buildActionMask = 2147483647;
			files = (
				583D88C828E6403000C31AB7 /* AlignmentGuides.swift in Sources */,
				583D88CA28E6406800C31AB7 /* CustomAlignmentGuides.swift in Sources */,
				5821C60D28ECD0D300C0BE85 /* ScrollViewWithGeometryReader.swift in Sources */,
				5821C60B28ECCBE500C0BE85 /* GeometryReaderView.swift in Sources */,
				583D88B928E6264C00C31AB7 /* ContentView.swift in Sources */,
				583D88B728E6264C00C31AB7 /* LayoutAndGeometryApp.swift in Sources */,
				5821C60928ECC63600C0BE85 /* AbsolutePositioning.swift in Sources */,
				583D88C628E6389100C31AB7 /* Alignments.swift in Sources */,
			);
			runOnlyForDeploymentPostprocessing = 0;
		};
/* End PBXSourcesBuildPhase section */

/* Begin XCBuildConfiguration section */
		583D88BF28E6265500C31AB7 /* Debug */ = {
			isa = XCBuildConfiguration;
			buildSettings = {
				ALWAYS_SEARCH_USER_PATHS = NO;
				CLANG_ANALYZER_NONNULL = YES;
				CLANG_ANALYZER_NUMBER_OBJECT_CONVERSION = YES_AGGRESSIVE;
				CLANG_CXX_LANGUAGE_STANDARD = "gnu++20";
				CLANG_ENABLE_MODULES = YES;
				CLANG_ENABLE_OBJC_ARC = YES;
				CLANG_ENABLE_OBJC_WEAK = YES;
				CLANG_WARN_BLOCK_CAPTURE_AUTORELEASING = YES;
				CLANG_WARN_BOOL_CONVERSION = YES;
				CLANG_WARN_COMMA = YES;
				CLANG_WARN_CONSTANT_CONVERSION = YES;
				CLANG_WARN_DEPRECATED_OBJC_IMPLEMENTATIONS = YES;
				CLANG_WARN_DIRECT_OBJC_ISA_USAGE = YES_ERROR;
				CLANG_WARN_DOCUMENTATION_COMMENTS = YES;
				CLANG_WARN_EMPTY_BODY = YES;
				CLANG_WARN_ENUM_CONVERSION = YES;
				CLANG_WARN_INFINITE_RECURSION = YES;
				CLANG_WARN_INT_CONVERSION = YES;
				CLANG_WARN_NON_LITERAL_NULL_CONVERSION = YES;
				CLANG_WARN_OBJC_IMPLICIT_RETAIN_SELF = YES;
				CLANG_WARN_OBJC_LITERAL_CONVERSION = YES;
				CLANG_WARN_OBJC_ROOT_CLASS = YES_ERROR;
				CLANG_WARN_QUOTED_INCLUDE_IN_FRAMEWORK_HEADER = YES;
				CLANG_WARN_RANGE_LOOP_ANALYSIS = YES;
				CLANG_WARN_STRICT_PROTOTYPES = YES;
				CLANG_WARN_SUSPICIOUS_MOVE = YES;
				CLANG_WARN_UNGUARDED_AVAILABILITY = YES_AGGRESSIVE;
				CLANG_WARN_UNREACHABLE_CODE = YES;
				CLANG_WARN__DUPLICATE_METHOD_MATCH = YES;
				COPY_PHASE_STRIP = NO;
				DEBUG_INFORMATION_FORMAT = dwarf;
				ENABLE_STRICT_OBJC_MSGSEND = YES;
				ENABLE_TESTABILITY = YES;
				GCC_C_LANGUAGE_STANDARD = gnu11;
				GCC_DYNAMIC_NO_PIC = NO;
				GCC_NO_COMMON_BLOCKS = YES;
				GCC_OPTIMIZATION_LEVEL = 0;
				GCC_PREPROCESSOR_DEFINITIONS = (
					"DEBUG=1",
					"$(inherited)",
				);
				GCC_WARN_64_TO_32_BIT_CONVERSION = YES;
				GCC_WARN_ABOUT_RETURN_TYPE = YES_ERROR;
				GCC_WARN_UNDECLARED_SELECTOR = YES;
				GCC_WARN_UNINITIALIZED_AUTOS = YES_AGGRESSIVE;
				GCC_WARN_UNUSED_FUNCTION = YES;
				GCC_WARN_UNUSED_VARIABLE = YES;
				IPHONEOS_DEPLOYMENT_TARGET = 16.0;
				MTL_ENABLE_DEBUG_INFO = INCLUDE_SOURCE;
				MTL_FAST_MATH = YES;
				ONLY_ACTIVE_ARCH = YES;
				SDKROOT = iphoneos;
				SWIFT_ACTIVE_COMPILATION_CONDITIONS = DEBUG;
				SWIFT_OPTIMIZATION_LEVEL = "-Onone";
			};
			name = Debug;
		};
		583D88C028E6265500C31AB7 /* Release */ = {
			isa = XCBuildConfiguration;
			buildSettings = {
				ALWAYS_SEARCH_USER_PATHS = NO;
				CLANG_ANALYZER_NONNULL = YES;
				CLANG_ANALYZER_NUMBER_OBJECT_CONVERSION = YES_AGGRESSIVE;
				CLANG_CXX_LANGUAGE_STANDARD = "gnu++20";
				CLANG_ENABLE_MODULES = YES;
				CLANG_ENABLE_OBJC_ARC = YES;
				CLANG_ENABLE_OBJC_WEAK = YES;
				CLANG_WARN_BLOCK_CAPTURE_AUTORELEASING = YES;
				CLANG_WARN_BOOL_CONVERSION = YES;
				CLANG_WARN_COMMA = YES;
				CLANG_WARN_CONSTANT_CONVERSION = YES;
				CLANG_WARN_DEPRECATED_OBJC_IMPLEMENTATIONS = YES;
				CLANG_WARN_DIRECT_OBJC_ISA_USAGE = YES_ERROR;
				CLANG_WARN_DOCUMENTATION_COMMENTS = YES;
				CLANG_WARN_EMPTY_BODY = YES;
				CLANG_WARN_ENUM_CONVERSION = YES;
				CLANG_WARN_INFINITE_RECURSION = YES;
				CLANG_WARN_INT_CONVERSION = YES;
				CLANG_WARN_NON_LITERAL_NULL_CONVERSION = YES;
				CLANG_WARN_OBJC_IMPLICIT_RETAIN_SELF = YES;
				CLANG_WARN_OBJC_LITERAL_CONVERSION = YES;
				CLANG_WARN_OBJC_ROOT_CLASS = YES_ERROR;
				CLANG_WARN_QUOTED_INCLUDE_IN_FRAMEWORK_HEADER = YES;
				CLANG_WARN_RANGE_LOOP_ANALYSIS = YES;
				CLANG_WARN_STRICT_PROTOTYPES = YES;
				CLANG_WARN_SUSPICIOUS_MOVE = YES;
				CLANG_WARN_UNGUARDED_AVAILABILITY = YES_AGGRESSIVE;
				CLANG_WARN_UNREACHABLE_CODE = YES;
				CLANG_WARN__DUPLICATE_METHOD_MATCH = YES;
				COPY_PHASE_STRIP = NO;
				DEBUG_INFORMATION_FORMAT = "dwarf-with-dsym";
				ENABLE_NS_ASSERTIONS = NO;
				ENABLE_STRICT_OBJC_MSGSEND = YES;
				GCC_C_LANGUAGE_STANDARD = gnu11;
				GCC_NO_COMMON_BLOCKS = YES;
				GCC_WARN_64_TO_32_BIT_CONVERSION = YES;
				GCC_WARN_ABOUT_RETURN_TYPE = YES_ERROR;
				GCC_WARN_UNDECLARED_SELECTOR = YES;
				GCC_WARN_UNINITIALIZED_AUTOS = YES_AGGRESSIVE;
				GCC_WARN_UNUSED_FUNCTION = YES;
				GCC_WARN_UNUSED_VARIABLE = YES;
				IPHONEOS_DEPLOYMENT_TARGET = 16.0;
				MTL_ENABLE_DEBUG_INFO = NO;
				MTL_FAST_MATH = YES;
				SDKROOT = iphoneos;
				SWIFT_COMPILATION_MODE = wholemodule;
				SWIFT_OPTIMIZATION_LEVEL = "-O";
				VALIDATE_PRODUCT = YES;
			};
			name = Release;
		};
		583D88C228E6265500C31AB7 /* Debug */ = {
			isa = XCBuildConfiguration;
			buildSettings = {
				ASSETCATALOG_COMPILER_APPICON_NAME = AppIcon;
				ASSETCATALOG_COMPILER_GLOBAL_ACCENT_COLOR_NAME = AccentColor;
				CODE_SIGN_STYLE = Automatic;
				CURRENT_PROJECT_VERSION = 1;
				DEVELOPMENT_ASSET_PATHS = "\"LayoutAndGeometry/Preview Content\"";
				DEVELOPMENT_TEAM = SR5D6FC58T;
				ENABLE_PREVIEWS = YES;
				GENERATE_INFOPLIST_FILE = YES;
				INFOPLIST_KEY_UIApplicationSceneManifest_Generation = YES;
				INFOPLIST_KEY_UIApplicationSupportsIndirectInputEvents = YES;
				INFOPLIST_KEY_UILaunchScreen_Generation = YES;
				INFOPLIST_KEY_UISupportedInterfaceOrientations_iPad = "UIInterfaceOrientationPortrait UIInterfaceOrientationPortraitUpsideDown UIInterfaceOrientationLandscapeLeft UIInterfaceOrientationLandscapeRight";
				INFOPLIST_KEY_UISupportedInterfaceOrientations_iPhone = "UIInterfaceOrientationPortrait UIInterfaceOrientationLandscapeLeft UIInterfaceOrientationLandscapeRight";
				LD_RUNPATH_SEARCH_PATHS = (
					"$(inherited)",
					"@executable_path/Frameworks",
				);
				MARKETING_VERSION = 1.0;
				PRODUCT_BUNDLE_IDENTIFIER = name.kayley.LayoutAndGeometry;
				PRODUCT_NAME = "$(TARGET_NAME)";
				SWIFT_EMIT_LOC_STRINGS = YES;
				SWIFT_VERSION = 5.0;
				TARGETED_DEVICE_FAMILY = "1,2";
			};
			name = Debug;
		};
		583D88C328E6265500C31AB7 /* Release */ = {
			isa = XCBuildConfiguration;
			buildSettings = {
				ASSETCATALOG_COMPILER_APPICON_NAME = AppIcon;
				ASSETCATALOG_COMPILER_GLOBAL_ACCENT_COLOR_NAME = AccentColor;
				CODE_SIGN_STYLE = Automatic;
				CURRENT_PROJECT_VERSION = 1;
				DEVELOPMENT_ASSET_PATHS = "\"LayoutAndGeometry/Preview Content\"";
				DEVELOPMENT_TEAM = SR5D6FC58T;
				ENABLE_PREVIEWS = YES;
				GENERATE_INFOPLIST_FILE = YES;
				INFOPLIST_KEY_UIApplicationSceneManifest_Generation = YES;
				INFOPLIST_KEY_UIApplicationSupportsIndirectInputEvents = YES;
				INFOPLIST_KEY_UILaunchScreen_Generation = YES;
				INFOPLIST_KEY_UISupportedInterfaceOrientations_iPad = "UIInterfaceOrientationPortrait UIInterfaceOrientationPortraitUpsideDown UIInterfaceOrientationLandscapeLeft UIInterfaceOrientationLandscapeRight";
				INFOPLIST_KEY_UISupportedInterfaceOrientations_iPhone = "UIInterfaceOrientationPortrait UIInterfaceOrientationLandscapeLeft UIInterfaceOrientationLandscapeRight";
				LD_RUNPATH_SEARCH_PATHS = (
					"$(inherited)",
					"@executable_path/Frameworks",
				);
				MARKETING_VERSION = 1.0;
				PRODUCT_BUNDLE_IDENTIFIER = name.kayley.LayoutAndGeometry;
				PRODUCT_NAME = "$(TARGET_NAME)";
				SWIFT_EMIT_LOC_STRINGS = YES;
				SWIFT_VERSION = 5.0;
				TARGETED_DEVICE_FAMILY = "1,2";
			};
			name = Release;
		};
/* End XCBuildConfiguration section */

/* Begin XCConfigurationList section */
		583D88AE28E6264C00C31AB7 /* Build configuration list for PBXProject "LayoutAndGeometry" */ = {
			isa = XCConfigurationList;
			buildConfigurations = (
				583D88BF28E6265500C31AB7 /* Debug */,
				583D88C028E6265500C31AB7 /* Release */,
			);
			defaultConfigurationIsVisible = 0;
			defaultConfigurationName = Release;
		};
		583D88C128E6265500C31AB7 /* Build configuration list for PBXNativeTarget "LayoutAndGeometry" */ = {
			isa = XCConfigurationList;
			buildConfigurations = (
				583D88C228E6265500C31AB7 /* Debug */,
				583D88C328E6265500C31AB7 /* Release */,
			);
			defaultConfigurationIsVisible = 0;
			defaultConfigurationName = Release;
		};
/* End XCConfigurationList section */
	};
	rootObject = 583D88AB28E6264C00C31AB7 /* Project object */;
}
