// !$*UTF8*$!
{
	archiveVersion = 1;
	classes = {
	};
	objectVersion = 55;
	objects = {

/* Begin PBXBuildFile section */
		5840475B28650DA200B3D644 /* RatingView.swift in Sources */ = {isa = PBXBuildFile; fileRef = 5840475A28650DA100B3D644 /* RatingView.swift */; };
		5840475D286514BD00B3D644 /* EmojiRatingView.swift in Sources */ = {isa = PBXBuildFile; fileRef = 5840475C286514BD00B3D644 /* EmojiRatingView.swift */; };
		58965EE228625B9B004870C4 /* BookwormApp.swift in Sources */ = {isa = PBXBuildFile; fileRef = 58965EE128625B9B004870C4 /* BookwormApp.swift */; };
		58965EE428625B9B004870C4 /* ContentView.swift in Sources */ = {isa = PBXBuildFile; fileRef = 58965EE328625B9B004870C4 /* ContentView.swift */; };
		58965EE628625BA1004870C4 /* Assets.xcassets in Resources */ = {isa = PBXBuildFile; fileRef = 58965EE528625BA1004870C4 /* Assets.xcassets */; };
		58965EE928625BA1004870C4 /* Preview Assets.xcassets in Resources */ = {isa = PBXBuildFile; fileRef = 58965EE828625BA1004870C4 /* Preview Assets.xcassets */; };
		58965EF1286262A4004870C4 /* BindingExampleView.swift in Sources */ = {isa = PBXBuildFile; fileRef = 58965EF0286262A4004870C4 /* BindingExampleView.swift */; };
		58965EF3286264C1004870C4 /* TextEditorAppStorageExampleView.swift in Sources */ = {isa = PBXBuildFile; fileRef = 58965EF2286264C1004870C4 /* TextEditorAppStorageExampleView.swift */; };
		58965EF6286264EA004870C4 /* Bookworm.xcdatamodeld in Sources */ = {isa = PBXBuildFile; fileRef = 58965EF4286264EA004870C4 /* Bookworm.xcdatamodeld */; };
		58965EF828626559004870C4 /* DataController.swift in Sources */ = {isa = PBXBuildFile; fileRef = 58965EF728626559004870C4 /* DataController.swift */; };
		58965EFA28626AFF004870C4 /* CoreDataExampleView.swift in Sources */ = {isa = PBXBuildFile; fileRef = 58965EF928626AFF004870C4 /* CoreDataExampleView.swift */; };
		58965F3228650052004870C4 /* AddBookView.swift in Sources */ = {isa = PBXBuildFile; fileRef = 58965F3128650051004870C4 /* AddBookView.swift */; };
/* End PBXBuildFile section */

/* Begin PBXFileReference section */
		5840475A28650DA100B3D644 /* RatingView.swift */ = {isa = PBXFileReference; lastKnownFileType = sourcecode.swift; path = RatingView.swift; sourceTree = "<group>"; };
		5840475C286514BD00B3D644 /* EmojiRatingView.swift */ = {isa = PBXFileReference; lastKnownFileType = sourcecode.swift; path = EmojiRatingView.swift; sourceTree = "<group>"; };
		58965EDE28625B9B004870C4 /* Bookworm.app */ = {isa = PBXFileReference; explicitFileType = wrapper.application; includeInIndex = 0; path = Bookworm.app; sourceTree = BUILT_PRODUCTS_DIR; };
		58965EE128625B9B004870C4 /* BookwormApp.swift */ = {isa = PBXFileReference; lastKnownFileType = sourcecode.swift; path = BookwormApp.swift; sourceTree = "<group>"; };
		58965EE328625B9B004870C4 /* ContentView.swift */ = {isa = PBXFileReference; lastKnownFileType = sourcecode.swift; path = ContentView.swift; sourceTree = "<group>"; };
		58965EE528625BA1004870C4 /* Assets.xcassets */ = {isa = PBXFileReference; lastKnownFileType = folder.assetcatalog; path = Assets.xcassets; sourceTree = "<group>"; };
		58965EE828625BA1004870C4 /* Preview Assets.xcassets */ = {isa = PBXFileReference; lastKnownFileType = folder.assetcatalog; path = "Preview Assets.xcassets"; sourceTree = "<group>"; };
		58965EF0286262A4004870C4 /* BindingExampleView.swift */ = {isa = PBXFileReference; lastKnownFileType = sourcecode.swift; path = BindingExampleView.swift; sourceTree = "<group>"; };
		58965EF2286264C1004870C4 /* TextEditorAppStorageExampleView.swift */ = {isa = PBXFileReference; lastKnownFileType = sourcecode.swift; path = TextEditorAppStorageExampleView.swift; sourceTree = "<group>"; };
		58965EF5286264EA004870C4 /* Bookworm.xcdatamodel */ = {isa = PBXFileReference; lastKnownFileType = wrapper.xcdatamodel; path = Bookworm.xcdatamodel; sourceTree = "<group>"; };
		58965EF728626559004870C4 /* DataController.swift */ = {isa = PBXFileReference; lastKnownFileType = sourcecode.swift; path = DataController.swift; sourceTree = "<group>"; };
		58965EF928626AFF004870C4 /* CoreDataExampleView.swift */ = {isa = PBXFileReference; lastKnownFileType = sourcecode.swift; path = CoreDataExampleView.swift; sourceTree = "<group>"; };
		58965F3128650051004870C4 /* AddBookView.swift */ = {isa = PBXFileReference; lastKnownFileType = sourcecode.swift; path = AddBookView.swift; sourceTree = "<group>"; };
/* End PBXFileReference section */

/* Begin PBXFrameworksBuildPhase section */
		58965EDB28625B9B004870C4 /* Frameworks */ = {
			isa = PBXFrameworksBuildPhase;
			buildActionMask = 2147483647;
			files = (
			);
			runOnlyForDeploymentPostprocessing = 0;
		};
/* End PBXFrameworksBuildPhase section */

/* Begin PBXGroup section */
		58965ED528625B9B004870C4 = {
			isa = PBXGroup;
			children = (
				58965EE028625B9B004870C4 /* Bookworm */,
				58965EDF28625B9B004870C4 /* Products */,
			);
			sourceTree = "<group>";
		};
		58965EDF28625B9B004870C4 /* Products */ = {
			isa = PBXGroup;
			children = (
				58965EDE28625B9B004870C4 /* Bookworm.app */,
			);
			name = Products;
			sourceTree = "<group>";
		};
		58965EE028625B9B004870C4 /* Bookworm */ = {
			isa = PBXGroup;
			children = (
				58965EEF28626288004870C4 /* Learning */,
				58965EE128625B9B004870C4 /* BookwormApp.swift */,
				58965EE328625B9B004870C4 /* ContentView.swift */,
				58965EF4286264EA004870C4 /* Bookworm.xcdatamodeld */,
				58965F3128650051004870C4 /* AddBookView.swift */,
				5840475C286514BD00B3D644 /* EmojiRatingView.swift */,
				5840475A28650DA100B3D644 /* RatingView.swift */,
				58965EF728626559004870C4 /* DataController.swift */,
				58965EE528625BA1004870C4 /* Assets.xcassets */,
				58965EE728625BA1004870C4 /* Preview Content */,
			);
			path = Bookworm;
			sourceTree = "<group>";
		};
		58965EE728625BA1004870C4 /* Preview Content */ = {
			isa = PBXGroup;
			children = (
				58965EE828625BA1004870C4 /* Preview Assets.xcassets */,
			);
			path = "Preview Content";
			sourceTree = "<group>";
		};
		58965EEF28626288004870C4 /* Learning */ = {
			isa = PBXGroup;
			children = (
				58965EF0286262A4004870C4 /* BindingExampleView.swift */,
				58965EF2286264C1004870C4 /* TextEditorAppStorageExampleView.swift */,
				58965EF928626AFF004870C4 /* CoreDataExampleView.swift */,
			);
			path = Learning;
			sourceTree = "<group>";
		};
/* End PBXGroup section */

/* Begin PBXNativeTarget section */
		58965EDD28625B9B004870C4 /* Bookworm */ = {
			isa = PBXNativeTarget;
			buildConfigurationList = 58965EEC28625BA1004870C4 /* Build configuration list for PBXNativeTarget "Bookworm" */;
			buildPhases = (
				58965EDA28625B9B004870C4 /* Sources */,
				58965EDB28625B9B004870C4 /* Frameworks */,
				58965EDC28625B9B004870C4 /* Resources */,
			);
			buildRules = (
			);
			dependencies = (
			);
			name = Bookworm;
			productName = Bookworm;
			productReference = 58965EDE28625B9B004870C4 /* Bookworm.app */;
			productType = "com.apple.product-type.application";
		};
/* End PBXNativeTarget section */

/* Begin PBXProject section */
		58965ED628625B9B004870C4 /* Project object */ = {
			isa = PBXProject;
			attributes = {
				BuildIndependentTargetsInParallel = 1;
				LastSwiftUpdateCheck = 1340;
				LastUpgradeCheck = 1340;
				TargetAttributes = {
					58965EDD28625B9B004870C4 = {
						CreatedOnToolsVersion = 13.4.1;
					};
				};
			};
			buildConfigurationList = 58965ED928625B9B004870C4 /* Build configuration list for PBXProject "Bookworm" */;
			compatibilityVersion = "Xcode 13.0";
			developmentRegion = en;
			hasScannedForEncodings = 0;
			knownRegions = (
				en,
				Base,
			);
			mainGroup = 58965ED528625B9B004870C4;
			productRefGroup = 58965EDF28625B9B004870C4 /* Products */;
			projectDirPath = "";
			projectRoot = "";
			targets = (
				58965EDD28625B9B004870C4 /* Bookworm */,
			);
		};
/* End PBXProject section */

/* Begin PBXResourcesBuildPhase section */
		58965EDC28625B9B004870C4 /* Resources */ = {
			isa = PBXResourcesBuildPhase;
			buildActionMask = 2147483647;
			files = (
				58965EE928625BA1004870C4 /* Preview Assets.xcassets in Resources */,
				58965EE628625BA1004870C4 /* Assets.xcassets in Resources */,
			);
			runOnlyForDeploymentPostprocessing = 0;
		};
/* End PBXResourcesBuildPhase section */

/* Begin PBXSourcesBuildPhase section */
		58965EDA28625B9B004870C4 /* Sources */ = {
			isa = PBXSourcesBuildPhase;
			buildActionMask = 2147483647;
			files = (
				5840475D286514BD00B3D644 /* EmojiRatingView.swift in Sources */,
				58965EE428625B9B004870C4 /* ContentView.swift in Sources */,
				58965EF828626559004870C4 /* DataController.swift in Sources */,
				58965EFA28626AFF004870C4 /* CoreDataExampleView.swift in Sources */,
				5840475B28650DA200B3D644 /* RatingView.swift in Sources */,
				58965F3228650052004870C4 /* AddBookView.swift in Sources */,
				58965EF3286264C1004870C4 /* TextEditorAppStorageExampleView.swift in Sources */,
				58965EF1286262A4004870C4 /* BindingExampleView.swift in Sources */,
				58965EE228625B9B004870C4 /* BookwormApp.swift in Sources */,
				58965EF6286264EA004870C4 /* Bookworm.xcdatamodeld in Sources */,
			);
			runOnlyForDeploymentPostprocessing = 0;
		};
/* End PBXSourcesBuildPhase section */

/* Begin XCBuildConfiguration section */
		58965EEA28625BA1004870C4 /* Debug */ = {
			isa = XCBuildConfiguration;
			buildSettings = {
				ALWAYS_SEARCH_USER_PATHS = NO;
				CLANG_ANALYZER_NONNULL = YES;
				CLANG_ANALYZER_NUMBER_OBJECT_CONVERSION = YES_AGGRESSIVE;
				CLANG_CXX_LANGUAGE_STANDARD = "gnu++17";
				CLANG_ENABLE_MODULES = YES;
				CLANG_ENABLE_OBJC_ARC = YES;
				CLANG_ENABLE_OBJC_WEAK = YES;
				CLANG_WARN_BLOCK_CAPTURE_AUTORELEASING = YES;
				CLANG_WARN_BOOL_CONVERSION = YES;
				CLANG_WARN_COMMA = YES;
				CLANG_WARN_CONSTANT_CONVERSION = YES;
				CLANG_WARN_DEPRECATED_OBJC_IMPLEMENTATIONS = YES;
				CLANG_WARN_DIRECT_OBJC_ISA_USAGE = YES_ERROR;
				CLANG_WARN_DOCUMENTATION_COMMENTS = YES;
				CLANG_WARN_EMPTY_BODY = YES;
				CLANG_WARN_ENUM_CONVERSION = YES;
				CLANG_WARN_INFINITE_RECURSION = YES;
				CLANG_WARN_INT_CONVERSION = YES;
				CLANG_WARN_NON_LITERAL_NULL_CONVERSION = YES;
				CLANG_WARN_OBJC_IMPLICIT_RETAIN_SELF = YES;
				CLANG_WARN_OBJC_LITERAL_CONVERSION = YES;
				CLANG_WARN_OBJC_ROOT_CLASS = YES_ERROR;
				CLANG_WARN_QUOTED_INCLUDE_IN_FRAMEWORK_HEADER = YES;
				CLANG_WARN_RANGE_LOOP_ANALYSIS = YES;
				CLANG_WARN_STRICT_PROTOTYPES = YES;
				CLANG_WARN_SUSPICIOUS_MOVE = YES;
				CLANG_WARN_UNGUARDED_AVAILABILITY = YES_AGGRESSIVE;
				CLANG_WARN_UNREACHABLE_CODE = YES;
				CLANG_WARN__DUPLICATE_METHOD_MATCH = YES;
				COPY_PHASE_STRIP = NO;
				DEBUG_INFORMATION_FORMAT = dwarf;
				ENABLE_STRICT_OBJC_MSGSEND = YES;
				ENABLE_TESTABILITY = YES;
				GCC_C_LANGUAGE_STANDARD = gnu11;
				GCC_DYNAMIC_NO_PIC = NO;
				GCC_NO_COMMON_BLOCKS = YES;
				GCC_OPTIMIZATION_LEVEL = 0;
				GCC_PREPROCESSOR_DEFINITIONS = (
					"DEBUG=1",
					"$(inherited)",
				);
				GCC_WARN_64_TO_32_BIT_CONVERSION = YES;
				GCC_WARN_ABOUT_RETURN_TYPE = YES_ERROR;
				GCC_WARN_UNDECLARED_SELECTOR = YES;
				GCC_WARN_UNINITIALIZED_AUTOS = YES_AGGRESSIVE;
				GCC_WARN_UNUSED_FUNCTION = YES;
				GCC_WARN_UNUSED_VARIABLE = YES;
				IPHONEOS_DEPLOYMENT_TARGET = 15.5;
				MTL_ENABLE_DEBUG_INFO = INCLUDE_SOURCE;
				MTL_FAST_MATH = YES;
				ONLY_ACTIVE_ARCH = YES;
				SDKROOT = iphoneos;
				SWIFT_ACTIVE_COMPILATION_CONDITIONS = DEBUG;
				SWIFT_OPTIMIZATION_LEVEL = "-Onone";
			};
			name = Debug;
		};
		58965EEB28625BA1004870C4 /* Release */ = {
			isa = XCBuildConfiguration;
			buildSettings = {
				ALWAYS_SEARCH_USER_PATHS = NO;
				CLANG_ANALYZER_NONNULL = YES;
				CLANG_ANALYZER_NUMBER_OBJECT_CONVERSION = YES_AGGRESSIVE;
				CLANG_CXX_LANGUAGE_STANDARD = "gnu++17";
				CLANG_ENABLE_MODULES = YES;
				CLANG_ENABLE_OBJC_ARC = YES;
				CLANG_ENABLE_OBJC_WEAK = YES;
				CLANG_WARN_BLOCK_CAPTURE_AUTORELEASING = YES;
				CLANG_WARN_BOOL_CONVERSION = YES;
				CLANG_WARN_COMMA = YES;
				CLANG_WARN_CONSTANT_CONVERSION = YES;
				CLANG_WARN_DEPRECATED_OBJC_IMPLEMENTATIONS = YES;
				CLANG_WARN_DIRECT_OBJC_ISA_USAGE = YES_ERROR;
				CLANG_WARN_DOCUMENTATION_COMMENTS = YES;
				CLANG_WARN_EMPTY_BODY = YES;
				CLANG_WARN_ENUM_CONVERSION = YES;
				CLANG_WARN_INFINITE_RECURSION = YES;
				CLANG_WARN_INT_CONVERSION = YES;
				CLANG_WARN_NON_LITERAL_NULL_CONVERSION = YES;
				CLANG_WARN_OBJC_IMPLICIT_RETAIN_SELF = YES;
				CLANG_WARN_OBJC_LITERAL_CONVERSION = YES;
				CLANG_WARN_OBJC_ROOT_CLASS = YES_ERROR;
				CLANG_WARN_QUOTED_INCLUDE_IN_FRAMEWORK_HEADER = YES;
				CLANG_WARN_RANGE_LOOP_ANALYSIS = YES;
				CLANG_WARN_STRICT_PROTOTYPES = YES;
				CLANG_WARN_SUSPICIOUS_MOVE = YES;
				CLANG_WARN_UNGUARDED_AVAILABILITY = YES_AGGRESSIVE;
				CLANG_WARN_UNREACHABLE_CODE = YES;
				CLANG_WARN__DUPLICATE_METHOD_MATCH = YES;
				COPY_PHASE_STRIP = NO;
				DEBUG_INFORMATION_FORMAT = "dwarf-with-dsym";
				ENABLE_NS_ASSERTIONS = NO;
				ENABLE_STRICT_OBJC_MSGSEND = YES;
				GCC_C_LANGUAGE_STANDARD = gnu11;
				GCC_NO_COMMON_BLOCKS = YES;
				GCC_WARN_64_TO_32_BIT_CONVERSION = YES;
				GCC_WARN_ABOUT_RETURN_TYPE = YES_ERROR;
				GCC_WARN_UNDECLARED_SELECTOR = YES;
				GCC_WARN_UNINITIALIZED_AUTOS = YES_AGGRESSIVE;
				GCC_WARN_UNUSED_FUNCTION = YES;
				GCC_WARN_UNUSED_VARIABLE = YES;
				IPHONEOS_DEPLOYMENT_TARGET = 15.5;
				MTL_ENABLE_DEBUG_INFO = NO;
				MTL_FAST_MATH = YES;
				SDKROOT = iphoneos;
				SWIFT_COMPILATION_MODE = wholemodule;
				SWIFT_OPTIMIZATION_LEVEL = "-O";
				VALIDATE_PRODUCT = YES;
			};
			name = Release;
		};
		58965EED28625BA1004870C4 /* Debug */ = {
			isa = XCBuildConfiguration;
			buildSettings = {
				ASSETCATALOG_COMPILER_APPICON_NAME = AppIcon;
				ASSETCATALOG_COMPILER_GLOBAL_ACCENT_COLOR_NAME = AccentColor;
				CODE_SIGN_STYLE = Automatic;
				CURRENT_PROJECT_VERSION = 1;
				DEVELOPMENT_ASSET_PATHS = "\"Bookworm/Preview Content\"";
				DEVELOPMENT_TEAM = SR5D6FC58T;
				ENABLE_PREVIEWS = YES;
				GENERATE_INFOPLIST_FILE = YES;
				INFOPLIST_KEY_UIApplicationSceneManifest_Generation = YES;
				INFOPLIST_KEY_UIApplicationSupportsIndirectInputEvents = YES;
				INFOPLIST_KEY_UILaunchScreen_Generation = YES;
				INFOPLIST_KEY_UISupportedInterfaceOrientations_iPad = "UIInterfaceOrientationPortrait UIInterfaceOrientationPortraitUpsideDown UIInterfaceOrientationLandscapeLeft UIInterfaceOrientationLandscapeRight";
				INFOPLIST_KEY_UISupportedInterfaceOrientations_iPhone = "UIInterfaceOrientationPortrait UIInterfaceOrientationLandscapeLeft UIInterfaceOrientationLandscapeRight";
				LD_RUNPATH_SEARCH_PATHS = (
					"$(inherited)",
					"@executable_path/Frameworks",
				);
				MARKETING_VERSION = 1.0;
				PRODUCT_BUNDLE_IDENTIFIER = name.kayley.Bookworm;
				PRODUCT_NAME = "$(TARGET_NAME)";
				SWIFT_EMIT_LOC_STRINGS = YES;
				SWIFT_VERSION = 5.0;
				TARGETED_DEVICE_FAMILY = "1,2";
			};
			name = Debug;
		};
		58965EEE28625BA1004870C4 /* Release */ = {
			isa = XCBuildConfiguration;
			buildSettings = {
				ASSETCATALOG_COMPILER_APPICON_NAME = AppIcon;
				ASSETCATALOG_COMPILER_GLOBAL_ACCENT_COLOR_NAME = AccentColor;
				CODE_SIGN_STYLE = Automatic;
				CURRENT_PROJECT_VERSION = 1;
				DEVELOPMENT_ASSET_PATHS = "\"Bookworm/Preview Content\"";
				DEVELOPMENT_TEAM = SR5D6FC58T;
				ENABLE_PREVIEWS = YES;
				GENERATE_INFOPLIST_FILE = YES;
				INFOPLIST_KEY_UIApplicationSceneManifest_Generation = YES;
				INFOPLIST_KEY_UIApplicationSupportsIndirectInputEvents = YES;
				INFOPLIST_KEY_UILaunchScreen_Generation = YES;
				INFOPLIST_KEY_UISupportedInterfaceOrientations_iPad = "UIInterfaceOrientationPortrait UIInterfaceOrientationPortraitUpsideDown UIInterfaceOrientationLandscapeLeft UIInterfaceOrientationLandscapeRight";
				INFOPLIST_KEY_UISupportedInterfaceOrientations_iPhone = "UIInterfaceOrientationPortrait UIInterfaceOrientationLandscapeLeft UIInterfaceOrientationLandscapeRight";
				LD_RUNPATH_SEARCH_PATHS = (
					"$(inherited)",
					"@executable_path/Frameworks",
				);
				MARKETING_VERSION = 1.0;
				PRODUCT_BUNDLE_IDENTIFIER = name.kayley.Bookworm;
				PRODUCT_NAME = "$(TARGET_NAME)";
				SWIFT_EMIT_LOC_STRINGS = YES;
				SWIFT_VERSION = 5.0;
				TARGETED_DEVICE_FAMILY = "1,2";
			};
			name = Release;
		};
/* End XCBuildConfiguration section */

/* Begin XCConfigurationList section */
		58965ED928625B9B004870C4 /* Build configuration list for PBXProject "Bookworm" */ = {
			isa = XCConfigurationList;
			buildConfigurations = (
				58965EEA28625BA1004870C4 /* Debug */,
				58965EEB28625BA1004870C4 /* Release */,
			);
			defaultConfigurationIsVisible = 0;
			defaultConfigurationName = Release;
		};
		58965EEC28625BA1004870C4 /* Build configuration list for PBXNativeTarget "Bookworm" */ = {
			isa = XCConfigurationList;
			buildConfigurations = (
				58965EED28625BA1004870C4 /* Debug */,
				58965EEE28625BA1004870C4 /* Release */,
			);
			defaultConfigurationIsVisible = 0;
			defaultConfigurationName = Release;
		};
/* End XCConfigurationList section */

/* Begin XCVersionGroup section */
		58965EF4286264EA004870C4 /* Bookworm.xcdatamodeld */ = {
			isa = XCVersionGroup;
			children = (
				58965EF5286264EA004870C4 /* Bookworm.xcdatamodel */,
			);
			currentVersion = 58965EF5286264EA004870C4 /* Bookworm.xcdatamodel */;
			path = Bookworm.xcdatamodeld;
			sourceTree = "<group>";
			versionGroupType = wrapper.xcdatamodel;
		};
/* End XCVersionGroup section */
	};
	rootObject = 58965ED628625B9B004870C4 /* Project object */;
}
