// !$*UTF8*$!
{
	archiveVersion = 1;
	classes = {
	};
	objectVersion = 56;
	objects = {

/* Begin PBXBuildFile section */
		5812C5CE28EF702300AB3325 /* DiceApp.swift in Sources */ = {isa = PBXBuildFile; fileRef = 5812C5CD28EF702300AB3325 /* DiceApp.swift */; };
		5812C5D028EF702300AB3325 /* ContentView.swift in Sources */ = {isa = PBXBuildFile; fileRef = 5812C5CF28EF702300AB3325 /* ContentView.swift */; };
		5812C5D228EF702600AB3325 /* Assets.xcassets in Resources */ = {isa = PBXBuildFile; fileRef = 5812C5D128EF702600AB3325 /* Assets.xcassets */; };
		5812C5D528EF702600AB3325 /* Preview Assets.xcassets in Resources */ = {isa = PBXBuildFile; fileRef = 5812C5D428EF702600AB3325 /* Preview Assets.xcassets */; };
		5812C5F928EF78EE00AB3325 /* DiceView.swift in Sources */ = {isa = PBXBuildFile; fileRef = 5812C5F828EF78EE00AB3325 /* DiceView.swift */; };
		5812C5FC28EF7DCA00AB3325 /* Dice.swift in Sources */ = {isa = PBXBuildFile; fileRef = 5812C5FB28EF7DCA00AB3325 /* Dice.swift */; };
		5812C5FF28EF853C00AB3325 /* Color+Theme.swift in Sources */ = {isa = PBXBuildFile; fileRef = 5812C5FE28EF853C00AB3325 /* Color+Theme.swift */; };
		5812C60128F2F03A00AB3325 /* RollDiceView.swift in Sources */ = {isa = PBXBuildFile; fileRef = 5812C60028F2F03A00AB3325 /* RollDiceView.swift */; };
		5812C60328F2F70100AB3325 /* SettingsView.swift in Sources */ = {isa = PBXBuildFile; fileRef = 5812C60228F2F70100AB3325 /* SettingsView.swift */; };
		5812C60528F2F9C900AB3325 /* LogoView.swift in Sources */ = {isa = PBXBuildFile; fileRef = 5812C60428F2F9C900AB3325 /* LogoView.swift */; };
		5812C60728F4C84B00AB3325 /* PreviousRollsView.swift in Sources */ = {isa = PBXBuildFile; fileRef = 5812C60628F4C84B00AB3325 /* PreviousRollsView.swift */; };
		5812C60A28F5F9B500AB3325 /* DataController.swift in Sources */ = {isa = PBXBuildFile; fileRef = 5812C60928F5F9B500AB3325 /* DataController.swift */; };
		5812C60D28F5FACC00AB3325 /* DiceRolls.xcdatamodeld in Sources */ = {isa = PBXBuildFile; fileRef = 5812C60B28F5FACB00AB3325 /* DiceRolls.xcdatamodeld */; };
		5812C60F28F6101100AB3325 /* SheetView.swift in Sources */ = {isa = PBXBuildFile; fileRef = 5812C60E28F6101100AB3325 /* SheetView.swift */; };
		587FA0D028F76FCE00CF7AF5 /* Dice3DView.swift in Sources */ = {isa = PBXBuildFile; fileRef = 587FA0CF28F76FCE00CF7AF5 /* Dice3DView.swift */; };
		58C070CE28F739E300CE50D6 /* PreviewDataController.swift in Sources */ = {isa = PBXBuildFile; fileRef = 58C070CD28F739E300CE50D6 /* PreviewDataController.swift */; };
/* End PBXBuildFile section */

/* Begin PBXContainerItemProxy section */
		5812C5DB28EF702700AB3325 /* PBXContainerItemProxy */ = {
			isa = PBXContainerItemProxy;
			containerPortal = 5812C5C228EF702300AB3325 /* Project object */;
			proxyType = 1;
			remoteGlobalIDString = 5812C5C928EF702300AB3325;
			remoteInfo = Dice;
		};
		5812C5E528EF702700AB3325 /* PBXContainerItemProxy */ = {
			isa = PBXContainerItemProxy;
			containerPortal = 5812C5C228EF702300AB3325 /* Project object */;
			proxyType = 1;
			remoteGlobalIDString = 5812C5C928EF702300AB3325;
			remoteInfo = Dice;
		};
/* End PBXContainerItemProxy section */

/* Begin PBXFileReference section */
		5812C5CA28EF702300AB3325 /* Dice.app */ = {isa = PBXFileReference; explicitFileType = wrapper.application; includeInIndex = 0; path = Dice.app; sourceTree = BUILT_PRODUCTS_DIR; };
		5812C5CD28EF702300AB3325 /* DiceApp.swift */ = {isa = PBXFileReference; lastKnownFileType = sourcecode.swift; path = DiceApp.swift; sourceTree = "<group>"; };
		5812C5CF28EF702300AB3325 /* ContentView.swift */ = {isa = PBXFileReference; lastKnownFileType = sourcecode.swift; path = ContentView.swift; sourceTree = "<group>"; };
		5812C5D128EF702600AB3325 /* Assets.xcassets */ = {isa = PBXFileReference; lastKnownFileType = folder.assetcatalog; path = Assets.xcassets; sourceTree = "<group>"; };
		5812C5D428EF702600AB3325 /* Preview Assets.xcassets */ = {isa = PBXFileReference; lastKnownFileType = folder.assetcatalog; path = "Preview Assets.xcassets"; sourceTree = "<group>"; };
		5812C5DA28EF702700AB3325 /* DiceTests.xctest */ = {isa = PBXFileReference; explicitFileType = wrapper.cfbundle; includeInIndex = 0; path = DiceTests.xctest; sourceTree = BUILT_PRODUCTS_DIR; };
		5812C5E428EF702700AB3325 /* DiceUITests.xctest */ = {isa = PBXFileReference; explicitFileType = wrapper.cfbundle; includeInIndex = 0; path = DiceUITests.xctest; sourceTree = BUILT_PRODUCTS_DIR; };
		5812C5F828EF78EE00AB3325 /* DiceView.swift */ = {isa = PBXFileReference; lastKnownFileType = sourcecode.swift; path = DiceView.swift; sourceTree = "<group>"; };
		5812C5FB28EF7DCA00AB3325 /* Dice.swift */ = {isa = PBXFileReference; lastKnownFileType = sourcecode.swift; path = Dice.swift; sourceTree = "<group>"; };
		5812C5FE28EF853C00AB3325 /* Color+Theme.swift */ = {isa = PBXFileReference; lastKnownFileType = sourcecode.swift; path = "Color+Theme.swift"; sourceTree = "<group>"; };
		5812C60028F2F03A00AB3325 /* RollDiceView.swift */ = {isa = PBXFileReference; lastKnownFileType = sourcecode.swift; path = RollDiceView.swift; sourceTree = "<group>"; };
		5812C60228F2F70100AB3325 /* SettingsView.swift */ = {isa = PBXFileReference; lastKnownFileType = sourcecode.swift; path = SettingsView.swift; sourceTree = "<group>"; };
		5812C60428F2F9C900AB3325 /* LogoView.swift */ = {isa = PBXFileReference; lastKnownFileType = sourcecode.swift; path = LogoView.swift; sourceTree = "<group>"; };
		5812C60628F4C84B00AB3325 /* PreviousRollsView.swift */ = {isa = PBXFileReference; lastKnownFileType = sourcecode.swift; path = PreviousRollsView.swift; sourceTree = "<group>"; };
		5812C60928F5F9B500AB3325 /* DataController.swift */ = {isa = PBXFileReference; lastKnownFileType = sourcecode.swift; path = DataController.swift; sourceTree = "<group>"; };
		5812C60C28F5FACC00AB3325 /* DiceRolls.xcdatamodel */ = {isa = PBXFileReference; lastKnownFileType = wrapper.xcdatamodel; path = DiceRolls.xcdatamodel; sourceTree = "<group>"; };
		5812C60E28F6101100AB3325 /* SheetView.swift */ = {isa = PBXFileReference; lastKnownFileType = sourcecode.swift; path = SheetView.swift; sourceTree = "<group>"; };
		587FA0CF28F76FCE00CF7AF5 /* Dice3DView.swift */ = {isa = PBXFileReference; lastKnownFileType = sourcecode.swift; path = Dice3DView.swift; sourceTree = "<group>"; };
		58C070CD28F739E300CE50D6 /* PreviewDataController.swift */ = {isa = PBXFileReference; lastKnownFileType = sourcecode.swift; path = PreviewDataController.swift; sourceTree = "<group>"; };
/* End PBXFileReference section */

/* Begin PBXFrameworksBuildPhase section */
		5812C5C728EF702300AB3325 /* Frameworks */ = {
			isa = PBXFrameworksBuildPhase;
			buildActionMask = 2147483647;
			files = (
			);
			runOnlyForDeploymentPostprocessing = 0;
		};
		5812C5D728EF702700AB3325 /* Frameworks */ = {
			isa = PBXFrameworksBuildPhase;
			buildActionMask = 2147483647;
			files = (
			);
			runOnlyForDeploymentPostprocessing = 0;
		};
		5812C5E128EF702700AB3325 /* Frameworks */ = {
			isa = PBXFrameworksBuildPhase;
			buildActionMask = 2147483647;
			files = (
			);
			runOnlyForDeploymentPostprocessing = 0;
		};
/* End PBXFrameworksBuildPhase section */

/* Begin PBXGroup section */
		5812C5C128EF702300AB3325 = {
			isa = PBXGroup;
			children = (
				5812C5CC28EF702300AB3325 /* Dice */,
				5812C5CB28EF702300AB3325 /* Products */,
			);
			sourceTree = "<group>";
		};
		5812C5CB28EF702300AB3325 /* Products */ = {
			isa = PBXGroup;
			children = (
				5812C5CA28EF702300AB3325 /* Dice.app */,
				5812C5DA28EF702700AB3325 /* DiceTests.xctest */,
				5812C5E428EF702700AB3325 /* DiceUITests.xctest */,
			);
			name = Products;
			sourceTree = "<group>";
		};
		5812C5CC28EF702300AB3325 /* Dice */ = {
			isa = PBXGroup;
			children = (
				5812C60828F5F99E00AB3325 /* Persistance */,
				5812C5FD28EF852800AB3325 /* Theme */,
				5812C5FA28EF7DB700AB3325 /* Model */,
				5812C5F728EF78D700AB3325 /* View */,
				5812C5CD28EF702300AB3325 /* DiceApp.swift */,
				5812C5CF28EF702300AB3325 /* ContentView.swift */,
				5812C5D128EF702600AB3325 /* Assets.xcassets */,
				5812C5D328EF702600AB3325 /* Preview Content */,
			);
			path = Dice;
			sourceTree = "<group>";
		};
		5812C5D328EF702600AB3325 /* Preview Content */ = {
			isa = PBXGroup;
			children = (
				5812C5D428EF702600AB3325 /* Preview Assets.xcassets */,
				58C070CD28F739E300CE50D6 /* PreviewDataController.swift */,
			);
			path = "Preview Content";
			sourceTree = "<group>";
		};
		5812C5F728EF78D700AB3325 /* View */ = {
			isa = PBXGroup;
			children = (
				5812C5F828EF78EE00AB3325 /* DiceView.swift */,
				5812C60028F2F03A00AB3325 /* RollDiceView.swift */,
				5812C60228F2F70100AB3325 /* SettingsView.swift */,
				5812C60428F2F9C900AB3325 /* LogoView.swift */,
				5812C60628F4C84B00AB3325 /* PreviousRollsView.swift */,
				5812C60E28F6101100AB3325 /* SheetView.swift */,
				587FA0CF28F76FCE00CF7AF5 /* Dice3DView.swift */,
			);
			path = View;
			sourceTree = "<group>";
		};
		5812C5FA28EF7DB700AB3325 /* Model */ = {
			isa = PBXGroup;
			children = (
				5812C5FB28EF7DCA00AB3325 /* Dice.swift */,
				5812C60B28F5FACB00AB3325 /* DiceRolls.xcdatamodeld */,
			);
			path = Model;
			sourceTree = "<group>";
		};
		5812C5FD28EF852800AB3325 /* Theme */ = {
			isa = PBXGroup;
			children = (
				5812C5FE28EF853C00AB3325 /* Color+Theme.swift */,
			);
			path = Theme;
			sourceTree = "<group>";
		};
		5812C60828F5F99E00AB3325 /* Persistance */ = {
			isa = PBXGroup;
			children = (
				5812C60928F5F9B500AB3325 /* DataController.swift */,
			);
			path = Persistance;
			sourceTree = "<group>";
		};
/* End PBXGroup section */

/* Begin PBXNativeTarget section */
		5812C5C928EF702300AB3325 /* Dice */ = {
			isa = PBXNativeTarget;
			buildConfigurationList = 5812C5EE28EF702700AB3325 /* Build configuration list for PBXNativeTarget "Dice" */;
			buildPhases = (
				5812C5C628EF702300AB3325 /* Sources */,
				5812C5C728EF702300AB3325 /* Frameworks */,
				5812C5C828EF702300AB3325 /* Resources */,
			);
			buildRules = (
			);
			dependencies = (
			);
			name = Dice;
			productName = Dice;
			productReference = 5812C5CA28EF702300AB3325 /* Dice.app */;
			productType = "com.apple.product-type.application";
		};
		5812C5D928EF702700AB3325 /* DiceTests */ = {
			isa = PBXNativeTarget;
			buildConfigurationList = 5812C5F128EF702700AB3325 /* Build configuration list for PBXNativeTarget "DiceTests" */;
			buildPhases = (
				5812C5D628EF702700AB3325 /* Sources */,
				5812C5D728EF702700AB3325 /* Frameworks */,
				5812C5D828EF702700AB3325 /* Resources */,
			);
			buildRules = (
			);
			dependencies = (
				5812C5DC28EF702700AB3325 /* PBXTargetDependency */,
			);
			name = DiceTests;
			productName = DiceTests;
			productReference = 5812C5DA28EF702700AB3325 /* DiceTests.xctest */;
			productType = "com.apple.product-type.bundle.unit-test";
		};
		5812C5E328EF702700AB3325 /* DiceUITests */ = {
			isa = PBXNativeTarget;
			buildConfigurationList = 5812C5F428EF702700AB3325 /* Build configuration list for PBXNativeTarget "DiceUITests" */;
			buildPhases = (
				5812C5E028EF702700AB3325 /* Sources */,
				5812C5E128EF702700AB3325 /* Frameworks */,
				5812C5E228EF702700AB3325 /* Resources */,
			);
			buildRules = (
			);
			dependencies = (
				5812C5E628EF702700AB3325 /* PBXTargetDependency */,
			);
			name = DiceUITests;
			productName = DiceUITests;
			productReference = 5812C5E428EF702700AB3325 /* DiceUITests.xctest */;
			productType = "com.apple.product-type.bundle.ui-testing";
		};
/* End PBXNativeTarget section */

/* Begin PBXProject section */
		5812C5C228EF702300AB3325 /* Project object */ = {
			isa = PBXProject;
			attributes = {
				BuildIndependentTargetsInParallel = 1;
				LastSwiftUpdateCheck = 1400;
				LastUpgradeCheck = 1400;
				TargetAttributes = {
					5812C5C928EF702300AB3325 = {
						CreatedOnToolsVersion = 14.0.1;
					};
					5812C5D928EF702700AB3325 = {
						CreatedOnToolsVersion = 14.0.1;
						TestTargetID = 5812C5C928EF702300AB3325;
					};
					5812C5E328EF702700AB3325 = {
						CreatedOnToolsVersion = 14.0.1;
						TestTargetID = 5812C5C928EF702300AB3325;
					};
				};
			};
			buildConfigurationList = 5812C5C528EF702300AB3325 /* Build configuration list for PBXProject "Dice" */;
			compatibilityVersion = "Xcode 14.0";
			developmentRegion = en;
			hasScannedForEncodings = 0;
			knownRegions = (
				en,
				Base,
			);
			mainGroup = 5812C5C128EF702300AB3325;
			productRefGroup = 5812C5CB28EF702300AB3325 /* Products */;
			projectDirPath = "";
			projectRoot = "";
			targets = (
				5812C5C928EF702300AB3325 /* Dice */,
				5812C5D928EF702700AB3325 /* DiceTests */,
				5812C5E328EF702700AB3325 /* DiceUITests */,
			);
		};
/* End PBXProject section */

/* Begin PBXResourcesBuildPhase section */
		5812C5C828EF702300AB3325 /* Resources */ = {
			isa = PBXResourcesBuildPhase;
			buildActionMask = 2147483647;
			files = (
				5812C5D528EF702600AB3325 /* Preview Assets.xcassets in Resources */,
				5812C5D228EF702600AB3325 /* Assets.xcassets in Resources */,
			);
			runOnlyForDeploymentPostprocessing = 0;
		};
		5812C5D828EF702700AB3325 /* Resources */ = {
			isa = PBXResourcesBuildPhase;
			buildActionMask = 2147483647;
			files = (
			);
			runOnlyForDeploymentPostprocessing = 0;
		};
		5812C5E228EF702700AB3325 /* Resources */ = {
			isa = PBXResourcesBuildPhase;
			buildActionMask = 2147483647;
			files = (
			);
			runOnlyForDeploymentPostprocessing = 0;
		};
/* End PBXResourcesBuildPhase section */

/* Begin PBXSourcesBuildPhase section */
		5812C5C628EF702300AB3325 /* Sources */ = {
			isa = PBXSourcesBuildPhase;
			buildActionMask = 2147483647;
			files = (
				587FA0D028F76FCE00CF7AF5 /* Dice3DView.swift in Sources */,
				5812C60728F4C84B00AB3325 /* PreviousRollsView.swift in Sources */,
				5812C60328F2F70100AB3325 /* SettingsView.swift in Sources */,
				5812C60128F2F03A00AB3325 /* RollDiceView.swift in Sources */,
				5812C5FF28EF853C00AB3325 /* Color+Theme.swift in Sources */,
				5812C5D028EF702300AB3325 /* ContentView.swift in Sources */,
				58C070CE28F739E300CE50D6 /* PreviewDataController.swift in Sources */,
				5812C60A28F5F9B500AB3325 /* DataController.swift in Sources */,
				5812C5F928EF78EE00AB3325 /* DiceView.swift in Sources */,
				5812C60528F2F9C900AB3325 /* LogoView.swift in Sources */,
				5812C5FC28EF7DCA00AB3325 /* Dice.swift in Sources */,
				5812C5CE28EF702300AB3325 /* DiceApp.swift in Sources */,
				5812C60F28F6101100AB3325 /* SheetView.swift in Sources */,
				5812C60D28F5FACC00AB3325 /* DiceRolls.xcdatamodeld in Sources */,
			);
			runOnlyForDeploymentPostprocessing = 0;
		};
		5812C5D628EF702700AB3325 /* Sources */ = {
			isa = PBXSourcesBuildPhase;
			buildActionMask = 2147483647;
			files = (
			);
			runOnlyForDeploymentPostprocessing = 0;
		};
		5812C5E028EF702700AB3325 /* Sources */ = {
			isa = PBXSourcesBuildPhase;
			buildActionMask = 2147483647;
			files = (
			);
			runOnlyForDeploymentPostprocessing = 0;
		};
/* End PBXSourcesBuildPhase section */

/* Begin PBXTargetDependency section */
		5812C5DC28EF702700AB3325 /* PBXTargetDependency */ = {
			isa = PBXTargetDependency;
			target = 5812C5C928EF702300AB3325 /* Dice */;
			targetProxy = 5812C5DB28EF702700AB3325 /* PBXContainerItemProxy */;
		};
		5812C5E628EF702700AB3325 /* PBXTargetDependency */ = {
			isa = PBXTargetDependency;
			target = 5812C5C928EF702300AB3325 /* Dice */;
			targetProxy = 5812C5E528EF702700AB3325 /* PBXContainerItemProxy */;
		};
/* End PBXTargetDependency section */

/* Begin XCBuildConfiguration section */
		5812C5EC28EF702700AB3325 /* Debug */ = {
			isa = XCBuildConfiguration;
			buildSettings = {
				ALWAYS_SEARCH_USER_PATHS = NO;
				CLANG_ANALYZER_NONNULL = YES;
				CLANG_ANALYZER_NUMBER_OBJECT_CONVERSION = YES_AGGRESSIVE;
				CLANG_CXX_LANGUAGE_STANDARD = "gnu++20";
				CLANG_ENABLE_MODULES = YES;
				CLANG_ENABLE_OBJC_ARC = YES;
				CLANG_ENABLE_OBJC_WEAK = YES;
				CLANG_WARN_BLOCK_CAPTURE_AUTORELEASING = YES;
				CLANG_WARN_BOOL_CONVERSION = YES;
				CLANG_WARN_COMMA = YES;
				CLANG_WARN_CONSTANT_CONVERSION = YES;
				CLANG_WARN_DEPRECATED_OBJC_IMPLEMENTATIONS = YES;
				CLANG_WARN_DIRECT_OBJC_ISA_USAGE = YES_ERROR;
				CLANG_WARN_DOCUMENTATION_COMMENTS = YES;
				CLANG_WARN_EMPTY_BODY = YES;
				CLANG_WARN_ENUM_CONVERSION = YES;
				CLANG_WARN_INFINITE_RECURSION = YES;
				CLANG_WARN_INT_CONVERSION = YES;
				CLANG_WARN_NON_LITERAL_NULL_CONVERSION = YES;
				CLANG_WARN_OBJC_IMPLICIT_RETAIN_SELF = YES;
				CLANG_WARN_OBJC_LITERAL_CONVERSION = YES;
				CLANG_WARN_OBJC_ROOT_CLASS = YES_ERROR;
				CLANG_WARN_QUOTED_INCLUDE_IN_FRAMEWORK_HEADER = YES;
				CLANG_WARN_RANGE_LOOP_ANALYSIS = YES;
				CLANG_WARN_STRICT_PROTOTYPES = YES;
				CLANG_WARN_SUSPICIOUS_MOVE = YES;
				CLANG_WARN_UNGUARDED_AVAILABILITY = YES_AGGRESSIVE;
				CLANG_WARN_UNREACHABLE_CODE = YES;
				CLANG_WARN__DUPLICATE_METHOD_MATCH = YES;
				COPY_PHASE_STRIP = NO;
				DEBUG_INFORMATION_FORMAT = dwarf;
				ENABLE_STRICT_OBJC_MSGSEND = YES;
				ENABLE_TESTABILITY = YES;
				GCC_C_LANGUAGE_STANDARD = gnu11;
				GCC_DYNAMIC_NO_PIC = NO;
				GCC_NO_COMMON_BLOCKS = YES;
				GCC_OPTIMIZATION_LEVEL = 0;
				GCC_PREPROCESSOR_DEFINITIONS = (
					"DEBUG=1",
					"$(inherited)",
				);
				GCC_WARN_64_TO_32_BIT_CONVERSION = YES;
				GCC_WARN_ABOUT_RETURN_TYPE = YES_ERROR;
				GCC_WARN_UNDECLARED_SELECTOR = YES;
				GCC_WARN_UNINITIALIZED_AUTOS = YES_AGGRESSIVE;
				GCC_WARN_UNUSED_FUNCTION = YES;
				GCC_WARN_UNUSED_VARIABLE = YES;
				IPHONEOS_DEPLOYMENT_TARGET = 16.0;
				MTL_ENABLE_DEBUG_INFO = INCLUDE_SOURCE;
				MTL_FAST_MATH = YES;
				ONLY_ACTIVE_ARCH = YES;
				SDKROOT = iphoneos;
				SWIFT_ACTIVE_COMPILATION_CONDITIONS = DEBUG;
				SWIFT_OPTIMIZATION_LEVEL = "-Onone";
			};
			name = Debug;
		};
		5812C5ED28EF702700AB3325 /* Release */ = {
			isa = XCBuildConfiguration;
			buildSettings = {
				ALWAYS_SEARCH_USER_PATHS = NO;
				CLANG_ANALYZER_NONNULL = YES;
				CLANG_ANALYZER_NUMBER_OBJECT_CONVERSION = YES_AGGRESSIVE;
				CLANG_CXX_LANGUAGE_STANDARD = "gnu++20";
				CLANG_ENABLE_MODULES = YES;
				CLANG_ENABLE_OBJC_ARC = YES;
				CLANG_ENABLE_OBJC_WEAK = YES;
				CLANG_WARN_BLOCK_CAPTURE_AUTORELEASING = YES;
				CLANG_WARN_BOOL_CONVERSION = YES;
				CLANG_WARN_COMMA = YES;
				CLANG_WARN_CONSTANT_CONVERSION = YES;
				CLANG_WARN_DEPRECATED_OBJC_IMPLEMENTATIONS = YES;
				CLANG_WARN_DIRECT_OBJC_ISA_USAGE = YES_ERROR;
				CLANG_WARN_DOCUMENTATION_COMMENTS = YES;
				CLANG_WARN_EMPTY_BODY = YES;
				CLANG_WARN_ENUM_CONVERSION = YES;
				CLANG_WARN_INFINITE_RECURSION = YES;
				CLANG_WARN_INT_CONVERSION = YES;
				CLANG_WARN_NON_LITERAL_NULL_CONVERSION = YES;
				CLANG_WARN_OBJC_IMPLICIT_RETAIN_SELF = YES;
				CLANG_WARN_OBJC_LITERAL_CONVERSION = YES;
				CLANG_WARN_OBJC_ROOT_CLASS = YES_ERROR;
				CLANG_WARN_QUOTED_INCLUDE_IN_FRAMEWORK_HEADER = YES;
				CLANG_WARN_RANGE_LOOP_ANALYSIS = YES;
				CLANG_WARN_STRICT_PROTOTYPES = YES;
				CLANG_WARN_SUSPICIOUS_MOVE = YES;
				CLANG_WARN_UNGUARDED_AVAILABILITY = YES_AGGRESSIVE;
				CLANG_WARN_UNREACHABLE_CODE = YES;
				CLANG_WARN__DUPLICATE_METHOD_MATCH = YES;
				COPY_PHASE_STRIP = NO;
				DEBUG_INFORMATION_FORMAT = "dwarf-with-dsym";
				ENABLE_NS_ASSERTIONS = NO;
				ENABLE_STRICT_OBJC_MSGSEND = YES;
				GCC_C_LANGUAGE_STANDARD = gnu11;
				GCC_NO_COMMON_BLOCKS = YES;
				GCC_WARN_64_TO_32_BIT_CONVERSION = YES;
				GCC_WARN_ABOUT_RETURN_TYPE = YES_ERROR;
				GCC_WARN_UNDECLARED_SELECTOR = YES;
				GCC_WARN_UNINITIALIZED_AUTOS = YES_AGGRESSIVE;
				GCC_WARN_UNUSED_FUNCTION = YES;
				GCC_WARN_UNUSED_VARIABLE = YES;
				IPHONEOS_DEPLOYMENT_TARGET = 16.0;
				MTL_ENABLE_DEBUG_INFO = NO;
				MTL_FAST_MATH = YES;
				SDKROOT = iphoneos;
				SWIFT_COMPILATION_MODE = wholemodule;
				SWIFT_OPTIMIZATION_LEVEL = "-O";
				VALIDATE_PRODUCT = YES;
			};
			name = Release;
		};
		5812C5EF28EF702700AB3325 /* Debug */ = {
			isa = XCBuildConfiguration;
			buildSettings = {
				ASSETCATALOG_COMPILER_APPICON_NAME = AppIcon;
				ASSETCATALOG_COMPILER_GLOBAL_ACCENT_COLOR_NAME = AccentColor;
				CODE_SIGN_STYLE = Automatic;
				CURRENT_PROJECT_VERSION = 1;
				DEVELOPMENT_ASSET_PATHS = "\"Dice/Preview Content\"";
				DEVELOPMENT_TEAM = SR5D6FC58T;
				ENABLE_PREVIEWS = YES;
				GENERATE_INFOPLIST_FILE = YES;
				INFOPLIST_KEY_UIApplicationSceneManifest_Generation = YES;
				INFOPLIST_KEY_UIApplicationSupportsIndirectInputEvents = YES;
				INFOPLIST_KEY_UILaunchScreen_Generation = YES;
				INFOPLIST_KEY_UISupportedInterfaceOrientations_iPad = "UIInterfaceOrientationPortrait UIInterfaceOrientationPortraitUpsideDown UIInterfaceOrientationLandscapeLeft UIInterfaceOrientationLandscapeRight";
				INFOPLIST_KEY_UISupportedInterfaceOrientations_iPhone = "UIInterfaceOrientationPortrait UIInterfaceOrientationLandscapeLeft UIInterfaceOrientationLandscapeRight";
				LD_RUNPATH_SEARCH_PATHS = (
					"$(inherited)",
					"@executable_path/Frameworks",
				);
				MARKETING_VERSION = 1.0;
				PRODUCT_BUNDLE_IDENTIFIER = name.kayley.Dice;
				PRODUCT_NAME = "$(TARGET_NAME)";
				SWIFT_EMIT_LOC_STRINGS = YES;
				SWIFT_VERSION = 5.0;
				TARGETED_DEVICE_FAMILY = "1,2";
			};
			name = Debug;
		};
		5812C5F028EF702700AB3325 /* Release */ = {
			isa = XCBuildConfiguration;
			buildSettings = {
				ASSETCATALOG_COMPILER_APPICON_NAME = AppIcon;
				ASSETCATALOG_COMPILER_GLOBAL_ACCENT_COLOR_NAME = AccentColor;
				CODE_SIGN_STYLE = Automatic;
				CURRENT_PROJECT_VERSION = 1;
				DEVELOPMENT_ASSET_PATHS = "\"Dice/Preview Content\"";
				DEVELOPMENT_TEAM = SR5D6FC58T;
				ENABLE_PREVIEWS = YES;
				GENERATE_INFOPLIST_FILE = YES;
				INFOPLIST_KEY_UIApplicationSceneManifest_Generation = YES;
				INFOPLIST_KEY_UIApplicationSupportsIndirectInputEvents = YES;
				INFOPLIST_KEY_UILaunchScreen_Generation = YES;
				INFOPLIST_KEY_UISupportedInterfaceOrientations_iPad = "UIInterfaceOrientationPortrait UIInterfaceOrientationPortraitUpsideDown UIInterfaceOrientationLandscapeLeft UIInterfaceOrientationLandscapeRight";
				INFOPLIST_KEY_UISupportedInterfaceOrientations_iPhone = "UIInterfaceOrientationPortrait UIInterfaceOrientationLandscapeLeft UIInterfaceOrientationLandscapeRight";
				LD_RUNPATH_SEARCH_PATHS = (
					"$(inherited)",
					"@executable_path/Frameworks",
				);
				MARKETING_VERSION = 1.0;
				PRODUCT_BUNDLE_IDENTIFIER = name.kayley.Dice;
				PRODUCT_NAME = "$(TARGET_NAME)";
				SWIFT_EMIT_LOC_STRINGS = YES;
				SWIFT_VERSION = 5.0;
				TARGETED_DEVICE_FAMILY = "1,2";
			};
			name = Release;
		};
		5812C5F228EF702700AB3325 /* Debug */ = {
			isa = XCBuildConfiguration;
			buildSettings = {
				ALWAYS_EMBED_SWIFT_STANDARD_LIBRARIES = YES;
				BUNDLE_LOADER = "$(TEST_HOST)";
				CODE_SIGN_STYLE = Automatic;
				CURRENT_PROJECT_VERSION = 1;
				DEVELOPMENT_TEAM = SR5D6FC58T;
				GENERATE_INFOPLIST_FILE = YES;
				IPHONEOS_DEPLOYMENT_TARGET = 16.0;
				MARKETING_VERSION = 1.0;
				PRODUCT_BUNDLE_IDENTIFIER = name.kayley.DiceTests;
				PRODUCT_NAME = "$(TARGET_NAME)";
				SWIFT_EMIT_LOC_STRINGS = NO;
				SWIFT_VERSION = 5.0;
				TARGETED_DEVICE_FAMILY = "1,2";
				TEST_HOST = "$(BUILT_PRODUCTS_DIR)/Dice.app/$(BUNDLE_EXECUTABLE_FOLDER_PATH)/Dice";
			};
			name = Debug;
		};
		5812C5F328EF702700AB3325 /* Release */ = {
			isa = XCBuildConfiguration;
			buildSettings = {
				ALWAYS_EMBED_SWIFT_STANDARD_LIBRARIES = YES;
				BUNDLE_LOADER = "$(TEST_HOST)";
				CODE_SIGN_STYLE = Automatic;
				CURRENT_PROJECT_VERSION = 1;
				DEVELOPMENT_TEAM = SR5D6FC58T;
				GENERATE_INFOPLIST_FILE = YES;
				IPHONEOS_DEPLOYMENT_TARGET = 16.0;
				MARKETING_VERSION = 1.0;
				PRODUCT_BUNDLE_IDENTIFIER = name.kayley.DiceTests;
				PRODUCT_NAME = "$(TARGET_NAME)";
				SWIFT_EMIT_LOC_STRINGS = NO;
				SWIFT_VERSION = 5.0;
				TARGETED_DEVICE_FAMILY = "1,2";
				TEST_HOST = "$(BUILT_PRODUCTS_DIR)/Dice.app/$(BUNDLE_EXECUTABLE_FOLDER_PATH)/Dice";
			};
			name = Release;
		};
		5812C5F528EF702700AB3325 /* Debug */ = {
			isa = XCBuildConfiguration;
			buildSettings = {
				ALWAYS_EMBED_SWIFT_STANDARD_LIBRARIES = YES;
				CODE_SIGN_STYLE = Automatic;
				CURRENT_PROJECT_VERSION = 1;
				DEVELOPMENT_TEAM = SR5D6FC58T;
				GENERATE_INFOPLIST_FILE = YES;
				MARKETING_VERSION = 1.0;
				PRODUCT_BUNDLE_IDENTIFIER = name.kayley.DiceUITests;
				PRODUCT_NAME = "$(TARGET_NAME)";
				SWIFT_EMIT_LOC_STRINGS = NO;
				SWIFT_VERSION = 5.0;
				TARGETED_DEVICE_FAMILY = "1,2";
				TEST_TARGET_NAME = Dice;
			};
			name = Debug;
		};
		5812C5F628EF702700AB3325 /* Release */ = {
			isa = XCBuildConfiguration;
			buildSettings = {
				ALWAYS_EMBED_SWIFT_STANDARD_LIBRARIES = YES;
				CODE_SIGN_STYLE = Automatic;
				CURRENT_PROJECT_VERSION = 1;
				DEVELOPMENT_TEAM = SR5D6FC58T;
				GENERATE_INFOPLIST_FILE = YES;
				MARKETING_VERSION = 1.0;
				PRODUCT_BUNDLE_IDENTIFIER = name.kayley.DiceUITests;
				PRODUCT_NAME = "$(TARGET_NAME)";
				SWIFT_EMIT_LOC_STRINGS = NO;
				SWIFT_VERSION = 5.0;
				TARGETED_DEVICE_FAMILY = "1,2";
				TEST_TARGET_NAME = Dice;
			};
			name = Release;
		};
/* End XCBuildConfiguration section */

/* Begin XCConfigurationList section */
		5812C5C528EF702300AB3325 /* Build configuration list for PBXProject "Dice" */ = {
			isa = XCConfigurationList;
			buildConfigurations = (
				5812C5EC28EF702700AB3325 /* Debug */,
				5812C5ED28EF702700AB3325 /* Release */,
			);
			defaultConfigurationIsVisible = 0;
			defaultConfigurationName = Release;
		};
		5812C5EE28EF702700AB3325 /* Build configuration list for PBXNativeTarget "Dice" */ = {
			isa = XCConfigurationList;
			buildConfigurations = (
				5812C5EF28EF702700AB3325 /* Debug */,
				5812C5F028EF702700AB3325 /* Release */,
			);
			defaultConfigurationIsVisible = 0;
			defaultConfigurationName = Release;
		};
		5812C5F128EF702700AB3325 /* Build configuration list for PBXNativeTarget "DiceTests" */ = {
			isa = XCConfigurationList;
			buildConfigurations = (
				5812C5F228EF702700AB3325 /* Debug */,
				5812C5F328EF702700AB3325 /* Release */,
			);
			defaultConfigurationIsVisible = 0;
			defaultConfigurationName = Release;
		};
		5812C5F428EF702700AB3325 /* Build configuration list for PBXNativeTarget "DiceUITests" */ = {
			isa = XCConfigurationList;
			buildConfigurations = (
				5812C5F528EF702700AB3325 /* Debug */,
				5812C5F628EF702700AB3325 /* Release */,
			);
			defaultConfigurationIsVisible = 0;
			defaultConfigurationName = Release;
		};
/* End XCConfigurationList section */

/* Begin XCVersionGroup section */
		5812C60B28F5FACB00AB3325 /* DiceRolls.xcdatamodeld */ = {
			isa = XCVersionGroup;
			children = (
				5812C60C28F5FACC00AB3325 /* DiceRolls.xcdatamodel */,
			);
			currentVersion = 5812C60C28F5FACC00AB3325 /* DiceRolls.xcdatamodel */;
			path = DiceRolls.xcdatamodeld;
			sourceTree = "<group>";
			versionGroupType = wrapper.xcdatamodel;
		};
/* End XCVersionGroup section */
	};
	rootObject = 5812C5C228EF702300AB3325 /* Project object */;
}
